// !$*UTF8*$!
{
	archiveVersion = 1;
	classes = {
	};
	objectVersion = 46;
	objects = {
/* Begin PBXBuildFile section */
		2265A4A21EB26943007D6C3D /* Info.plist in Resources */ = {isa = PBXBuildFile; fileRef = 2265A4A11EB26943007D6C3D /* Info.plist */; };
		30B77DD61E66518E00EF3A78 /* ElectrodeBridgeDelegateTests.m in Sources */ = {isa = PBXBuildFile; fileRef = 30B77DD51E66518E00EF3A78 /* ElectrodeBridgeDelegateTests.m */; };
		30F8CDE41E677D7C00413247 /* ElectrodeReactNativeTests.m in Sources */ = {isa = PBXBuildFile; fileRef = 30F8CDE31E677D7C00413247 /* ElectrodeReactNativeTests.m */; };
		30F8CDEE1E67946E00413247 /* ElectrodeReactNative_Internal.h in Headers */ = {isa = PBXBuildFile; fileRef = 30F8CDED1E67946E00413247 /* ElectrodeReactNative_Internal.h */; };
		485009ED1E2FF23C009B6610 /* ElectrodeApiImpl.framework in Frameworks */ = {isa = PBXBuildFile; fileRef = 485009E31E2FF23B009B6610 /* ElectrodeApiImpl.framework */; };
		485009F21E2FF23C009B6610 /* ElectrodeApiImplTests.m in Sources */ = {isa = PBXBuildFile; fileRef = 485009F11E2FF23C009B6610 /* ElectrodeApiImplTests.m */; };
		485009F41E2FF23C009B6610 /* ElectrodeApiImpl.h in Headers */ = {isa = PBXBuildFile; fileRef = 485009E61E2FF23B009B6610 /* ElectrodeApiImpl.h */; settings = {ATTRIBUTES = (Public, ); }; };
		48500A981E2FF55B009B6610 /* ElectrodeReactNative.h in Headers */ = {isa = PBXBuildFile; fileRef = 48500A961E2FF55B009B6610 /* ElectrodeReactNative.h */; settings = {ATTRIBUTES = (Public, ); }; };
		48500A991E2FF55B009B6610 /* ElectrodeReactNative.m in Sources */ = {isa = PBXBuildFile; fileRef = 48500A971E2FF55B009B6610 /* ElectrodeReactNative.m */; };
		968333D71E54E3470031C565 /* ElectrodeBridgeDelegate.h in Headers */ = {isa = PBXBuildFile; fileRef = 968333D51E54E3470031C565 /* ElectrodeBridgeDelegate.h */; settings = {ATTRIBUTES = (Public, ); }; };
		968333D81E54E3470031C565 /* ElectrodeBridgeDelegate.m in Sources */ = {isa = PBXBuildFile; fileRef = 968333D61E54E3470031C565 /* ElectrodeBridgeDelegate.m */; };
		319183C7C34343AFB9264ACE /* ElectrodeObject.swift in Sources */ = {isa = PBXBuildFile; fileRef = 85A70AE7DD6C4DA193627A0A /* ElectrodeObject.swift */; };
		8AD7FDF0B48C4D5ABD15B214 /* Bridgeable.swift in Sources */ = {isa = PBXBuildFile; fileRef = E2CB156807054604A059E0A1 /* Bridgeable.swift */; };
		DB27AE1C405548FAB4AE74C1 /* ElectrodeRequestHandlerProcessor.swift in Sources */ = {isa = PBXBuildFile; fileRef = 8B897E9764AA4F9897A355D4 /* ElectrodeRequestHandlerProcessor.swift */; };
		566F75E28B24460480102CA0 /* ElectrodeRequestProcessor.swift in Sources */ = {isa = PBXBuildFile; fileRef = 253250ADEB914878B8113273 /* ElectrodeRequestProcessor.swift */; };
		11A435CC7C2D43EE8EBF3523 /* ElectrodeUtilities.swift in Sources */ = {isa = PBXBuildFile; fileRef = 4A6B8C88197B45E08C745526 /* ElectrodeUtilities.swift */; };
		1B69D6FFFF24420DA2727D07 /* EventListenerProcessor.swift in Sources */ = {isa = PBXBuildFile; fileRef = 68B70CC9D5614C86B1AA123D /* EventListenerProcessor.swift */; };
		53426B750BE4487FB2025ACE /* EventProcessor.swift in Sources */ = {isa = PBXBuildFile; fileRef = 75F1C9642F064D08BEF2E3D8 /* EventProcessor.swift */; };
		2DA8E1550E0D4BFCA540F3AA /* Processor.swift in Sources */ = {isa = PBXBuildFile; fileRef = 6C23522A83FC4FC6B9DE5FFB /* Processor.swift */; };
		9C670E10858C4D80A480B282 /* None.swift in Sources */ = {isa = PBXBuildFile; fileRef = 9A7467BDC4944A2BA2B78369 /* None.swift */; };
		40356E1F888443218C0C5480 /* ElectrodeBridgeEvent.m in Sources */ = {isa = PBXBuildFile; fileRef = C433CDCE6A2B4D9B9D37AAB3 /* ElectrodeBridgeEvent.m */; };
		2FFA42FD6DCB4DB894BF970B /* ElectrodeBridgeFailureMessage.m in Sources */ = {isa = PBXBuildFile; fileRef = 68101D13D7B64BFC92928594 /* ElectrodeBridgeFailureMessage.m */; };
		D347294F8234425D9EA2A0B6 /* ElectrodeBridgeHolder.m in Sources */ = {isa = PBXBuildFile; fileRef = EB8DB0FA242C47439CFF689C /* ElectrodeBridgeHolder.m */; };
		FC30886A326347D1898ECA45 /* ElectrodeBridgeMessage.m in Sources */ = {isa = PBXBuildFile; fileRef = B34CC2716CA24F71B0487731 /* ElectrodeBridgeMessage.m */; };
		04C223B794BE40F783093784 /* ElectrodeBridgeProtocols.m in Sources */ = {isa = PBXBuildFile; fileRef = 9BABFDE7EF6D4E50B163CFC1 /* ElectrodeBridgeProtocols.m */; };
		CBEA10B897A1428793357C5D /* ElectrodeBridgeRequest.m in Sources */ = {isa = PBXBuildFile; fileRef = BC22A23C5F1B4CBB94F9F9C0 /* ElectrodeBridgeRequest.m */; };
		D7B14EE5F5AD496387B5C42B /* ElectrodeBridgeResponse.m in Sources */ = {isa = PBXBuildFile; fileRef = C0EACF378CA54C8196BA40A9 /* ElectrodeBridgeResponse.m */; };
		507740B141504E2FBB51C42C /* ElectrodeBridgeTransaction.m in Sources */ = {isa = PBXBuildFile; fileRef = A8A3DAE88D5E4B058C06D40A /* ElectrodeBridgeTransaction.m */; };
		E5F6A4496CC740A29F0B1EF6 /* ElectrodeBridgeTransceiver.m in Sources */ = {isa = PBXBuildFile; fileRef = C33CADF88E1B438CBED96E58 /* ElectrodeBridgeTransceiver.m */; };
		2FC309C67FC74C4AB89B6D0E /* ElectrodeEventDispatcher.m in Sources */ = {isa = PBXBuildFile; fileRef = F351B588B3A4459E866049FE /* ElectrodeEventDispatcher.m */; };
		046D1BB3DD1C492797FD5509 /* ElectrodeEventRegistrar.m in Sources */ = {isa = PBXBuildFile; fileRef = A80F68837511409B9CC0D3C9 /* ElectrodeEventRegistrar.m */; };
		9306CD3A32484B5095C7312D /* ElectrodeRequestDispatcher.m in Sources */ = {isa = PBXBuildFile; fileRef = C874B3336CD64A3FBAC94140 /* ElectrodeRequestDispatcher.m */; };
		5FF2691B07BE4C3C9B9853B6 /* ElectrodeRequestRegistrar.m in Sources */ = {isa = PBXBuildFile; fileRef = 31083E41029E4B41859E6770 /* ElectrodeRequestRegistrar.m */; };
		6DB20ABCCC034A96BE0796A9 /* ElectrodeLogger.m in Sources */ = {isa = PBXBuildFile; fileRef = 37864A75100649A29E48872E /* ElectrodeLogger.m */; };
		1A63580502A64537A816AF8C /* ElectrodeBridgeEvent.h in Headers */ = {isa = PBXBuildFile; fileRef = 4099BBA1CC9045FB942088ED /* ElectrodeBridgeEvent.h */; settings = {ATTRIBUTES = (Public, ); }; };
		30027D7D15694A5D9D894161 /* ElectrodeBridgeFailureMessage.h in Headers */ = {isa = PBXBuildFile; fileRef = 6C1F224484154C83A829323E /* ElectrodeBridgeFailureMessage.h */; settings = {ATTRIBUTES = (Public, ); }; };
		9E5281CBDFCE4338A81F5A00 /* ElectrodeBridgeHolder.h in Headers */ = {isa = PBXBuildFile; fileRef = 658A8A0FC9D4463B87272B11 /* ElectrodeBridgeHolder.h */; settings = {ATTRIBUTES = (Public, ); }; };
		33EB8525EC534B68946F4648 /* ElectrodeBridgeMessage.h in Headers */ = {isa = PBXBuildFile; fileRef = 4847C5FB7A7D439D8AA993A7 /* ElectrodeBridgeMessage.h */; settings = {ATTRIBUTES = (Public, ); }; };
		192566BFC26F4B57BFC99CA1 /* ElectrodeBridgeProtocols.h in Headers */ = {isa = PBXBuildFile; fileRef = 1C97F34D23E34CA683091E64 /* ElectrodeBridgeProtocols.h */; settings = {ATTRIBUTES = (Public, ); }; };
		EDC16413EFB3403BA5E18A5D /* ElectrodeBridgeRequest.h in Headers */ = {isa = PBXBuildFile; fileRef = 115BC4D4FE534AD0859C6D95 /* ElectrodeBridgeRequest.h */; settings = {ATTRIBUTES = (Public, ); }; };
		1F06CA0A7B8748FC97CABD61 /* ElectrodeBridgeTransaction.h in Headers */ = {isa = PBXBuildFile; fileRef = 346B973DB21D43CCB2B29812 /* ElectrodeBridgeTransaction.h */; };
		E5FBB30E0A5449DC90CBA511 /* ElectrodeBridgeTransceiver.h in Headers */ = {isa = PBXBuildFile; fileRef = 3D19FE0D732B4BEF95D340F8 /* ElectrodeBridgeTransceiver.h */; };
		8B88D27A79F24D279F147C27 /* ElectrodeBridgeTransceiver_Internal.h in Headers */ = {isa = PBXBuildFile; fileRef = 7FB8EFDBCA414B5F9E78F079 /* ElectrodeBridgeTransceiver_Internal.h */; };
		CA0D432A955D45B582E50951 /* ElectrodeEventDispatcher.h in Headers */ = {isa = PBXBuildFile; fileRef = 44EA8DFDD35449B497D59615 /* ElectrodeEventDispatcher.h */; };
		F1C2DCED6964484FA9EDC8B9 /* ElectrodeEventRegistrar.h in Headers */ = {isa = PBXBuildFile; fileRef = F1267410EF0546038C0B8B74 /* ElectrodeEventRegistrar.h */; };
		395678AF497E43A7A2AF9D4F /* ElectrodeRequestDispatcher.h in Headers */ = {isa = PBXBuildFile; fileRef = C330C9527C5D45C1BB0F1491 /* ElectrodeRequestDispatcher.h */; };
		B2F73504E4104E4CB3E4C219 /* ElectrodeRequestRegistrar.h in Headers */ = {isa = PBXBuildFile; fileRef = 36E6A584F8424BAD9FF53D13 /* ElectrodeRequestRegistrar.h */; };
		623C6287ED5A4FF9A330EB4C /* ElectrodeReactNativeBridge.h in Headers */ = {isa = PBXBuildFile; fileRef = 25E9AB109B304F6799733AEC /* ElectrodeReactNativeBridge.h */; };
		45991107EC274117902C3AF1 /* ElectrodeBridgeResponse.h in Headers */ = {isa = PBXBuildFile; fileRef = 730100D878384F9786751C4F /* ElectrodeBridgeResponse.h */; };
		D795AC83728B4E1098715A55 /* ElectrodeLogger.h in Headers */ = {isa = PBXBuildFile; fileRef = 87F7EA2582EB4DE4949B1E1A /* ElectrodeLogger.h */; settings = {ATTRIBUTES = (Public, ); }; };
		C551AA651A2D4ABA830ACC57 /* Category.swift in Sources */ = {isa = PBXBuildFile; fileRef = 027BBF9A04DD47628BB9CCDE /* Category.swift */; };
		8D7DE68D00FB4E8B8A421EE2 /* CreateUsersWithArrayInputData.swift in Sources */ = {isa = PBXBuildFile; fileRef = 2B0112CC44624896BD56A8EB /* CreateUsersWithArrayInputData.swift */; };
		3727D1DF883742D498C26772 /* DeletePetData.swift in Sources */ = {isa = PBXBuildFile; fileRef = AB77BA99C2F64232B760DAEA /* DeletePetData.swift */; };
		8A84D23471274342A2456996 /* LoginUserData.swift in Sources */ = {isa = PBXBuildFile; fileRef = 22396A9B9F414F1FAA163B5B /* LoginUserData.swift */; };
		1398C99D4C8F457A82227983 /* Order.swift in Sources */ = {isa = PBXBuildFile; fileRef = 66DE4E5676454AEBBB830AA0 /* Order.swift */; };
		D6485A25FA27467E90BF8B73 /* Pet.swift in Sources */ = {isa = PBXBuildFile; fileRef = 1F64661C87254A0594BBC634 /* Pet.swift */; };
		5BEBC0E88C9A4DCD8A108651 /* PetAPI.swift in Sources */ = {isa = PBXBuildFile; fileRef = F43CD63D195A453298400A1C /* PetAPI.swift */; };
		9CCDB4C13EAB44E980AF1A89 /* PetEvents.swift in Sources */ = {isa = PBXBuildFile; fileRef = 713AF63E340D40FEBE24A18E /* PetEvents.swift */; };
		420C3CBD7952464C9F389B62 /* PetRequests.swift in Sources */ = {isa = PBXBuildFile; fileRef = 7B8D3F7F91E649C79F41DE5B /* PetRequests.swift */; };
		564E8414C43E413E85F4D5DF /* StoreAPI.swift in Sources */ = {isa = PBXBuildFile; fileRef = C26561FEDFB84275BE01F992 /* StoreAPI.swift */; };
		EF59126AF43C4A8BA5AFD296 /* StoreRequests.swift in Sources */ = {isa = PBXBuildFile; fileRef = D42E825A557E4F3C96C87155 /* StoreRequests.swift */; };
		F78879DE1A814D859246AAEA /* Tag.swift in Sources */ = {isa = PBXBuildFile; fileRef = 2FB2919A64A14C95B5846382 /* Tag.swift */; };
		1EDD5201724B42D6811B0A1D /* UpdatePetWithFormData.swift in Sources */ = {isa = PBXBuildFile; fileRef = CEA09DBD7D884276A1CC9E9D /* UpdatePetWithFormData.swift */; };
		910BEE33BF564104838FE41C /* UpdateUserData.swift in Sources */ = {isa = PBXBuildFile; fileRef = 39FB1AB1400145AB878307D7 /* UpdateUserData.swift */; };
		EAADA7ED78094D9599A064B6 /* UploadFileData.swift in Sources */ = {isa = PBXBuildFile; fileRef = D684C786317A449AB73E0B16 /* UploadFileData.swift */; };
		64702353974A4DA3A5EE869A /* User.swift in Sources */ = {isa = PBXBuildFile; fileRef = 6A125926EAB0471F831B70A4 /* User.swift */; };
		C29739A1BB9C4CC090DF70AB /* UserAPI.swift in Sources */ = {isa = PBXBuildFile; fileRef = 37A365A5E5794FE6A8D370E1 /* UserAPI.swift */; };
		0CE99D8667B5493F888B1612 /* UserRequests.swift in Sources */ = {isa = PBXBuildFile; fileRef = C30369F6050F4D19A9C9A17B /* UserRequests.swift */; };
		88FDB50AF60E40759DA0095A /* libReact.a in Frameworks */ = {isa = PBXBuildFile; fileRef = FAFCDA0C65634D2DA55903EC /* libReact.a */; };
		B13DC34921C24DD296A2CC4B /* libRCTActionSheet.a in Frameworks */ = {isa = PBXBuildFile; fileRef = 9BA124ACE63F4576B7B5FE3B /* libRCTActionSheet.a */; };
		AF4BD6C21DA446208A056D93 /* libRCTImage.a in Frameworks */ = {isa = PBXBuildFile; fileRef = 0524A56823B74C1CA6177C19 /* libRCTImage.a */; };
		D1D495C0383A4DAA9A30718C /* libRCTAnimation.a in Frameworks */ = {isa = PBXBuildFile; fileRef = 54E44E552731427885CAC1E1 /* libRCTAnimation.a */; };
		F30DE796F22D4550B46CCA99 /* libRCTText.a in Frameworks */ = {isa = PBXBuildFile; fileRef = DA049BAA0544473496DD8847 /* libRCTText.a */; };
		99E5E49B72A74EF68CCB8518 /* libRCTWebSocket.a in Frameworks */ = {isa = PBXBuildFile; fileRef = DE89E7D416AC49E1BCC1BCC5 /* libRCTWebSocket.a */; };
		3B2BA0AA32864412A1F7B970 /* libRCTGeolocation.a in Frameworks */ = {isa = PBXBuildFile; fileRef = 595EBA87B17949D8B86F01CE /* libRCTGeolocation.a */; };
		5371D3DF97064EA79B700951 /* libRCTLinking.a in Frameworks */ = {isa = PBXBuildFile; fileRef = E2349E6F4FFD44F4A89568C1 /* libRCTLinking.a */; };
		A5D1416680A343B0B3A832BE /* libRCTNetwork.a in Frameworks */ = {isa = PBXBuildFile; fileRef = CCE99390CB9249C78BA41E53 /* libRCTNetwork.a */; };
		0EEF47351D34408694A9E1C4 /* libRCTSettings.a in Frameworks */ = {isa = PBXBuildFile; fileRef = D75FCD37660C427DB71387F0 /* libRCTSettings.a */; };
		E9750FBAD9284888855E38F8 /* libRCTVibration.a in Frameworks */ = {isa = PBXBuildFile; fileRef = F67B3EED7FF843E2B77EF80A /* libRCTVibration.a */; };
		70662C17348942BEBDCF3C82 /* libRCTCameraRoll.a in Frameworks */ = {isa = PBXBuildFile; fileRef = AB8A4EE0DF6049C0A9108DCE /* libRCTCameraRoll.a */; };
		0D8B6188730D41A4AFA3D79E /* RequestHandlerConfig.swift in Sources */ = {isa = PBXBuildFile; fileRef = 2ED314F9406947889EE0F6FC /* RequestHandlerConfig.swift */; };
		0E468929997E490AB44219D2 /* RequestHandlerProvider.swift in Sources */ = {isa = PBXBuildFile; fileRef = 4ADF04A886684CC3AE29CA82 /* RequestHandlerProvider.swift */; };
		0C923120319641C2A0BA5775 /* PetApiController.swift in Sources */ = {isa = PBXBuildFile; fileRef = 375CD47E42314A6CADD20540 /* PetApiController.swift */; };
		ABEC6850C7224EFBB9B70504 /* PetApiRequestHandlerDelegate.swift in Sources */ = {isa = PBXBuildFile; fileRef = 4F8C0D554AC44DF6B888BC8C /* PetApiRequestHandlerDelegate.swift */; };
		B53CCE43DA014E78B773D652 /* PetApiRequestHandlerProvider.swift in Sources */ = {isa = PBXBuildFile; fileRef = DEF9489B1B57428B9E6115D8 /* PetApiRequestHandlerProvider.swift */; };
		EB135CC0F5EF4352AE4F36EF /* StoreApiController.swift in Sources */ = {isa = PBXBuildFile; fileRef = 014245D7CB094177A4BEB4B7 /* StoreApiController.swift */; };
		F125BF47D40543CEB203EF43 /* StoreApiRequestHandlerDelegate.swift in Sources */ = {isa = PBXBuildFile; fileRef = 4B4F89299DC842DDAEE25CB8 /* StoreApiRequestHandlerDelegate.swift */; };
		73F6A722998A4CCEB463C32F /* StoreApiRequestHandlerProvider.swift in Sources */ = {isa = PBXBuildFile; fileRef = 9EEE32FCA53B4461AD198870 /* StoreApiRequestHandlerProvider.swift */; };
		157810D3FAA34EDE87EE26FE /* UserApiController.swift in Sources */ = {isa = PBXBuildFile; fileRef = 1C76A5BC2DCE4DF79303FB97 /* UserApiController.swift */; };
		7C4E346F0165465CAD3C5743 /* UserApiRequestHandlerDelegate.swift in Sources */ = {isa = PBXBuildFile; fileRef = AF79D8BF3EA74F679E736333 /* UserApiRequestHandlerDelegate.swift */; };
		8AF353D08532456BBAED86C8 /* UserApiRequestHandlerProvider.swift in Sources */ = {isa = PBXBuildFile; fileRef = F91AB328C224429EA5334734 /* UserApiRequestHandlerProvider.swift */; };
/* End PBXBuildFile section */

/* Begin PBXContainerItemProxy section */
		485009EE1E2FF23C009B6610 /* PBXContainerItemProxy */ = {
			isa = PBXContainerItemProxy;
			containerPortal = 485009DA1E2FF23B009B6610 /* Project object */;
			proxyType = 1;
			remoteGlobalIDString = 485009E21E2FF23B009B6610;
			remoteInfo = ElectrodeApiImpl;
		};
		993C5EF2D61E468D8B35C618 /* PBXContainerItemProxy */ = {
			isa = PBXContainerItemProxy;
			containerPortal = 9B5D5E6FB672463586F91ECF /* React.xcodeproj */;
			proxyType = 1;
			remoteGlobalIDString = DE131D78D5C34013B07D4AC6;
			remoteInfo = React;
		};
		3B62759140724EF7B6ACEB53 /* PBXContainerItemProxy */ = {
			isa = PBXContainerItemProxy;
			containerPortal = 9B5D5E6FB672463586F91ECF /* React.xcodeproj */;
			proxyType = 2;
			remoteGlobalIDString = 83CBBA2E1A601D0E00E9B192;
			remoteInfo = React;
		};
		91C5ECED1F4A4CE491526F9C /* PBXContainerItemProxy */ = {
			isa = PBXContainerItemProxy;
			containerPortal = 3DCA8AA97F664216AB6BBB05 /* RCTActionSheet.xcodeproj */;
			proxyType = 1;
			remoteGlobalIDString = C3C1363F97304B96BD63189E;
			remoteInfo = RCTActionSheet;
		};
		597DF4BCE3D44E3DBE6A1C64 /* PBXContainerItemProxy */ = {
			isa = PBXContainerItemProxy;
			containerPortal = 3DCA8AA97F664216AB6BBB05 /* RCTActionSheet.xcodeproj */;
			proxyType = 2;
			remoteGlobalIDString = 134814201AA4EA6300B7C361;
			remoteInfo = RCTActionSheet;
		};
		D83F6B0120BB4F8493E92B13 /* PBXContainerItemProxy */ = {
			isa = PBXContainerItemProxy;
			containerPortal = 196A34FB1EBA449C8DAC0C5B /* RCTImage.xcodeproj */;
			proxyType = 1;
			remoteGlobalIDString = 53DD80C295654CAC8826A180;
			remoteInfo = RCTImage;
		};
		1F9C24425FA24897880E4A48 /* PBXContainerItemProxy */ = {
			isa = PBXContainerItemProxy;
			containerPortal = 196A34FB1EBA449C8DAC0C5B /* RCTImage.xcodeproj */;
			proxyType = 2;
			remoteGlobalIDString = 58B5115D1A9E6B3D00147676;
			remoteInfo = RCTImage;
		};
		875C396421CB4D529CD08073 /* PBXContainerItemProxy */ = {
			isa = PBXContainerItemProxy;
			containerPortal = 893D625A026A463FA7E40897 /* RCTAnimation.xcodeproj */;
			proxyType = 1;
			remoteGlobalIDString = 5E859DDD65504FE8BD4D793A;
			remoteInfo = RCTAnimation;
		};
		643F317336CB4B6EA18E1CF4 /* PBXContainerItemProxy */ = {
			isa = PBXContainerItemProxy;
			containerPortal = 893D625A026A463FA7E40897 /* RCTAnimation.xcodeproj */;
			proxyType = 2;
			remoteGlobalIDString = 134814201AA4EA6300B7C361;
			remoteInfo = RCTAnimation;
		};
		8B1B5324FEA24E04A7574C99 /* PBXContainerItemProxy */ = {
			isa = PBXContainerItemProxy;
			containerPortal = 0B3366B2FE754D328BAF93B5 /* RCTText.xcodeproj */;
			proxyType = 1;
			remoteGlobalIDString = 89AE19638B8749D8936FB114;
			remoteInfo = RCTText;
		};
		010AA60C2204483096F55FEB /* PBXContainerItemProxy */ = {
			isa = PBXContainerItemProxy;
			containerPortal = 0B3366B2FE754D328BAF93B5 /* RCTText.xcodeproj */;
			proxyType = 2;
			remoteGlobalIDString = 58B5119B1A9E6C1200147676;
			remoteInfo = RCTText;
		};
		4EAA7167E42048B4B7331AC7 /* PBXContainerItemProxy */ = {
			isa = PBXContainerItemProxy;
			containerPortal = 51A19173EB8A4A4CB40A3AA8 /* RCTWebSocket.xcodeproj */;
			proxyType = 1;
			remoteGlobalIDString = 9735C9CABFD040F1A8C171EA;
			remoteInfo = RCTWebSocket;
		};
		B38525DB154F471BA3051134 /* PBXContainerItemProxy */ = {
			isa = PBXContainerItemProxy;
			containerPortal = 51A19173EB8A4A4CB40A3AA8 /* RCTWebSocket.xcodeproj */;
			proxyType = 2;
			remoteGlobalIDString = 3C86DF461ADF2C930047B81A;
			remoteInfo = RCTWebSocket;
		};
		B366E46C7EDA4D14AC83C973 /* PBXContainerItemProxy */ = {
			isa = PBXContainerItemProxy;
			containerPortal = BB5C4995CB2940AEA11D7DEE /* RCTGeolocation.xcodeproj */;
			proxyType = 1;
			remoteGlobalIDString = 09317378E0F74B5B93115BDC;
			remoteInfo = RCTGeolocation;
		};
		27660FF79DC9483CAE85F7FD /* PBXContainerItemProxy */ = {
			isa = PBXContainerItemProxy;
			containerPortal = BB5C4995CB2940AEA11D7DEE /* RCTGeolocation.xcodeproj */;
			proxyType = 2;
			remoteGlobalIDString = 134814201AA4EA6300B7C361;
			remoteInfo = RCTGeolocation;
		};
		F9E189A91C4A48FC86603F73 /* PBXContainerItemProxy */ = {
			isa = PBXContainerItemProxy;
			containerPortal = 5E33F751B69147029C46C664 /* RCTLinking.xcodeproj */;
			proxyType = 1;
			remoteGlobalIDString = 6E7EC89E905E4FDEA345E168;
			remoteInfo = RCTLinking;
		};
		3BBA4E2846AA44FC87D01954 /* PBXContainerItemProxy */ = {
			isa = PBXContainerItemProxy;
			containerPortal = 5E33F751B69147029C46C664 /* RCTLinking.xcodeproj */;
			proxyType = 2;
			remoteGlobalIDString = 134814201AA4EA6300B7C361;
			remoteInfo = RCTLinking;
		};
		D39A6A4D6C244F12A9030F98 /* PBXContainerItemProxy */ = {
			isa = PBXContainerItemProxy;
			containerPortal = 703C2EA842A0431287070CE0 /* RCTNetwork.xcodeproj */;
			proxyType = 1;
			remoteGlobalIDString = 1353A464310F4B149F23160E;
			remoteInfo = RCTNetwork;
		};
		8563ABC0C96B48C59FE6352A /* PBXContainerItemProxy */ = {
			isa = PBXContainerItemProxy;
			containerPortal = 703C2EA842A0431287070CE0 /* RCTNetwork.xcodeproj */;
			proxyType = 2;
			remoteGlobalIDString = 58B511DB1A9E6C8500147676;
			remoteInfo = RCTNetwork;
		};
		2E0076309EC54A0AB4E161D9 /* PBXContainerItemProxy */ = {
			isa = PBXContainerItemProxy;
			containerPortal = A51A2543171A41E58A8485A6 /* RCTSettings.xcodeproj */;
			proxyType = 1;
			remoteGlobalIDString = FA500CEEDD50413BB8C55688;
			remoteInfo = RCTSettings;
		};
		C116B346ABB14728AD22DB26 /* PBXContainerItemProxy */ = {
			isa = PBXContainerItemProxy;
			containerPortal = A51A2543171A41E58A8485A6 /* RCTSettings.xcodeproj */;
			proxyType = 2;
			remoteGlobalIDString = 134814201AA4EA6300B7C361;
			remoteInfo = RCTSettings;
		};
		A0E09D3896B4405EB598D58A /* PBXContainerItemProxy */ = {
			isa = PBXContainerItemProxy;
			containerPortal = 79F285CECEAB4DC5A551296C /* RCTVibration.xcodeproj */;
			proxyType = 1;
			remoteGlobalIDString = 81AC960503914FFFBCF32F18;
			remoteInfo = RCTVibration;
		};
		A27A81669BA643AF820F4EFC /* PBXContainerItemProxy */ = {
			isa = PBXContainerItemProxy;
			containerPortal = 79F285CECEAB4DC5A551296C /* RCTVibration.xcodeproj */;
			proxyType = 2;
			remoteGlobalIDString = 832C81801AAF6DEF007FA2F7;
			remoteInfo = RCTVibration;
		};
		18F8BA1D7505420689528AD2 /* PBXContainerItemProxy */ = {
			isa = PBXContainerItemProxy;
			containerPortal = 317DAD7281104576B2874586 /* RCTCameraRoll.xcodeproj */;
			proxyType = 1;
			remoteGlobalIDString = D5D4FEBB32764293B0BB7758;
			remoteInfo = RCTCameraRoll;
		};
		262CD114E8A545B1841829DA /* PBXContainerItemProxy */ = {
			isa = PBXContainerItemProxy;
			containerPortal = 317DAD7281104576B2874586 /* RCTCameraRoll.xcodeproj */;
			proxyType = 2;
			remoteGlobalIDString = 58B5115D1A9E6B3D00147676;
			remoteInfo = RCTCameraRoll;
		};
/* End PBXContainerItemProxy section */

/* Begin PBXFileReference section */
		2265A4A11EB26943007D6C3D /* Info.plist */ = {isa = PBXFileReference; fileEncoding = 4; lastKnownFileType = text.plist.xml; path = Info.plist; sourceTree = "<group>"; };
		30B77DD51E66518E00EF3A78 /* ElectrodeBridgeDelegateTests.m */ = {isa = PBXFileReference; fileEncoding = 4; lastKnownFileType = sourcecode.c.objc; path = ElectrodeBridgeDelegateTests.m; sourceTree = "<group>"; };
		30F8CDE31E677D7C00413247 /* ElectrodeReactNativeTests.m */ = {isa = PBXFileReference; fileEncoding = 4; lastKnownFileType = sourcecode.c.objc; path = ElectrodeReactNativeTests.m; sourceTree = "<group>"; };
		30F8CDED1E67946E00413247 /* ElectrodeReactNative_Internal.h */ = {isa = PBXFileReference; fileEncoding = 4; lastKnownFileType = sourcecode.c.h; path = ElectrodeReactNative_Internal.h; sourceTree = "<group>"; };
		485009E31E2FF23B009B6610 /* ElectrodeApiImpl.framework */ = {isa = PBXFileReference; explicitFileType = wrapper.framework; includeInIndex = 0; path = ElectrodeApiImpl.framework; sourceTree = BUILT_PRODUCTS_DIR; };
		485009E61E2FF23B009B6610 /* ElectrodeApiImpl.h */ = {isa = PBXFileReference; lastKnownFileType = sourcecode.c.h; path = ElectrodeApiImpl.h; sourceTree = "<group>"; };
		485009EC1E2FF23C009B6610 /* ElectrodeApiImplTests.xctest */ = {isa = PBXFileReference; explicitFileType = wrapper.cfbundle; includeInIndex = 0; path = ElectrodeApiImplTests.xctest; sourceTree = BUILT_PRODUCTS_DIR; };
		485009F11E2FF23C009B6610 /* ElectrodeApiImplTests.m */ = {isa = PBXFileReference; lastKnownFileType = sourcecode.c.objc; path = ElectrodeApiImplTests.m; sourceTree = "<group>"; };
		485009F31E2FF23C009B6610 /* Info.plist */ = {isa = PBXFileReference; lastKnownFileType = text.plist.xml; path = Info.plist; sourceTree = "<group>"; };
		48500A961E2FF55B009B6610 /* ElectrodeReactNative.h */ = {isa = PBXFileReference; fileEncoding = 4; lastKnownFileType = sourcecode.c.h; path = ElectrodeReactNative.h; sourceTree = "<group>"; };
		48500A971E2FF55B009B6610 /* ElectrodeReactNative.m */ = {isa = PBXFileReference; fileEncoding = 4; lastKnownFileType = sourcecode.c.objc; path = ElectrodeReactNative.m; sourceTree = "<group>"; };
		968333D51E54E3470031C565 /* ElectrodeBridgeDelegate.h */ = {isa = PBXFileReference; fileEncoding = 4; lastKnownFileType = sourcecode.c.h; path = ElectrodeBridgeDelegate.h; sourceTree = "<group>"; };
		968333D61E54E3470031C565 /* ElectrodeBridgeDelegate.m */ = {isa = PBXFileReference; fileEncoding = 4; lastKnownFileType = sourcecode.c.objc; path = ElectrodeBridgeDelegate.m; sourceTree = "<group>"; };
		85A70AE7DD6C4DA193627A0A /* ElectrodeObject.swift */ = {isa = PBXFileReference; name = "ElectrodeObject.swift"; path = "ElectrodeReactNativeBridge/ElectrodeObject.swift"; sourceTree = "<group>"; fileEncoding = 4; lastKnownFileType = sourcecode.swift; explicitFileType = undefined; includeInIndex = 0; };
		E2CB156807054604A059E0A1 /* Bridgeable.swift */ = {isa = PBXFileReference; name = "Bridgeable.swift"; path = "ElectrodeReactNativeBridge/Bridgeable.swift"; sourceTree = "<group>"; fileEncoding = 4; lastKnownFileType = sourcecode.swift; explicitFileType = undefined; includeInIndex = 0; };
		8B897E9764AA4F9897A355D4 /* ElectrodeRequestHandlerProcessor.swift */ = {isa = PBXFileReference; name = "ElectrodeRequestHandlerProcessor.swift"; path = "ElectrodeReactNativeBridge/ElectrodeRequestHandlerProcessor.swift"; sourceTree = "<group>"; fileEncoding = 4; lastKnownFileType = sourcecode.swift; explicitFileType = undefined; includeInIndex = 0; };
		253250ADEB914878B8113273 /* ElectrodeRequestProcessor.swift */ = {isa = PBXFileReference; name = "ElectrodeRequestProcessor.swift"; path = "ElectrodeReactNativeBridge/ElectrodeRequestProcessor.swift"; sourceTree = "<group>"; fileEncoding = 4; lastKnownFileType = sourcecode.swift; explicitFileType = undefined; includeInIndex = 0; };
		4A6B8C88197B45E08C745526 /* ElectrodeUtilities.swift */ = {isa = PBXFileReference; name = "ElectrodeUtilities.swift"; path = "ElectrodeReactNativeBridge/ElectrodeUtilities.swift"; sourceTree = "<group>"; fileEncoding = 4; lastKnownFileType = sourcecode.swift; explicitFileType = undefined; includeInIndex = 0; };
		68B70CC9D5614C86B1AA123D /* EventListenerProcessor.swift */ = {isa = PBXFileReference; name = "EventListenerProcessor.swift"; path = "ElectrodeReactNativeBridge/EventListenerProcessor.swift"; sourceTree = "<group>"; fileEncoding = 4; lastKnownFileType = sourcecode.swift; explicitFileType = undefined; includeInIndex = 0; };
		75F1C9642F064D08BEF2E3D8 /* EventProcessor.swift */ = {isa = PBXFileReference; name = "EventProcessor.swift"; path = "ElectrodeReactNativeBridge/EventProcessor.swift"; sourceTree = "<group>"; fileEncoding = 4; lastKnownFileType = sourcecode.swift; explicitFileType = undefined; includeInIndex = 0; };
		6C23522A83FC4FC6B9DE5FFB /* Processor.swift */ = {isa = PBXFileReference; name = "Processor.swift"; path = "ElectrodeReactNativeBridge/Processor.swift"; sourceTree = "<group>"; fileEncoding = 4; lastKnownFileType = sourcecode.swift; explicitFileType = undefined; includeInIndex = 0; };
		9A7467BDC4944A2BA2B78369 /* None.swift */ = {isa = PBXFileReference; name = "None.swift"; path = "ElectrodeReactNativeBridge/None.swift"; sourceTree = "<group>"; fileEncoding = 4; lastKnownFileType = sourcecode.swift; explicitFileType = undefined; includeInIndex = 0; };
		C433CDCE6A2B4D9B9D37AAB3 /* ElectrodeBridgeEvent.m */ = {isa = PBXFileReference; name = "ElectrodeBridgeEvent.m"; path = "ElectrodeReactNativeBridge/ElectrodeBridgeEvent.m"; sourceTree = "<group>"; fileEncoding = 4; lastKnownFileType = sourcecode.c.objc; explicitFileType = undefined; includeInIndex = 0; };
		68101D13D7B64BFC92928594 /* ElectrodeBridgeFailureMessage.m */ = {isa = PBXFileReference; name = "ElectrodeBridgeFailureMessage.m"; path = "ElectrodeReactNativeBridge/ElectrodeBridgeFailureMessage.m"; sourceTree = "<group>"; fileEncoding = 4; lastKnownFileType = sourcecode.c.objc; explicitFileType = undefined; includeInIndex = 0; };
		EB8DB0FA242C47439CFF689C /* ElectrodeBridgeHolder.m */ = {isa = PBXFileReference; name = "ElectrodeBridgeHolder.m"; path = "ElectrodeReactNativeBridge/ElectrodeBridgeHolder.m"; sourceTree = "<group>"; fileEncoding = 4; lastKnownFileType = sourcecode.c.objc; explicitFileType = undefined; includeInIndex = 0; };
		B34CC2716CA24F71B0487731 /* ElectrodeBridgeMessage.m */ = {isa = PBXFileReference; name = "ElectrodeBridgeMessage.m"; path = "ElectrodeReactNativeBridge/ElectrodeBridgeMessage.m"; sourceTree = "<group>"; fileEncoding = 4; lastKnownFileType = sourcecode.c.objc; explicitFileType = undefined; includeInIndex = 0; };
		9BABFDE7EF6D4E50B163CFC1 /* ElectrodeBridgeProtocols.m */ = {isa = PBXFileReference; name = "ElectrodeBridgeProtocols.m"; path = "ElectrodeReactNativeBridge/ElectrodeBridgeProtocols.m"; sourceTree = "<group>"; fileEncoding = 4; lastKnownFileType = sourcecode.c.objc; explicitFileType = undefined; includeInIndex = 0; };
		BC22A23C5F1B4CBB94F9F9C0 /* ElectrodeBridgeRequest.m */ = {isa = PBXFileReference; name = "ElectrodeBridgeRequest.m"; path = "ElectrodeReactNativeBridge/ElectrodeBridgeRequest.m"; sourceTree = "<group>"; fileEncoding = 4; lastKnownFileType = sourcecode.c.objc; explicitFileType = undefined; includeInIndex = 0; };
		C0EACF378CA54C8196BA40A9 /* ElectrodeBridgeResponse.m */ = {isa = PBXFileReference; name = "ElectrodeBridgeResponse.m"; path = "ElectrodeReactNativeBridge/ElectrodeBridgeResponse.m"; sourceTree = "<group>"; fileEncoding = 4; lastKnownFileType = sourcecode.c.objc; explicitFileType = undefined; includeInIndex = 0; };
		A8A3DAE88D5E4B058C06D40A /* ElectrodeBridgeTransaction.m */ = {isa = PBXFileReference; name = "ElectrodeBridgeTransaction.m"; path = "ElectrodeReactNativeBridge/ElectrodeBridgeTransaction.m"; sourceTree = "<group>"; fileEncoding = 4; lastKnownFileType = sourcecode.c.objc; explicitFileType = undefined; includeInIndex = 0; };
		C33CADF88E1B438CBED96E58 /* ElectrodeBridgeTransceiver.m */ = {isa = PBXFileReference; name = "ElectrodeBridgeTransceiver.m"; path = "ElectrodeReactNativeBridge/ElectrodeBridgeTransceiver.m"; sourceTree = "<group>"; fileEncoding = 4; lastKnownFileType = sourcecode.c.objc; explicitFileType = undefined; includeInIndex = 0; };
		F351B588B3A4459E866049FE /* ElectrodeEventDispatcher.m */ = {isa = PBXFileReference; name = "ElectrodeEventDispatcher.m"; path = "ElectrodeReactNativeBridge/ElectrodeEventDispatcher.m"; sourceTree = "<group>"; fileEncoding = 4; lastKnownFileType = sourcecode.c.objc; explicitFileType = undefined; includeInIndex = 0; };
		A80F68837511409B9CC0D3C9 /* ElectrodeEventRegistrar.m */ = {isa = PBXFileReference; name = "ElectrodeEventRegistrar.m"; path = "ElectrodeReactNativeBridge/ElectrodeEventRegistrar.m"; sourceTree = "<group>"; fileEncoding = 4; lastKnownFileType = sourcecode.c.objc; explicitFileType = undefined; includeInIndex = 0; };
		C874B3336CD64A3FBAC94140 /* ElectrodeRequestDispatcher.m */ = {isa = PBXFileReference; name = "ElectrodeRequestDispatcher.m"; path = "ElectrodeReactNativeBridge/ElectrodeRequestDispatcher.m"; sourceTree = "<group>"; fileEncoding = 4; lastKnownFileType = sourcecode.c.objc; explicitFileType = undefined; includeInIndex = 0; };
		31083E41029E4B41859E6770 /* ElectrodeRequestRegistrar.m */ = {isa = PBXFileReference; name = "ElectrodeRequestRegistrar.m"; path = "ElectrodeReactNativeBridge/ElectrodeRequestRegistrar.m"; sourceTree = "<group>"; fileEncoding = 4; lastKnownFileType = sourcecode.c.objc; explicitFileType = undefined; includeInIndex = 0; };
		37864A75100649A29E48872E /* ElectrodeLogger.m */ = {isa = PBXFileReference; name = "ElectrodeLogger.m"; path = "ElectrodeReactNativeBridge/ElectrodeLogger.m"; sourceTree = "<group>"; fileEncoding = 4; lastKnownFileType = sourcecode.c.objc; explicitFileType = undefined; includeInIndex = 0; };
		4099BBA1CC9045FB942088ED /* ElectrodeBridgeEvent.h */ = {isa = PBXFileReference; name = "ElectrodeBridgeEvent.h"; path = "ElectrodeReactNativeBridge/ElectrodeBridgeEvent.h"; sourceTree = "<group>"; fileEncoding = 4; lastKnownFileType = sourcecode.c.h; explicitFileType = undefined; includeInIndex = 0; };
		6C1F224484154C83A829323E /* ElectrodeBridgeFailureMessage.h */ = {isa = PBXFileReference; name = "ElectrodeBridgeFailureMessage.h"; path = "ElectrodeReactNativeBridge/ElectrodeBridgeFailureMessage.h"; sourceTree = "<group>"; fileEncoding = 4; lastKnownFileType = sourcecode.c.h; explicitFileType = undefined; includeInIndex = 0; };
		658A8A0FC9D4463B87272B11 /* ElectrodeBridgeHolder.h */ = {isa = PBXFileReference; name = "ElectrodeBridgeHolder.h"; path = "ElectrodeReactNativeBridge/ElectrodeBridgeHolder.h"; sourceTree = "<group>"; fileEncoding = 4; lastKnownFileType = sourcecode.c.h; explicitFileType = undefined; includeInIndex = 0; };
		4847C5FB7A7D439D8AA993A7 /* ElectrodeBridgeMessage.h */ = {isa = PBXFileReference; name = "ElectrodeBridgeMessage.h"; path = "ElectrodeReactNativeBridge/ElectrodeBridgeMessage.h"; sourceTree = "<group>"; fileEncoding = 4; lastKnownFileType = sourcecode.c.h; explicitFileType = undefined; includeInIndex = 0; };
		1C97F34D23E34CA683091E64 /* ElectrodeBridgeProtocols.h */ = {isa = PBXFileReference; name = "ElectrodeBridgeProtocols.h"; path = "ElectrodeReactNativeBridge/ElectrodeBridgeProtocols.h"; sourceTree = "<group>"; fileEncoding = 4; lastKnownFileType = sourcecode.c.h; explicitFileType = undefined; includeInIndex = 0; };
		115BC4D4FE534AD0859C6D95 /* ElectrodeBridgeRequest.h */ = {isa = PBXFileReference; name = "ElectrodeBridgeRequest.h"; path = "ElectrodeReactNativeBridge/ElectrodeBridgeRequest.h"; sourceTree = "<group>"; fileEncoding = 4; lastKnownFileType = sourcecode.c.h; explicitFileType = undefined; includeInIndex = 0; };
		346B973DB21D43CCB2B29812 /* ElectrodeBridgeTransaction.h */ = {isa = PBXFileReference; name = "ElectrodeBridgeTransaction.h"; path = "ElectrodeReactNativeBridge/ElectrodeBridgeTransaction.h"; sourceTree = "<group>"; fileEncoding = 4; lastKnownFileType = sourcecode.c.h; explicitFileType = undefined; includeInIndex = 0; };
		3D19FE0D732B4BEF95D340F8 /* ElectrodeBridgeTransceiver.h */ = {isa = PBXFileReference; name = "ElectrodeBridgeTransceiver.h"; path = "ElectrodeReactNativeBridge/ElectrodeBridgeTransceiver.h"; sourceTree = "<group>"; fileEncoding = 4; lastKnownFileType = sourcecode.c.h; explicitFileType = undefined; includeInIndex = 0; };
		7FB8EFDBCA414B5F9E78F079 /* ElectrodeBridgeTransceiver_Internal.h */ = {isa = PBXFileReference; name = "ElectrodeBridgeTransceiver_Internal.h"; path = "ElectrodeReactNativeBridge/ElectrodeBridgeTransceiver_Internal.h"; sourceTree = "<group>"; fileEncoding = 4; lastKnownFileType = sourcecode.c.h; explicitFileType = undefined; includeInIndex = 0; };
		44EA8DFDD35449B497D59615 /* ElectrodeEventDispatcher.h */ = {isa = PBXFileReference; name = "ElectrodeEventDispatcher.h"; path = "ElectrodeReactNativeBridge/ElectrodeEventDispatcher.h"; sourceTree = "<group>"; fileEncoding = 4; lastKnownFileType = sourcecode.c.h; explicitFileType = undefined; includeInIndex = 0; };
		F1267410EF0546038C0B8B74 /* ElectrodeEventRegistrar.h */ = {isa = PBXFileReference; name = "ElectrodeEventRegistrar.h"; path = "ElectrodeReactNativeBridge/ElectrodeEventRegistrar.h"; sourceTree = "<group>"; fileEncoding = 4; lastKnownFileType = sourcecode.c.h; explicitFileType = undefined; includeInIndex = 0; };
		C330C9527C5D45C1BB0F1491 /* ElectrodeRequestDispatcher.h */ = {isa = PBXFileReference; name = "ElectrodeRequestDispatcher.h"; path = "ElectrodeReactNativeBridge/ElectrodeRequestDispatcher.h"; sourceTree = "<group>"; fileEncoding = 4; lastKnownFileType = sourcecode.c.h; explicitFileType = undefined; includeInIndex = 0; };
		36E6A584F8424BAD9FF53D13 /* ElectrodeRequestRegistrar.h */ = {isa = PBXFileReference; name = "ElectrodeRequestRegistrar.h"; path = "ElectrodeReactNativeBridge/ElectrodeRequestRegistrar.h"; sourceTree = "<group>"; fileEncoding = 4; lastKnownFileType = sourcecode.c.h; explicitFileType = undefined; includeInIndex = 0; };
		25E9AB109B304F6799733AEC /* ElectrodeReactNativeBridge.h */ = {isa = PBXFileReference; name = "ElectrodeReactNativeBridge.h"; path = "ElectrodeReactNativeBridge/ElectrodeReactNativeBridge.h"; sourceTree = "<group>"; fileEncoding = 4; lastKnownFileType = sourcecode.c.h; explicitFileType = undefined; includeInIndex = 0; };
		730100D878384F9786751C4F /* ElectrodeBridgeResponse.h */ = {isa = PBXFileReference; name = "ElectrodeBridgeResponse.h"; path = "ElectrodeReactNativeBridge/ElectrodeBridgeResponse.h"; sourceTree = "<group>"; fileEncoding = 4; lastKnownFileType = sourcecode.c.h; explicitFileType = undefined; includeInIndex = 0; };
		87F7EA2582EB4DE4949B1E1A /* ElectrodeLogger.h */ = {isa = PBXFileReference; name = "ElectrodeLogger.h"; path = "ElectrodeReactNativeBridge/ElectrodeLogger.h"; sourceTree = "<group>"; fileEncoding = 4; lastKnownFileType = sourcecode.c.h; explicitFileType = undefined; includeInIndex = 0; };
		027BBF9A04DD47628BB9CCDE /* Category.swift */ = {isa = PBXFileReference; name = "Category.swift"; path = "APIs/Category.swift"; sourceTree = "<group>"; fileEncoding = 4; lastKnownFileType = sourcecode.swift; explicitFileType = undefined; includeInIndex = 0; };
		2B0112CC44624896BD56A8EB /* CreateUsersWithArrayInputData.swift */ = {isa = PBXFileReference; name = "CreateUsersWithArrayInputData.swift"; path = "APIs/CreateUsersWithArrayInputData.swift"; sourceTree = "<group>"; fileEncoding = 4; lastKnownFileType = sourcecode.swift; explicitFileType = undefined; includeInIndex = 0; };
		AB77BA99C2F64232B760DAEA /* DeletePetData.swift */ = {isa = PBXFileReference; name = "DeletePetData.swift"; path = "APIs/DeletePetData.swift"; sourceTree = "<group>"; fileEncoding = 4; lastKnownFileType = sourcecode.swift; explicitFileType = undefined; includeInIndex = 0; };
		22396A9B9F414F1FAA163B5B /* LoginUserData.swift */ = {isa = PBXFileReference; name = "LoginUserData.swift"; path = "APIs/LoginUserData.swift"; sourceTree = "<group>"; fileEncoding = 4; lastKnownFileType = sourcecode.swift; explicitFileType = undefined; includeInIndex = 0; };
		66DE4E5676454AEBBB830AA0 /* Order.swift */ = {isa = PBXFileReference; name = "Order.swift"; path = "APIs/Order.swift"; sourceTree = "<group>"; fileEncoding = 4; lastKnownFileType = sourcecode.swift; explicitFileType = undefined; includeInIndex = 0; };
		1F64661C87254A0594BBC634 /* Pet.swift */ = {isa = PBXFileReference; name = "Pet.swift"; path = "APIs/Pet.swift"; sourceTree = "<group>"; fileEncoding = 4; lastKnownFileType = sourcecode.swift; explicitFileType = undefined; includeInIndex = 0; };
		F43CD63D195A453298400A1C /* PetAPI.swift */ = {isa = PBXFileReference; name = "PetAPI.swift"; path = "APIs/PetAPI.swift"; sourceTree = "<group>"; fileEncoding = 4; lastKnownFileType = sourcecode.swift; explicitFileType = undefined; includeInIndex = 0; };
		713AF63E340D40FEBE24A18E /* PetEvents.swift */ = {isa = PBXFileReference; name = "PetEvents.swift"; path = "APIs/PetEvents.swift"; sourceTree = "<group>"; fileEncoding = 4; lastKnownFileType = sourcecode.swift; explicitFileType = undefined; includeInIndex = 0; };
		7B8D3F7F91E649C79F41DE5B /* PetRequests.swift */ = {isa = PBXFileReference; name = "PetRequests.swift"; path = "APIs/PetRequests.swift"; sourceTree = "<group>"; fileEncoding = 4; lastKnownFileType = sourcecode.swift; explicitFileType = undefined; includeInIndex = 0; };
		C26561FEDFB84275BE01F992 /* StoreAPI.swift */ = {isa = PBXFileReference; name = "StoreAPI.swift"; path = "APIs/StoreAPI.swift"; sourceTree = "<group>"; fileEncoding = 4; lastKnownFileType = sourcecode.swift; explicitFileType = undefined; includeInIndex = 0; };
		D42E825A557E4F3C96C87155 /* StoreRequests.swift */ = {isa = PBXFileReference; name = "StoreRequests.swift"; path = "APIs/StoreRequests.swift"; sourceTree = "<group>"; fileEncoding = 4; lastKnownFileType = sourcecode.swift; explicitFileType = undefined; includeInIndex = 0; };
		2FB2919A64A14C95B5846382 /* Tag.swift */ = {isa = PBXFileReference; name = "Tag.swift"; path = "APIs/Tag.swift"; sourceTree = "<group>"; fileEncoding = 4; lastKnownFileType = sourcecode.swift; explicitFileType = undefined; includeInIndex = 0; };
		CEA09DBD7D884276A1CC9E9D /* UpdatePetWithFormData.swift */ = {isa = PBXFileReference; name = "UpdatePetWithFormData.swift"; path = "APIs/UpdatePetWithFormData.swift"; sourceTree = "<group>"; fileEncoding = 4; lastKnownFileType = sourcecode.swift; explicitFileType = undefined; includeInIndex = 0; };
		39FB1AB1400145AB878307D7 /* UpdateUserData.swift */ = {isa = PBXFileReference; name = "UpdateUserData.swift"; path = "APIs/UpdateUserData.swift"; sourceTree = "<group>"; fileEncoding = 4; lastKnownFileType = sourcecode.swift; explicitFileType = undefined; includeInIndex = 0; };
		D684C786317A449AB73E0B16 /* UploadFileData.swift */ = {isa = PBXFileReference; name = "UploadFileData.swift"; path = "APIs/UploadFileData.swift"; sourceTree = "<group>"; fileEncoding = 4; lastKnownFileType = sourcecode.swift; explicitFileType = undefined; includeInIndex = 0; };
		6A125926EAB0471F831B70A4 /* User.swift */ = {isa = PBXFileReference; name = "User.swift"; path = "APIs/User.swift"; sourceTree = "<group>"; fileEncoding = 4; lastKnownFileType = sourcecode.swift; explicitFileType = undefined; includeInIndex = 0; };
		37A365A5E5794FE6A8D370E1 /* UserAPI.swift */ = {isa = PBXFileReference; name = "UserAPI.swift"; path = "APIs/UserAPI.swift"; sourceTree = "<group>"; fileEncoding = 4; lastKnownFileType = sourcecode.swift; explicitFileType = undefined; includeInIndex = 0; };
		C30369F6050F4D19A9C9A17B /* UserRequests.swift */ = {isa = PBXFileReference; name = "UserRequests.swift"; path = "APIs/UserRequests.swift"; sourceTree = "<group>"; fileEncoding = 4; lastKnownFileType = sourcecode.swift; explicitFileType = undefined; includeInIndex = 0; };
		9B5D5E6FB672463586F91ECF /* React.xcodeproj */ = {isa = PBXFileReference; name = "React.xcodeproj"; path = "ReactNative/React/React.xcodeproj"; sourceTree = "<group>"; fileEncoding = undefined; lastKnownFileType = wrapper.pb-project; explicitFileType = undefined; includeInIndex = 0; };
		FAFCDA0C65634D2DA55903EC /* libReact.a */ = {isa = PBXFileReference; name = "libReact.a"; path = "libReact.a"; sourceTree = "<group>"; fileEncoding = undefined; lastKnownFileType = archive.ar; explicitFileType = undefined; includeInIndex = 0; };
		3DCA8AA97F664216AB6BBB05 /* RCTActionSheet.xcodeproj */ = {isa = PBXFileReference; name = "RCTActionSheet.xcodeproj"; path = "ReactNative/ActionSheetIOS/RCTActionSheet.xcodeproj"; sourceTree = "<group>"; fileEncoding = undefined; lastKnownFileType = wrapper.pb-project; explicitFileType = undefined; includeInIndex = 0; };
		9BA124ACE63F4576B7B5FE3B /* libRCTActionSheet.a */ = {isa = PBXFileReference; name = "libRCTActionSheet.a"; path = "libRCTActionSheet.a"; sourceTree = "<group>"; fileEncoding = undefined; lastKnownFileType = archive.ar; explicitFileType = undefined; includeInIndex = 0; };
		196A34FB1EBA449C8DAC0C5B /* RCTImage.xcodeproj */ = {isa = PBXFileReference; name = "RCTImage.xcodeproj"; path = "ReactNative/Image/RCTImage.xcodeproj"; sourceTree = "<group>"; fileEncoding = undefined; lastKnownFileType = wrapper.pb-project; explicitFileType = undefined; includeInIndex = 0; };
		0524A56823B74C1CA6177C19 /* libRCTImage.a */ = {isa = PBXFileReference; name = "libRCTImage.a"; path = "libRCTImage.a"; sourceTree = "<group>"; fileEncoding = undefined; lastKnownFileType = archive.ar; explicitFileType = undefined; includeInIndex = 0; };
		893D625A026A463FA7E40897 /* RCTAnimation.xcodeproj */ = {isa = PBXFileReference; name = "RCTAnimation.xcodeproj"; path = "ReactNative/NativeAnimation/RCTAnimation.xcodeproj"; sourceTree = "<group>"; fileEncoding = undefined; lastKnownFileType = wrapper.pb-project; explicitFileType = undefined; includeInIndex = 0; };
		54E44E552731427885CAC1E1 /* libRCTAnimation.a */ = {isa = PBXFileReference; name = "libRCTAnimation.a"; path = "libRCTAnimation.a"; sourceTree = "<group>"; fileEncoding = undefined; lastKnownFileType = archive.ar; explicitFileType = undefined; includeInIndex = 0; };
		0B3366B2FE754D328BAF93B5 /* RCTText.xcodeproj */ = {isa = PBXFileReference; name = "RCTText.xcodeproj"; path = "ReactNative/Text/RCTText.xcodeproj"; sourceTree = "<group>"; fileEncoding = undefined; lastKnownFileType = wrapper.pb-project; explicitFileType = undefined; includeInIndex = 0; };
		DA049BAA0544473496DD8847 /* libRCTText.a */ = {isa = PBXFileReference; name = "libRCTText.a"; path = "libRCTText.a"; sourceTree = "<group>"; fileEncoding = undefined; lastKnownFileType = archive.ar; explicitFileType = undefined; includeInIndex = 0; };
		51A19173EB8A4A4CB40A3AA8 /* RCTWebSocket.xcodeproj */ = {isa = PBXFileReference; name = "RCTWebSocket.xcodeproj"; path = "ReactNative/WebSocket/RCTWebSocket.xcodeproj"; sourceTree = "<group>"; fileEncoding = undefined; lastKnownFileType = wrapper.pb-project; explicitFileType = undefined; includeInIndex = 0; };
		DE89E7D416AC49E1BCC1BCC5 /* libRCTWebSocket.a */ = {isa = PBXFileReference; name = "libRCTWebSocket.a"; path = "libRCTWebSocket.a"; sourceTree = "<group>"; fileEncoding = undefined; lastKnownFileType = archive.ar; explicitFileType = undefined; includeInIndex = 0; };
		BB5C4995CB2940AEA11D7DEE /* RCTGeolocation.xcodeproj */ = {isa = PBXFileReference; name = "RCTGeolocation.xcodeproj"; path = "ReactNative/Geolocation/RCTGeolocation.xcodeproj"; sourceTree = "<group>"; fileEncoding = undefined; lastKnownFileType = wrapper.pb-project; explicitFileType = undefined; includeInIndex = 0; };
		595EBA87B17949D8B86F01CE /* libRCTGeolocation.a */ = {isa = PBXFileReference; name = "libRCTGeolocation.a"; path = "libRCTGeolocation.a"; sourceTree = "<group>"; fileEncoding = undefined; lastKnownFileType = archive.ar; explicitFileType = undefined; includeInIndex = 0; };
		5E33F751B69147029C46C664 /* RCTLinking.xcodeproj */ = {isa = PBXFileReference; name = "RCTLinking.xcodeproj"; path = "ReactNative/LinkingIOS/RCTLinking.xcodeproj"; sourceTree = "<group>"; fileEncoding = undefined; lastKnownFileType = wrapper.pb-project; explicitFileType = undefined; includeInIndex = 0; };
		E2349E6F4FFD44F4A89568C1 /* libRCTLinking.a */ = {isa = PBXFileReference; name = "libRCTLinking.a"; path = "libRCTLinking.a"; sourceTree = "<group>"; fileEncoding = undefined; lastKnownFileType = archive.ar; explicitFileType = undefined; includeInIndex = 0; };
		703C2EA842A0431287070CE0 /* RCTNetwork.xcodeproj */ = {isa = PBXFileReference; name = "RCTNetwork.xcodeproj"; path = "ReactNative/Network/RCTNetwork.xcodeproj"; sourceTree = "<group>"; fileEncoding = undefined; lastKnownFileType = wrapper.pb-project; explicitFileType = undefined; includeInIndex = 0; };
		CCE99390CB9249C78BA41E53 /* libRCTNetwork.a */ = {isa = PBXFileReference; name = "libRCTNetwork.a"; path = "libRCTNetwork.a"; sourceTree = "<group>"; fileEncoding = undefined; lastKnownFileType = archive.ar; explicitFileType = undefined; includeInIndex = 0; };
		A51A2543171A41E58A8485A6 /* RCTSettings.xcodeproj */ = {isa = PBXFileReference; name = "RCTSettings.xcodeproj"; path = "ReactNative/Settings/RCTSettings.xcodeproj"; sourceTree = "<group>"; fileEncoding = undefined; lastKnownFileType = wrapper.pb-project; explicitFileType = undefined; includeInIndex = 0; };
		D75FCD37660C427DB71387F0 /* libRCTSettings.a */ = {isa = PBXFileReference; name = "libRCTSettings.a"; path = "libRCTSettings.a"; sourceTree = "<group>"; fileEncoding = undefined; lastKnownFileType = archive.ar; explicitFileType = undefined; includeInIndex = 0; };
		79F285CECEAB4DC5A551296C /* RCTVibration.xcodeproj */ = {isa = PBXFileReference; name = "RCTVibration.xcodeproj"; path = "ReactNative/Vibration/RCTVibration.xcodeproj"; sourceTree = "<group>"; fileEncoding = undefined; lastKnownFileType = wrapper.pb-project; explicitFileType = undefined; includeInIndex = 0; };
		F67B3EED7FF843E2B77EF80A /* libRCTVibration.a */ = {isa = PBXFileReference; name = "libRCTVibration.a"; path = "libRCTVibration.a"; sourceTree = "<group>"; fileEncoding = undefined; lastKnownFileType = archive.ar; explicitFileType = undefined; includeInIndex = 0; };
		317DAD7281104576B2874586 /* RCTCameraRoll.xcodeproj */ = {isa = PBXFileReference; name = "RCTCameraRoll.xcodeproj"; path = "ReactNative/CameraRoll/RCTCameraRoll.xcodeproj"; sourceTree = "<group>"; fileEncoding = undefined; lastKnownFileType = wrapper.pb-project; explicitFileType = undefined; includeInIndex = 0; };
		AB8A4EE0DF6049C0A9108DCE /* libRCTCameraRoll.a */ = {isa = PBXFileReference; name = "libRCTCameraRoll.a"; path = "libRCTCameraRoll.a"; sourceTree = "<group>"; fileEncoding = undefined; lastKnownFileType = archive.ar; explicitFileType = undefined; includeInIndex = 0; };
		2ED314F9406947889EE0F6FC /* RequestHandlerConfig.swift */ = {isa = PBXFileReference; name = "RequestHandlerConfig.swift"; path = "APIImpls/RequestHandlerConfig.swift"; sourceTree = "<group>"; fileEncoding = 4; lastKnownFileType = sourcecode.swift; explicitFileType = undefined; includeInIndex = 0; };
		4ADF04A886684CC3AE29CA82 /* RequestHandlerProvider.swift */ = {isa = PBXFileReference; name = "RequestHandlerProvider.swift"; path = "APIImpls/RequestHandlerProvider.swift"; sourceTree = "<group>"; fileEncoding = 4; lastKnownFileType = sourcecode.swift; explicitFileType = undefined; includeInIndex = 0; };
		375CD47E42314A6CADD20540 /* PetApiController.swift */ = {isa = PBXFileReference; name = "PetApiController.swift"; path = "APIImpls/PetApiController.swift"; sourceTree = "<group>"; fileEncoding = 4; lastKnownFileType = sourcecode.swift; explicitFileType = undefined; includeInIndex = 0; };
		4F8C0D554AC44DF6B888BC8C /* PetApiRequestHandlerDelegate.swift */ = {isa = PBXFileReference; name = "PetApiRequestHandlerDelegate.swift"; path = "APIImpls/PetApiRequestHandlerDelegate.swift"; sourceTree = "<group>"; fileEncoding = 4; lastKnownFileType = sourcecode.swift; explicitFileType = undefined; includeInIndex = 0; };
		DEF9489B1B57428B9E6115D8 /* PetApiRequestHandlerProvider.swift */ = {isa = PBXFileReference; name = "PetApiRequestHandlerProvider.swift"; path = "APIImpls/PetApiRequestHandlerProvider.swift"; sourceTree = "<group>"; fileEncoding = 4; lastKnownFileType = sourcecode.swift; explicitFileType = undefined; includeInIndex = 0; };
		014245D7CB094177A4BEB4B7 /* StoreApiController.swift */ = {isa = PBXFileReference; name = "StoreApiController.swift"; path = "APIImpls/StoreApiController.swift"; sourceTree = "<group>"; fileEncoding = 4; lastKnownFileType = sourcecode.swift; explicitFileType = undefined; includeInIndex = 0; };
		4B4F89299DC842DDAEE25CB8 /* StoreApiRequestHandlerDelegate.swift */ = {isa = PBXFileReference; name = "StoreApiRequestHandlerDelegate.swift"; path = "APIImpls/StoreApiRequestHandlerDelegate.swift"; sourceTree = "<group>"; fileEncoding = 4; lastKnownFileType = sourcecode.swift; explicitFileType = undefined; includeInIndex = 0; };
		9EEE32FCA53B4461AD198870 /* StoreApiRequestHandlerProvider.swift */ = {isa = PBXFileReference; name = "StoreApiRequestHandlerProvider.swift"; path = "APIImpls/StoreApiRequestHandlerProvider.swift"; sourceTree = "<group>"; fileEncoding = 4; lastKnownFileType = sourcecode.swift; explicitFileType = undefined; includeInIndex = 0; };
		1C76A5BC2DCE4DF79303FB97 /* UserApiController.swift */ = {isa = PBXFileReference; name = "UserApiController.swift"; path = "APIImpls/UserApiController.swift"; sourceTree = "<group>"; fileEncoding = 4; lastKnownFileType = sourcecode.swift; explicitFileType = undefined; includeInIndex = 0; };
		AF79D8BF3EA74F679E736333 /* UserApiRequestHandlerDelegate.swift */ = {isa = PBXFileReference; name = "UserApiRequestHandlerDelegate.swift"; path = "APIImpls/UserApiRequestHandlerDelegate.swift"; sourceTree = "<group>"; fileEncoding = 4; lastKnownFileType = sourcecode.swift; explicitFileType = undefined; includeInIndex = 0; };
		F91AB328C224429EA5334734 /* UserApiRequestHandlerProvider.swift */ = {isa = PBXFileReference; name = "UserApiRequestHandlerProvider.swift"; path = "APIImpls/UserApiRequestHandlerProvider.swift"; sourceTree = "<group>"; fileEncoding = 4; lastKnownFileType = sourcecode.swift; explicitFileType = undefined; includeInIndex = 0; };
/* End PBXFileReference section */

/* Begin PBXFrameworksBuildPhase section */
		485009DF1E2FF23B009B6610 /* Frameworks */ = {
			isa = PBXFrameworksBuildPhase;
			buildActionMask = 2147483647;
			files = (
				88FDB50AF60E40759DA0095A /* libReact.a in Frameworks */,
				B13DC34921C24DD296A2CC4B /* libRCTActionSheet.a in Frameworks */,
				AF4BD6C21DA446208A056D93 /* libRCTImage.a in Frameworks */,
				D1D495C0383A4DAA9A30718C /* libRCTAnimation.a in Frameworks */,
				F30DE796F22D4550B46CCA99 /* libRCTText.a in Frameworks */,
				99E5E49B72A74EF68CCB8518 /* libRCTWebSocket.a in Frameworks */,
				3B2BA0AA32864412A1F7B970 /* libRCTGeolocation.a in Frameworks */,
				5371D3DF97064EA79B700951 /* libRCTLinking.a in Frameworks */,
				A5D1416680A343B0B3A832BE /* libRCTNetwork.a in Frameworks */,
				0EEF47351D34408694A9E1C4 /* libRCTSettings.a in Frameworks */,
				E9750FBAD9284888855E38F8 /* libRCTVibration.a in Frameworks */,
				70662C17348942BEBDCF3C82 /* libRCTCameraRoll.a in Frameworks */,
			);
			runOnlyForDeploymentPostprocessing = 0;
		};
		485009E91E2FF23C009B6610 /* Frameworks */ = {
			isa = PBXFrameworksBuildPhase;
			buildActionMask = 2147483647;
			files = (
				485009ED1E2FF23C009B6610 /* ElectrodeApiImpl.framework in Frameworks */,
			);
			runOnlyForDeploymentPostprocessing = 0;
		};
/* End PBXFrameworksBuildPhase section */

/* Begin PBXGroup section */
		226325CE1E80594F00CD0B10 /* ReactNative */ = {
			isa = PBXGroup;
			children = (
				9B5D5E6FB672463586F91ECF /* React.xcodeproj */,
				3DCA8AA97F664216AB6BBB05 /* RCTActionSheet.xcodeproj */,
				196A34FB1EBA449C8DAC0C5B /* RCTImage.xcodeproj */,
				893D625A026A463FA7E40897 /* RCTAnimation.xcodeproj */,
				0B3366B2FE754D328BAF93B5 /* RCTText.xcodeproj */,
				51A19173EB8A4A4CB40A3AA8 /* RCTWebSocket.xcodeproj */,
				BB5C4995CB2940AEA11D7DEE /* RCTGeolocation.xcodeproj */,
				5E33F751B69147029C46C664 /* RCTLinking.xcodeproj */,
				703C2EA842A0431287070CE0 /* RCTNetwork.xcodeproj */,
				A51A2543171A41E58A8485A6 /* RCTSettings.xcodeproj */,
				79F285CECEAB4DC5A551296C /* RCTVibration.xcodeproj */,
				317DAD7281104576B2874586 /* RCTCameraRoll.xcodeproj */,
			);
			name = ReactNative;
			sourceTree = "<group>";
		};
		22C096A91EA0893F00E1486A /* APIs */ = {
			isa = PBXGroup;
			children = (
				027BBF9A04DD47628BB9CCDE /* Category.swift */,
				2B0112CC44624896BD56A8EB /* CreateUsersWithArrayInputData.swift */,
				AB77BA99C2F64232B760DAEA /* DeletePetData.swift */,
				22396A9B9F414F1FAA163B5B /* LoginUserData.swift */,
				66DE4E5676454AEBBB830AA0 /* Order.swift */,
				1F64661C87254A0594BBC634 /* Pet.swift */,
				F43CD63D195A453298400A1C /* PetAPI.swift */,
				713AF63E340D40FEBE24A18E /* PetEvents.swift */,
				7B8D3F7F91E649C79F41DE5B /* PetRequests.swift */,
				C26561FEDFB84275BE01F992 /* StoreAPI.swift */,
				D42E825A557E4F3C96C87155 /* StoreRequests.swift */,
				2FB2919A64A14C95B5846382 /* Tag.swift */,
				CEA09DBD7D884276A1CC9E9D /* UpdatePetWithFormData.swift */,
				39FB1AB1400145AB878307D7 /* UpdateUserData.swift */,
				D684C786317A449AB73E0B16 /* UploadFileData.swift */,
				6A125926EAB0471F831B70A4 /* User.swift */,
				37A365A5E5794FE6A8D370E1 /* UserAPI.swift */,
				C30369F6050F4D19A9C9A17B /* UserRequests.swift */,
			);
			name = APIs;
			sourceTree = "<group>";
		};
		22FD4D1E1E96ECBB00FC81DB /* ElectrodeReactNativeBridge */ = {
			isa = PBXGroup;
			children = (
				85A70AE7DD6C4DA193627A0A /* ElectrodeObject.swift */,
				E2CB156807054604A059E0A1 /* Bridgeable.swift */,
				8B897E9764AA4F9897A355D4 /* ElectrodeRequestHandlerProcessor.swift */,
				253250ADEB914878B8113273 /* ElectrodeRequestProcessor.swift */,
				4A6B8C88197B45E08C745526 /* ElectrodeUtilities.swift */,
				68B70CC9D5614C86B1AA123D /* EventListenerProcessor.swift */,
				75F1C9642F064D08BEF2E3D8 /* EventProcessor.swift */,
				6C23522A83FC4FC6B9DE5FFB /* Processor.swift */,
				9A7467BDC4944A2BA2B78369 /* None.swift */,
				C433CDCE6A2B4D9B9D37AAB3 /* ElectrodeBridgeEvent.m */,
				68101D13D7B64BFC92928594 /* ElectrodeBridgeFailureMessage.m */,
				EB8DB0FA242C47439CFF689C /* ElectrodeBridgeHolder.m */,
				B34CC2716CA24F71B0487731 /* ElectrodeBridgeMessage.m */,
				9BABFDE7EF6D4E50B163CFC1 /* ElectrodeBridgeProtocols.m */,
				BC22A23C5F1B4CBB94F9F9C0 /* ElectrodeBridgeRequest.m */,
				C0EACF378CA54C8196BA40A9 /* ElectrodeBridgeResponse.m */,
				A8A3DAE88D5E4B058C06D40A /* ElectrodeBridgeTransaction.m */,
				C33CADF88E1B438CBED96E58 /* ElectrodeBridgeTransceiver.m */,
				F351B588B3A4459E866049FE /* ElectrodeEventDispatcher.m */,
				A80F68837511409B9CC0D3C9 /* ElectrodeEventRegistrar.m */,
				C874B3336CD64A3FBAC94140 /* ElectrodeRequestDispatcher.m */,
				31083E41029E4B41859E6770 /* ElectrodeRequestRegistrar.m */,
				37864A75100649A29E48872E /* ElectrodeLogger.m */,
				4099BBA1CC9045FB942088ED /* ElectrodeBridgeEvent.h */,
				6C1F224484154C83A829323E /* ElectrodeBridgeFailureMessage.h */,
				658A8A0FC9D4463B87272B11 /* ElectrodeBridgeHolder.h */,
				4847C5FB7A7D439D8AA993A7 /* ElectrodeBridgeMessage.h */,
				1C97F34D23E34CA683091E64 /* ElectrodeBridgeProtocols.h */,
				115BC4D4FE534AD0859C6D95 /* ElectrodeBridgeRequest.h */,
				346B973DB21D43CCB2B29812 /* ElectrodeBridgeTransaction.h */,
				3D19FE0D732B4BEF95D340F8 /* ElectrodeBridgeTransceiver.h */,
				7FB8EFDBCA414B5F9E78F079 /* ElectrodeBridgeTransceiver_Internal.h */,
				44EA8DFDD35449B497D59615 /* ElectrodeEventDispatcher.h */,
				F1267410EF0546038C0B8B74 /* ElectrodeEventRegistrar.h */,
				C330C9527C5D45C1BB0F1491 /* ElectrodeRequestDispatcher.h */,
				36E6A584F8424BAD9FF53D13 /* ElectrodeRequestRegistrar.h */,
				25E9AB109B304F6799733AEC /* ElectrodeReactNativeBridge.h */,
				730100D878384F9786751C4F /* ElectrodeBridgeResponse.h */,
				87F7EA2582EB4DE4949B1E1A /* ElectrodeLogger.h */,
			);
			name = ElectrodeReactNativeBridge;
			sourceTree = "<group>";
		};
		485009D91E2FF23B009B6610 = {
			isa = PBXGroup;
			children = (
				485009E51E2FF23B009B6610 /* ElectrodeApiImpl */,
				485009F01E2FF23C009B6610 /* ElectrodeApiImplTests */,
				485009E41E2FF23B009B6610 /* Products */,
				485009FD1E2FF25D009B6610 /* Libraries */,
				48500AA71E2FFA14009B6610 /* Frameworks */,
			);
			sourceTree = "<group>";
		};
		485009E41E2FF23B009B6610 /* Products */ = {
			isa = PBXGroup;
			children = (
				485009E31E2FF23B009B6610 /* ElectrodeApiImpl.framework */,
				485009EC1E2FF23C009B6610 /* ElectrodeApiImplTests.xctest */,
			);
			name = Products;
			sourceTree = "<group>";
		};
		485009E51E2FF23B009B6610 /* ElectrodeApiImpl */ = {
			isa = PBXGroup;
			children = (
				7F1C6B771FAD343A00F68360 /* APIImpls */,
				2265A4A11EB26943007D6C3D /* Info.plist */,
				22C096A91EA0893F00E1486A /* APIs */,
				22FD4D1E1E96ECBB00FC81DB /* ElectrodeReactNativeBridge */,
				968333D51E54E3470031C565 /* ElectrodeBridgeDelegate.h */,
				968333D61E54E3470031C565 /* ElectrodeBridgeDelegate.m */,
				485009E61E2FF23B009B6610 /* ElectrodeApiImpl.h */,
				48500A961E2FF55B009B6610 /* ElectrodeReactNative.h */,
				30F8CDED1E67946E00413247 /* ElectrodeReactNative_Internal.h */,
				48500A971E2FF55B009B6610 /* ElectrodeReactNative.m */,
			);
			path = ElectrodeApiImpl;
			sourceTree = "<group>";
		};
		485009F01E2FF23C009B6610 /* ElectrodeApiImplTests */ = {
			isa = PBXGroup;
			children = (
				485009F11E2FF23C009B6610 /* ElectrodeApiImplTests.m */,
				485009F31E2FF23C009B6610 /* Info.plist */,
				30B77DD51E66518E00EF3A78 /* ElectrodeBridgeDelegateTests.m */,
				30F8CDE31E677D7C00413247 /* ElectrodeReactNativeTests.m */,
			);
			path = ElectrodeApiImplTests;
			sourceTree = "<group>";
		};
		485009FD1E2FF25D009B6610 /* Libraries */ = {
			isa = PBXGroup;
			children = (
				226325CE1E80594F00CD0B10 /* ReactNative */,
				9654B8921E5CCA1D00AFF607 /* MiniApp */,
			);
			name = Libraries;
			path = ElectrodeApiImpl/Libraries;
			sourceTree = "<group>";
		};
		48500AA71E2FFA14009B6610 /* Frameworks */ = {
			isa = PBXGroup;
			children = (
			);
			name = Frameworks;
			sourceTree = "<group>";
		};
		7F1C6B771FAD343A00F68360 /* APIImpls */ = {
			isa = PBXGroup;
			children = (
				2ED314F9406947889EE0F6FC /* RequestHandlerConfig.swift */,
				4ADF04A886684CC3AE29CA82 /* RequestHandlerProvider.swift */,
				375CD47E42314A6CADD20540 /* PetApiController.swift */,
				4F8C0D554AC44DF6B888BC8C /* PetApiRequestHandlerDelegate.swift */,
				DEF9489B1B57428B9E6115D8 /* PetApiRequestHandlerProvider.swift */,
				014245D7CB094177A4BEB4B7 /* StoreApiController.swift */,
				4B4F89299DC842DDAEE25CB8 /* StoreApiRequestHandlerDelegate.swift */,
				9EEE32FCA53B4461AD198870 /* StoreApiRequestHandlerProvider.swift */,
				1C76A5BC2DCE4DF79303FB97 /* UserApiController.swift */,
				AF79D8BF3EA74F679E736333 /* UserApiRequestHandlerDelegate.swift */,
				F91AB328C224429EA5334734 /* UserApiRequestHandlerProvider.swift */,
			);
			name = APIImpls;
			sourceTree = "<group>";
		};
		9654B8921E5CCA1D00AFF607 /* MiniApp */ = {
			isa = PBXGroup;
			children = (
			);
			path = MiniApp;
			sourceTree = "<group>";
		};
		D374FE3A5D8F4F3EBDDB87C0 /* Products */ = {
			isa = PBXGroup;
			children = (
				FAFCDA0C65634D2DA55903EC /* libReact.a */,
			);
			name = Products;
			path = undefined;
			sourceTree = "<group>";
		};
		6150DBAFECEA4C368CC826E5 /* Products */ = {
			isa = PBXGroup;
			children = (
				9BA124ACE63F4576B7B5FE3B /* libRCTActionSheet.a */,
			);
			name = Products;
			path = undefined;
			sourceTree = "<group>";
		};
		B66F0B4D6724403CBD23D7E9 /* Products */ = {
			isa = PBXGroup;
			children = (
				0524A56823B74C1CA6177C19 /* libRCTImage.a */,
			);
			name = Products;
			path = undefined;
			sourceTree = "<group>";
		};
		D55B32E90FC04C49A6B4F43D /* Products */ = {
			isa = PBXGroup;
			children = (
				54E44E552731427885CAC1E1 /* libRCTAnimation.a */,
			);
			name = Products;
			path = undefined;
			sourceTree = "<group>";
		};
		4D04FBE707D84F918F3B7FEE /* Products */ = {
			isa = PBXGroup;
			children = (
				DA049BAA0544473496DD8847 /* libRCTText.a */,
			);
			name = Products;
			path = undefined;
			sourceTree = "<group>";
		};
		1895290E4ACF4DFCB2BB0B53 /* Products */ = {
			isa = PBXGroup;
			children = (
				DE89E7D416AC49E1BCC1BCC5 /* libRCTWebSocket.a */,
			);
			name = Products;
			path = undefined;
			sourceTree = "<group>";
		};
		DE4530A9DDF94EE28D4A6CEC /* Products */ = {
			isa = PBXGroup;
			children = (
				595EBA87B17949D8B86F01CE /* libRCTGeolocation.a */,
			);
			name = Products;
			path = undefined;
			sourceTree = "<group>";
		};
		BD649B5F075D453AAAC7E9C9 /* Products */ = {
			isa = PBXGroup;
			children = (
				E2349E6F4FFD44F4A89568C1 /* libRCTLinking.a */,
			);
			name = Products;
			path = undefined;
			sourceTree = "<group>";
		};
		6281C538BCA94A35AA90AE64 /* Products */ = {
			isa = PBXGroup;
			children = (
				CCE99390CB9249C78BA41E53 /* libRCTNetwork.a */,
			);
			name = Products;
			path = undefined;
			sourceTree = "<group>";
		};
		82F2D9EF80A54B56AFD135C4 /* Products */ = {
			isa = PBXGroup;
			children = (
				D75FCD37660C427DB71387F0 /* libRCTSettings.a */,
			);
			name = Products;
			path = undefined;
			sourceTree = "<group>";
		};
		AA97E86EF39346BABA747473 /* Products */ = {
			isa = PBXGroup;
			children = (
				F67B3EED7FF843E2B77EF80A /* libRCTVibration.a */,
			);
			name = Products;
			path = undefined;
			sourceTree = "<group>";
		};
		9E4980EE4E0E47FC9BA28A13 /* Products */ = {
			isa = PBXGroup;
			children = (
				AB8A4EE0DF6049C0A9108DCE /* libRCTCameraRoll.a */,
			);
			name = Products;
			path = undefined;
			sourceTree = "<group>";
		};
/* End PBXGroup section */

/* Begin PBXHeadersBuildPhase section */
		485009E01E2FF23B009B6610 /* Headers */ = {
			isa = PBXHeadersBuildPhase;
			buildActionMask = 2147483647;
			files = (
				485009F41E2FF23C009B6610 /* ElectrodeApiImpl.h in Headers */,
				968333D71E54E3470031C565 /* ElectrodeBridgeDelegate.h in Headers */,
				30F8CDEE1E67946E00413247 /* ElectrodeReactNative_Internal.h in Headers */,
				48500A981E2FF55B009B6610 /* ElectrodeReactNative.h in Headers */,
				1A63580502A64537A816AF8C /* ElectrodeBridgeEvent.h in Headers */,
				30027D7D15694A5D9D894161 /* ElectrodeBridgeFailureMessage.h in Headers */,
				9E5281CBDFCE4338A81F5A00 /* ElectrodeBridgeHolder.h in Headers */,
				33EB8525EC534B68946F4648 /* ElectrodeBridgeMessage.h in Headers */,
				192566BFC26F4B57BFC99CA1 /* ElectrodeBridgeProtocols.h in Headers */,
				EDC16413EFB3403BA5E18A5D /* ElectrodeBridgeRequest.h in Headers */,
				1F06CA0A7B8748FC97CABD61 /* ElectrodeBridgeTransaction.h in Headers */,
				E5FBB30E0A5449DC90CBA511 /* ElectrodeBridgeTransceiver.h in Headers */,
				8B88D27A79F24D279F147C27 /* ElectrodeBridgeTransceiver_Internal.h in Headers */,
				CA0D432A955D45B582E50951 /* ElectrodeEventDispatcher.h in Headers */,
				F1C2DCED6964484FA9EDC8B9 /* ElectrodeEventRegistrar.h in Headers */,
				395678AF497E43A7A2AF9D4F /* ElectrodeRequestDispatcher.h in Headers */,
				B2F73504E4104E4CB3E4C219 /* ElectrodeRequestRegistrar.h in Headers */,
				623C6287ED5A4FF9A330EB4C /* ElectrodeReactNativeBridge.h in Headers */,
				45991107EC274117902C3AF1 /* ElectrodeBridgeResponse.h in Headers */,
				D795AC83728B4E1098715A55 /* ElectrodeLogger.h in Headers */,
			);
			runOnlyForDeploymentPostprocessing = 0;
		};
/* End PBXHeadersBuildPhase section */

/* Begin PBXNativeTarget section */
		485009E21E2FF23B009B6610 /* ElectrodeApiImpl */ = {
			isa = PBXNativeTarget;
			buildConfigurationList = 485009F71E2FF23C009B6610 /* Build configuration list for PBXNativeTarget "ElectrodeApiImpl" */;
			buildPhases = (
				485009DE1E2FF23B009B6610 /* Sources */,
				485009DF1E2FF23B009B6610 /* Frameworks */,
				485009E01E2FF23B009B6610 /* Headers */,
				485009E11E2FF23B009B6610 /* Resources */,
			);
			buildRules = (
			);
			dependencies = (
				99E9B2BFDD534CC9A6FA37D0 /* PBXTargetDependency */,
				62D6B559CCAE419ABE2E1C26 /* PBXTargetDependency */,
				FB72EA87818940268BBFA0EA /* PBXTargetDependency */,
				0493E4A69B4940E0873BA35D /* PBXTargetDependency */,
				2672C6DAFCDE460184F21B0B /* PBXTargetDependency */,
				4BE8A5A4C82B4CF09DC2F1B3 /* PBXTargetDependency */,
				88421A9729D74D16A2CC739C /* PBXTargetDependency */,
				FEC55E425CF74405935479AD /* PBXTargetDependency */,
				D3EADFD284D64B178121103A /* PBXTargetDependency */,
				42B6D0610E4D468898BCD582 /* PBXTargetDependency */,
				3FD2073DD680439A8C781B47 /* PBXTargetDependency */,
				2E0E4F054D444B76BDD6C657 /* PBXTargetDependency */,
			);
			name = ElectrodeApiImpl;
			productName = ElectrodeApiImpl;
			productReference = 485009E31E2FF23B009B6610 /* ElectrodeApiImpl.framework */;
			productType = "com.apple.product-type.framework";
		};
		485009EB1E2FF23C009B6610 /* ElectrodeApiImplTests */ = {
			isa = PBXNativeTarget;
			buildConfigurationList = 485009FA1E2FF23C009B6610 /* Build configuration list for PBXNativeTarget "ElectrodeApiImplTests" */;
			buildPhases = (
				485009E81E2FF23C009B6610 /* Sources */,
				485009E91E2FF23C009B6610 /* Frameworks */,
				485009EA1E2FF23C009B6610 /* Resources */,
			);
			buildRules = (
			);
			dependencies = (
				485009EF1E2FF23C009B6610 /* PBXTargetDependency */,
			);
			name = ElectrodeApiImplTests;
			productName = ElectrodeApiImplTests;
			productReference = 485009EC1E2FF23C009B6610 /* ElectrodeApiImplTests.xctest */;
			productType = "com.apple.product-type.bundle.unit-test";
		};
/* End PBXNativeTarget section */

/* Begin PBXProject section */
		485009DA1E2FF23B009B6610 /* Project object */ = {
			isa = PBXProject;
			attributes = {
				LastUpgradeCheck = 820;
				ORGANIZATIONNAME = Walmart;
				TargetAttributes = {
					485009E21E2FF23B009B6610 = {
						CreatedOnToolsVersion = 8.2.1;
						ProvisioningStyle = Automatic;
					};
					485009EB1E2FF23C009B6610 = {
						CreatedOnToolsVersion = 8.2.1;
						DevelopmentTeam = DXZ5VF8836;
						ProvisioningStyle = Automatic;
					};
				};
			};
			buildConfigurationList = 485009DD1E2FF23B009B6610 /* Build configuration list for PBXProject "ElectrodeApiImpl" */;
			compatibilityVersion = "Xcode 3.2";
			developmentRegion = English;
			hasScannedForEncodings = 0;
			knownRegions = (
				en,
			);
			mainGroup = 485009D91E2FF23B009B6610;
			productRefGroup = 485009E41E2FF23B009B6610 /* Products */;
			projectDirPath = "";
			projectRoot = "";
			targets = (
				485009E21E2FF23B009B6610 /* ElectrodeApiImpl */,
				485009EB1E2FF23C009B6610 /* ElectrodeApiImplTests */,
			);
			projectReferences = (
				{
					ProjectRef = 9B5D5E6FB672463586F91ECF /* React.xcodeproj */;
					ProductGroup = D374FE3A5D8F4F3EBDDB87C0 /* Products */;
				},
				{
					ProjectRef = 3DCA8AA97F664216AB6BBB05 /* RCTActionSheet.xcodeproj */;
					ProductGroup = 6150DBAFECEA4C368CC826E5 /* Products */;
				},
				{
					ProjectRef = 196A34FB1EBA449C8DAC0C5B /* RCTImage.xcodeproj */;
					ProductGroup = B66F0B4D6724403CBD23D7E9 /* Products */;
				},
				{
					ProjectRef = 893D625A026A463FA7E40897 /* RCTAnimation.xcodeproj */;
					ProductGroup = D55B32E90FC04C49A6B4F43D /* Products */;
				},
				{
					ProjectRef = 0B3366B2FE754D328BAF93B5 /* RCTText.xcodeproj */;
					ProductGroup = 4D04FBE707D84F918F3B7FEE /* Products */;
				},
				{
					ProjectRef = 51A19173EB8A4A4CB40A3AA8 /* RCTWebSocket.xcodeproj */;
					ProductGroup = 1895290E4ACF4DFCB2BB0B53 /* Products */;
				},
				{
					ProjectRef = BB5C4995CB2940AEA11D7DEE /* RCTGeolocation.xcodeproj */;
					ProductGroup = DE4530A9DDF94EE28D4A6CEC /* Products */;
				},
				{
					ProjectRef = 5E33F751B69147029C46C664 /* RCTLinking.xcodeproj */;
					ProductGroup = BD649B5F075D453AAAC7E9C9 /* Products */;
				},
				{
					ProjectRef = 703C2EA842A0431287070CE0 /* RCTNetwork.xcodeproj */;
					ProductGroup = 6281C538BCA94A35AA90AE64 /* Products */;
				},
				{
					ProjectRef = A51A2543171A41E58A8485A6 /* RCTSettings.xcodeproj */;
					ProductGroup = 82F2D9EF80A54B56AFD135C4 /* Products */;
				},
				{
					ProjectRef = 79F285CECEAB4DC5A551296C /* RCTVibration.xcodeproj */;
					ProductGroup = AA97E86EF39346BABA747473 /* Products */;
				},
				{
					ProjectRef = 317DAD7281104576B2874586 /* RCTCameraRoll.xcodeproj */;
					ProductGroup = 9E4980EE4E0E47FC9BA28A13 /* Products */;
				},
			);
		};
/* End PBXProject section */

/* Begin PBXReferenceProxy section */
		FAFCDA0C65634D2DA55903EC /* libReact.a */ = {
			isa = PBXReferenceProxy;
			fileType = archive.ar;
			path = libReact.a;
			remoteRef = 3B62759140724EF7B6ACEB53 /* PBXContainerItemProxy */;
			sourceTree = BUILT_PRODUCTS_DIR;
		};
		9BA124ACE63F4576B7B5FE3B /* libRCTActionSheet.a */ = {
			isa = PBXReferenceProxy;
			fileType = archive.ar;
			path = libRCTActionSheet.a;
			remoteRef = 597DF4BCE3D44E3DBE6A1C64 /* PBXContainerItemProxy */;
			sourceTree = BUILT_PRODUCTS_DIR;
		};
		0524A56823B74C1CA6177C19 /* libRCTImage.a */ = {
			isa = PBXReferenceProxy;
			fileType = archive.ar;
			path = libRCTImage.a;
			remoteRef = 1F9C24425FA24897880E4A48 /* PBXContainerItemProxy */;
			sourceTree = BUILT_PRODUCTS_DIR;
		};
		54E44E552731427885CAC1E1 /* libRCTAnimation.a */ = {
			isa = PBXReferenceProxy;
			fileType = archive.ar;
			path = libRCTAnimation.a;
			remoteRef = 643F317336CB4B6EA18E1CF4 /* PBXContainerItemProxy */;
			sourceTree = BUILT_PRODUCTS_DIR;
		};
		DA049BAA0544473496DD8847 /* libRCTText.a */ = {
			isa = PBXReferenceProxy;
			fileType = archive.ar;
			path = libRCTText.a;
			remoteRef = 010AA60C2204483096F55FEB /* PBXContainerItemProxy */;
			sourceTree = BUILT_PRODUCTS_DIR;
		};
		DE89E7D416AC49E1BCC1BCC5 /* libRCTWebSocket.a */ = {
			isa = PBXReferenceProxy;
			fileType = archive.ar;
			path = libRCTWebSocket.a;
			remoteRef = B38525DB154F471BA3051134 /* PBXContainerItemProxy */;
			sourceTree = BUILT_PRODUCTS_DIR;
		};
		595EBA87B17949D8B86F01CE /* libRCTGeolocation.a */ = {
			isa = PBXReferenceProxy;
			fileType = archive.ar;
			path = libRCTGeolocation.a;
			remoteRef = 27660FF79DC9483CAE85F7FD /* PBXContainerItemProxy */;
			sourceTree = BUILT_PRODUCTS_DIR;
		};
		E2349E6F4FFD44F4A89568C1 /* libRCTLinking.a */ = {
			isa = PBXReferenceProxy;
			fileType = archive.ar;
			path = libRCTLinking.a;
			remoteRef = 3BBA4E2846AA44FC87D01954 /* PBXContainerItemProxy */;
			sourceTree = BUILT_PRODUCTS_DIR;
		};
		CCE99390CB9249C78BA41E53 /* libRCTNetwork.a */ = {
			isa = PBXReferenceProxy;
			fileType = archive.ar;
			path = libRCTNetwork.a;
			remoteRef = 8563ABC0C96B48C59FE6352A /* PBXContainerItemProxy */;
			sourceTree = BUILT_PRODUCTS_DIR;
		};
		D75FCD37660C427DB71387F0 /* libRCTSettings.a */ = {
			isa = PBXReferenceProxy;
			fileType = archive.ar;
			path = libRCTSettings.a;
			remoteRef = C116B346ABB14728AD22DB26 /* PBXContainerItemProxy */;
			sourceTree = BUILT_PRODUCTS_DIR;
		};
		F67B3EED7FF843E2B77EF80A /* libRCTVibration.a */ = {
			isa = PBXReferenceProxy;
			fileType = archive.ar;
			path = libRCTVibration.a;
			remoteRef = A27A81669BA643AF820F4EFC /* PBXContainerItemProxy */;
			sourceTree = BUILT_PRODUCTS_DIR;
		};
		AB8A4EE0DF6049C0A9108DCE /* libRCTCameraRoll.a */ = {
			isa = PBXReferenceProxy;
			fileType = archive.ar;
			path = libRCTCameraRoll.a;
			remoteRef = 262CD114E8A545B1841829DA /* PBXContainerItemProxy */;
			sourceTree = BUILT_PRODUCTS_DIR;
		};
/* End PBXReferenceProxy section */

/* Begin PBXResourcesBuildPhase section */
		485009E11E2FF23B009B6610 /* Resources */ = {
			isa = PBXResourcesBuildPhase;
			buildActionMask = 2147483647;
			files = (
				2265A4A21EB26943007D6C3D /* Info.plist in Resources */,
			);
			runOnlyForDeploymentPostprocessing = 0;
		};
		485009EA1E2FF23C009B6610 /* Resources */ = {
			isa = PBXResourcesBuildPhase;
			buildActionMask = 2147483647;
			files = (
			);
			runOnlyForDeploymentPostprocessing = 0;
		};
/* End PBXResourcesBuildPhase section */

/* Begin PBXSourcesBuildPhase section */
		485009DE1E2FF23B009B6610 /* Sources */ = {
			isa = PBXSourcesBuildPhase;
			buildActionMask = 2147483647;
			files = (
				48500A991E2FF55B009B6610 /* ElectrodeReactNative.m in Sources */,
				968333D81E54E3470031C565 /* ElectrodeBridgeDelegate.m in Sources */,
				319183C7C34343AFB9264ACE /* ElectrodeObject.swift in Sources */,
				8AD7FDF0B48C4D5ABD15B214 /* Bridgeable.swift in Sources */,
				DB27AE1C405548FAB4AE74C1 /* ElectrodeRequestHandlerProcessor.swift in Sources */,
				566F75E28B24460480102CA0 /* ElectrodeRequestProcessor.swift in Sources */,
				11A435CC7C2D43EE8EBF3523 /* ElectrodeUtilities.swift in Sources */,
				1B69D6FFFF24420DA2727D07 /* EventListenerProcessor.swift in Sources */,
				53426B750BE4487FB2025ACE /* EventProcessor.swift in Sources */,
				2DA8E1550E0D4BFCA540F3AA /* Processor.swift in Sources */,
				9C670E10858C4D80A480B282 /* None.swift in Sources */,
				40356E1F888443218C0C5480 /* ElectrodeBridgeEvent.m in Sources */,
				2FFA42FD6DCB4DB894BF970B /* ElectrodeBridgeFailureMessage.m in Sources */,
				D347294F8234425D9EA2A0B6 /* ElectrodeBridgeHolder.m in Sources */,
				FC30886A326347D1898ECA45 /* ElectrodeBridgeMessage.m in Sources */,
				04C223B794BE40F783093784 /* ElectrodeBridgeProtocols.m in Sources */,
				CBEA10B897A1428793357C5D /* ElectrodeBridgeRequest.m in Sources */,
				D7B14EE5F5AD496387B5C42B /* ElectrodeBridgeResponse.m in Sources */,
				507740B141504E2FBB51C42C /* ElectrodeBridgeTransaction.m in Sources */,
				E5F6A4496CC740A29F0B1EF6 /* ElectrodeBridgeTransceiver.m in Sources */,
				2FC309C67FC74C4AB89B6D0E /* ElectrodeEventDispatcher.m in Sources */,
				046D1BB3DD1C492797FD5509 /* ElectrodeEventRegistrar.m in Sources */,
				9306CD3A32484B5095C7312D /* ElectrodeRequestDispatcher.m in Sources */,
				5FF2691B07BE4C3C9B9853B6 /* ElectrodeRequestRegistrar.m in Sources */,
				6DB20ABCCC034A96BE0796A9 /* ElectrodeLogger.m in Sources */,
				C551AA651A2D4ABA830ACC57 /* Category.swift in Sources */,
				8D7DE68D00FB4E8B8A421EE2 /* CreateUsersWithArrayInputData.swift in Sources */,
				3727D1DF883742D498C26772 /* DeletePetData.swift in Sources */,
				8A84D23471274342A2456996 /* LoginUserData.swift in Sources */,
				1398C99D4C8F457A82227983 /* Order.swift in Sources */,
				D6485A25FA27467E90BF8B73 /* Pet.swift in Sources */,
				5BEBC0E88C9A4DCD8A108651 /* PetAPI.swift in Sources */,
				9CCDB4C13EAB44E980AF1A89 /* PetEvents.swift in Sources */,
				420C3CBD7952464C9F389B62 /* PetRequests.swift in Sources */,
				564E8414C43E413E85F4D5DF /* StoreAPI.swift in Sources */,
				EF59126AF43C4A8BA5AFD296 /* StoreRequests.swift in Sources */,
				F78879DE1A814D859246AAEA /* Tag.swift in Sources */,
				1EDD5201724B42D6811B0A1D /* UpdatePetWithFormData.swift in Sources */,
				910BEE33BF564104838FE41C /* UpdateUserData.swift in Sources */,
				EAADA7ED78094D9599A064B6 /* UploadFileData.swift in Sources */,
				64702353974A4DA3A5EE869A /* User.swift in Sources */,
				C29739A1BB9C4CC090DF70AB /* UserAPI.swift in Sources */,
				0CE99D8667B5493F888B1612 /* UserRequests.swift in Sources */,
				0D8B6188730D41A4AFA3D79E /* RequestHandlerConfig.swift in Sources */,
				0E468929997E490AB44219D2 /* RequestHandlerProvider.swift in Sources */,
				0C923120319641C2A0BA5775 /* PetApiController.swift in Sources */,
				ABEC6850C7224EFBB9B70504 /* PetApiRequestHandlerDelegate.swift in Sources */,
				B53CCE43DA014E78B773D652 /* PetApiRequestHandlerProvider.swift in Sources */,
				EB135CC0F5EF4352AE4F36EF /* StoreApiController.swift in Sources */,
				F125BF47D40543CEB203EF43 /* StoreApiRequestHandlerDelegate.swift in Sources */,
				73F6A722998A4CCEB463C32F /* StoreApiRequestHandlerProvider.swift in Sources */,
				157810D3FAA34EDE87EE26FE /* UserApiController.swift in Sources */,
				7C4E346F0165465CAD3C5743 /* UserApiRequestHandlerDelegate.swift in Sources */,
				8AF353D08532456BBAED86C8 /* UserApiRequestHandlerProvider.swift in Sources */,
			);
			runOnlyForDeploymentPostprocessing = 0;
		};
		485009E81E2FF23C009B6610 /* Sources */ = {
			isa = PBXSourcesBuildPhase;
			buildActionMask = 2147483647;
			files = (
				485009F21E2FF23C009B6610 /* ElectrodeApiImplTests.m in Sources */,
				30B77DD61E66518E00EF3A78 /* ElectrodeBridgeDelegateTests.m in Sources */,
				30F8CDE41E677D7C00413247 /* ElectrodeReactNativeTests.m in Sources */,
			);
			runOnlyForDeploymentPostprocessing = 0;
		};
/* End PBXSourcesBuildPhase section */

/* Begin PBXTargetDependency section */
		485009EF1E2FF23C009B6610 /* PBXTargetDependency */ = {
			isa = PBXTargetDependency;
			target = 485009E21E2FF23B009B6610 /* ElectrodeApiImpl */;
			targetProxy = 485009EE1E2FF23C009B6610 /* PBXContainerItemProxy */;
		};
		99E9B2BFDD534CC9A6FA37D0 /* PBXTargetDependency */ = {
			isa = PBXTargetDependency;
			name = React;
			targetProxy = 993C5EF2D61E468D8B35C618 /* PBXContainerItemProxy */;
		};
		62D6B559CCAE419ABE2E1C26 /* PBXTargetDependency */ = {
			isa = PBXTargetDependency;
			name = RCTActionSheet;
			targetProxy = 91C5ECED1F4A4CE491526F9C /* PBXContainerItemProxy */;
		};
		FB72EA87818940268BBFA0EA /* PBXTargetDependency */ = {
			isa = PBXTargetDependency;
			name = RCTImage;
			targetProxy = D83F6B0120BB4F8493E92B13 /* PBXContainerItemProxy */;
		};
		0493E4A69B4940E0873BA35D /* PBXTargetDependency */ = {
			isa = PBXTargetDependency;
			name = RCTAnimation;
			targetProxy = 875C396421CB4D529CD08073 /* PBXContainerItemProxy */;
		};
		2672C6DAFCDE460184F21B0B /* PBXTargetDependency */ = {
			isa = PBXTargetDependency;
			name = RCTText;
			targetProxy = 8B1B5324FEA24E04A7574C99 /* PBXContainerItemProxy */;
		};
		4BE8A5A4C82B4CF09DC2F1B3 /* PBXTargetDependency */ = {
			isa = PBXTargetDependency;
			name = RCTWebSocket;
			targetProxy = 4EAA7167E42048B4B7331AC7 /* PBXContainerItemProxy */;
		};
		88421A9729D74D16A2CC739C /* PBXTargetDependency */ = {
			isa = PBXTargetDependency;
			name = RCTGeolocation;
			targetProxy = B366E46C7EDA4D14AC83C973 /* PBXContainerItemProxy */;
		};
		FEC55E425CF74405935479AD /* PBXTargetDependency */ = {
			isa = PBXTargetDependency;
			name = RCTLinking;
			targetProxy = F9E189A91C4A48FC86603F73 /* PBXContainerItemProxy */;
		};
		D3EADFD284D64B178121103A /* PBXTargetDependency */ = {
			isa = PBXTargetDependency;
			name = RCTNetwork;
			targetProxy = D39A6A4D6C244F12A9030F98 /* PBXContainerItemProxy */;
		};
		42B6D0610E4D468898BCD582 /* PBXTargetDependency */ = {
			isa = PBXTargetDependency;
			name = RCTSettings;
			targetProxy = 2E0076309EC54A0AB4E161D9 /* PBXContainerItemProxy */;
		};
		3FD2073DD680439A8C781B47 /* PBXTargetDependency */ = {
			isa = PBXTargetDependency;
			name = RCTVibration;
			targetProxy = A0E09D3896B4405EB598D58A /* PBXContainerItemProxy */;
		};
		2E0E4F054D444B76BDD6C657 /* PBXTargetDependency */ = {
			isa = PBXTargetDependency;
			name = RCTCameraRoll;
			targetProxy = 18F8BA1D7505420689528AD2 /* PBXContainerItemProxy */;
		};
/* End PBXTargetDependency section */

/* Begin XCBuildConfiguration section */
		303268E41EA8139700A41A8F /* QADeployment */ = {
			isa = XCBuildConfiguration;
			buildSettings = {
				ALWAYS_SEARCH_USER_PATHS = NO;
				CLANG_ANALYZER_NONNULL = YES;
				CLANG_CXX_LANGUAGE_STANDARD = "gnu++0x";
				CLANG_CXX_LIBRARY = "libc++";
				CLANG_ENABLE_MODULES = YES;
				CLANG_ENABLE_OBJC_ARC = YES;
				CLANG_WARN_BOOL_CONVERSION = YES;
				CLANG_WARN_CONSTANT_CONVERSION = YES;
				CLANG_WARN_DIRECT_OBJC_ISA_USAGE = YES_ERROR;
				CLANG_WARN_DOCUMENTATION_COMMENTS = YES;
				CLANG_WARN_EMPTY_BODY = YES;
				CLANG_WARN_ENUM_CONVERSION = YES;
				CLANG_WARN_INFINITE_RECURSION = YES;
				CLANG_WARN_INT_CONVERSION = YES;
				CLANG_WARN_OBJC_ROOT_CLASS = YES_ERROR;
				CLANG_WARN_SUSPICIOUS_MOVE = YES;
				CLANG_WARN_UNREACHABLE_CODE = YES;
				CLANG_WARN__DUPLICATE_METHOD_MATCH = YES;
				"CODE_SIGN_IDENTITY[sdk=iphoneos*]" = "iPhone Developer";
				COPY_PHASE_STRIP = NO;
				CURRENT_PROJECT_VERSION = 1;
				DEBUG_INFORMATION_FORMAT = "dwarf-with-dsym";
				ENABLE_STRICT_OBJC_MSGSEND = YES;
				ENABLE_TESTABILITY = YES;
				GCC_C_LANGUAGE_STANDARD = gnu99;
				GCC_DYNAMIC_NO_PIC = NO;
				GCC_NO_COMMON_BLOCKS = YES;
				GCC_OPTIMIZATION_LEVEL = 0;
				GCC_PREPROCESSOR_DEFINITIONS = (
					"DEBUG=1",
					"$(inherited)",
				);
				GCC_WARN_64_TO_32_BIT_CONVERSION = YES;
				GCC_WARN_ABOUT_RETURN_TYPE = YES_ERROR;
				GCC_WARN_UNDECLARED_SELECTOR = YES;
				GCC_WARN_UNINITIALIZED_AUTOS = YES_AGGRESSIVE;
				GCC_WARN_UNUSED_FUNCTION = YES;
				GCC_WARN_UNUSED_VARIABLE = YES;
				IPHONEOS_DEPLOYMENT_TARGET = 9.0;
				MTL_ENABLE_DEBUG_INFO = YES;
				ONLY_ACTIVE_ARCH = YES;
				SDKROOT = iphoneos;
				TARGETED_DEVICE_FAMILY = "1,2";
				VERSIONING_SYSTEM = "apple-generic";
				VERSION_INFO_PREFIX = "";
			};
			name = QADeployment;
		};
		303268E51EA8139700A41A8F /* QADeployment */ = {
			isa = XCBuildConfiguration;
			buildSettings = {
				ALWAYS_EMBED_SWIFT_STANDARD_LIBRARIES = YES;
				CLANG_ENABLE_MODULES = YES;
				CLANG_WARN_DOCUMENTATION_COMMENTS = NO;
				CODE_SIGN_IDENTITY = "";
				DEFINES_MODULE = YES;
				DYLIB_COMPATIBILITY_VERSION = 1;
				DYLIB_CURRENT_VERSION = 1;
				DYLIB_INSTALL_NAME_BASE = "@rpath";
				ENABLE_BITCODE = NO;
				ENABLE_ON_DEMAND_RESOURCES = NO;
				ENABLE_TESTABILITY = YES;
				FRAMEWORK_SEARCH_PATHS = "";
				HEADER_SEARCH_PATHS = (
					"$(inherited)/**",
					"$(SRCROOT)/ElectrodeApiImpl/Libraries/ReactNative/**",
					"$(SRCROOT)/ElectrodeApiImpl/Libraries/CodePush/**",
				);
				INFOPLIST_FILE = ElectrodeApiImpl/Info.plist;
				INSTALL_PATH = "$(LOCAL_LIBRARY_DIR)/Frameworks";
				LD_RUNPATH_SEARCH_PATHS = "$(inherited) @executable_path/Frameworks @loader_path/Frameworks";
				LIBRARY_SEARCH_PATHS = (
					"$(inherited)",
					"$(SRCROOT)/ElectrodeApiImpl/Libraries/ReactNative/**",
					"$(SRCROOT)/ElectrodeApiImpl/Libraries/CodePush/**",
				);
				ONLY_ACTIVE_ARCH = NO;
				OTHER_LDFLAGS = (
					"-ObjC",
					"-lc++",
					"-lz",
				);
				PRODUCT_BUNDLE_IDENTIFIER = com.walmart.electronics.ElectrodeApiImpl;
				PRODUCT_NAME = "$(TARGET_NAME)";
				SKIP_INSTALL = YES;
				STRIP_STYLE = debugging;
				SWIFT_ACTIVE_COMPILATION_CONDITIONS = DEBUG;
				SWIFT_OPTIMIZATION_LEVEL = "-Owholemodule";
				SWIFT_VERSION = 3.0;
			};
			name = QADeployment;
		};
		303268E61EA8139700A41A8F /* QADeployment */ = {
			isa = XCBuildConfiguration;
			buildSettings = {
				HEADER_SEARCH_PATHS = (
					"$(inherited)",
					"$(SRCROOT)/ElectrodeApiImpl/Libraries/CodePush/**",
				);
				INFOPLIST_FILE = ElectrodeApiImplTests/Info.plist;
				LD_RUNPATH_SEARCH_PATHS = "$(inherited) @executable_path/Frameworks @loader_path/Frameworks";
				LIBRARY_SEARCH_PATHS = (
					"$(inherited)",
					"$(SRCROOT)/ElectrodeApiImpl/Libraries/ReactNative/**",
					"$(SRCROOT)/ElectrodeApiImpl/Libraries/CodePush/**",
				);
				PRODUCT_BUNDLE_IDENTIFIER = com.walmart.electronics.ElectrodeApiImplTests;
				PRODUCT_NAME = "$(TARGET_NAME)";
				TEST_HOST = "";
			};
			name = QADeployment;
		};
		485009F51E2FF23C009B6610 /* Debug */ = {
			isa = XCBuildConfiguration;
			buildSettings = {
				ALWAYS_SEARCH_USER_PATHS = NO;
				CLANG_ANALYZER_NONNULL = YES;
				CLANG_CXX_LANGUAGE_STANDARD = "gnu++0x";
				CLANG_CXX_LIBRARY = "libc++";
				CLANG_ENABLE_MODULES = YES;
				CLANG_ENABLE_OBJC_ARC = YES;
				CLANG_WARN_BOOL_CONVERSION = YES;
				CLANG_WARN_CONSTANT_CONVERSION = YES;
				CLANG_WARN_DIRECT_OBJC_ISA_USAGE = YES_ERROR;
				CLANG_WARN_DOCUMENTATION_COMMENTS = YES;
				CLANG_WARN_EMPTY_BODY = YES;
				CLANG_WARN_ENUM_CONVERSION = YES;
				CLANG_WARN_INFINITE_RECURSION = YES;
				CLANG_WARN_INT_CONVERSION = YES;
				CLANG_WARN_OBJC_ROOT_CLASS = YES_ERROR;
				CLANG_WARN_SUSPICIOUS_MOVE = YES;
				CLANG_WARN_UNREACHABLE_CODE = YES;
				CLANG_WARN__DUPLICATE_METHOD_MATCH = YES;
				"CODE_SIGN_IDENTITY[sdk=iphoneos*]" = "iPhone Developer";
				COPY_PHASE_STRIP = NO;
				CURRENT_PROJECT_VERSION = 1;
				DEBUG_INFORMATION_FORMAT = dwarf;
				ENABLE_STRICT_OBJC_MSGSEND = YES;
				ENABLE_TESTABILITY = YES;
				GCC_C_LANGUAGE_STANDARD = gnu99;
				GCC_DYNAMIC_NO_PIC = NO;
				GCC_NO_COMMON_BLOCKS = YES;
				GCC_OPTIMIZATION_LEVEL = 0;
				GCC_PREPROCESSOR_DEFINITIONS = (
					"DEBUG=1",
					"$(inherited)",
				);
				GCC_WARN_64_TO_32_BIT_CONVERSION = YES;
				GCC_WARN_ABOUT_RETURN_TYPE = YES_ERROR;
				GCC_WARN_UNDECLARED_SELECTOR = YES;
				GCC_WARN_UNINITIALIZED_AUTOS = YES_AGGRESSIVE;
				GCC_WARN_UNUSED_FUNCTION = YES;
				GCC_WARN_UNUSED_VARIABLE = YES;
				IPHONEOS_DEPLOYMENT_TARGET = 9.0;
				MTL_ENABLE_DEBUG_INFO = YES;
				ONLY_ACTIVE_ARCH = YES;
				SDKROOT = iphoneos;
				TARGETED_DEVICE_FAMILY = "1,2";
				VERSIONING_SYSTEM = "apple-generic";
				VERSION_INFO_PREFIX = "";
			};
			name = Debug;
		};
		485009F61E2FF23C009B6610 /* Release */ = {
			isa = XCBuildConfiguration;
			buildSettings = {
				ALWAYS_SEARCH_USER_PATHS = NO;
				CLANG_ANALYZER_NONNULL = YES;
				CLANG_CXX_LANGUAGE_STANDARD = "gnu++0x";
				CLANG_CXX_LIBRARY = "libc++";
				CLANG_ENABLE_MODULES = YES;
				CLANG_ENABLE_OBJC_ARC = YES;
				CLANG_WARN_BOOL_CONVERSION = YES;
				CLANG_WARN_CONSTANT_CONVERSION = YES;
				CLANG_WARN_DIRECT_OBJC_ISA_USAGE = YES_ERROR;
				CLANG_WARN_DOCUMENTATION_COMMENTS = YES;
				CLANG_WARN_EMPTY_BODY = YES;
				CLANG_WARN_ENUM_CONVERSION = YES;
				CLANG_WARN_INFINITE_RECURSION = YES;
				CLANG_WARN_INT_CONVERSION = YES;
				CLANG_WARN_OBJC_ROOT_CLASS = YES_ERROR;
				CLANG_WARN_SUSPICIOUS_MOVE = YES;
				CLANG_WARN_UNREACHABLE_CODE = YES;
				CLANG_WARN__DUPLICATE_METHOD_MATCH = YES;
				"CODE_SIGN_IDENTITY[sdk=iphoneos*]" = "iPhone Developer";
				COPY_PHASE_STRIP = NO;
				CURRENT_PROJECT_VERSION = 1;
				DEBUG_INFORMATION_FORMAT = "dwarf-with-dsym";
				ENABLE_NS_ASSERTIONS = NO;
				ENABLE_STRICT_OBJC_MSGSEND = YES;
				GCC_C_LANGUAGE_STANDARD = gnu99;
				GCC_NO_COMMON_BLOCKS = YES;
				GCC_WARN_64_TO_32_BIT_CONVERSION = YES;
				GCC_WARN_ABOUT_RETURN_TYPE = YES_ERROR;
				GCC_WARN_UNDECLARED_SELECTOR = YES;
				GCC_WARN_UNINITIALIZED_AUTOS = YES_AGGRESSIVE;
				GCC_WARN_UNUSED_FUNCTION = YES;
				GCC_WARN_UNUSED_VARIABLE = YES;
				IPHONEOS_DEPLOYMENT_TARGET = 9.0;
				MTL_ENABLE_DEBUG_INFO = NO;
				SDKROOT = iphoneos;
				TARGETED_DEVICE_FAMILY = "1,2";
				VALIDATE_PRODUCT = YES;
				VERSIONING_SYSTEM = "apple-generic";
				VERSION_INFO_PREFIX = "";
			};
			name = Release;
		};
		485009F81E2FF23C009B6610 /* Debug */ = {
			isa = XCBuildConfiguration;
			buildSettings = {
				ALWAYS_EMBED_SWIFT_STANDARD_LIBRARIES = YES;
				CLANG_ENABLE_MODULES = YES;
				CLANG_WARN_DOCUMENTATION_COMMENTS = NO;
				CODE_SIGN_IDENTITY = "";
				DEFINES_MODULE = YES;
				DYLIB_COMPATIBILITY_VERSION = 1;
				DYLIB_CURRENT_VERSION = 1;
				DYLIB_INSTALL_NAME_BASE = "@rpath";
				ENABLE_BITCODE = NO;
				FRAMEWORK_SEARCH_PATHS = "";
				HEADER_SEARCH_PATHS = (
					"$(inherited)",
					"$(SRCROOT)/ElectrodeApiImpl/Libraries/ReactNative/**",
				);
				INFOPLIST_FILE = ElectrodeApiImpl/Info.plist;
				INSTALL_PATH = "$(LOCAL_LIBRARY_DIR)/Frameworks";
				IPHONEOS_DEPLOYMENT_TARGET = 9.0;
				LD_RUNPATH_SEARCH_PATHS = "$(inherited) @executable_path/Frameworks @loader_path/Frameworks";
				LIBRARY_SEARCH_PATHS = (
					"$(inherited)",
					"$(SRCROOT)/ElectrodeApiImpl/Libraries/ReactNative/**",
					"$(SRCROOT)/ElectrodeApiImpl/Libraries/CodePush/**",
				);
				OTHER_LDFLAGS = (
					"-ObjC",
					"-lc++",
					"-lz",
				);
				PRODUCT_BUNDLE_IDENTIFIER = com.walmart.electronics.ElectrodeApiImpl;
				PRODUCT_NAME = "$(TARGET_NAME)";
				SKIP_INSTALL = YES;
				SWIFT_ACTIVE_COMPILATION_CONDITIONS = DEBUG;
				SWIFT_OPTIMIZATION_LEVEL = "-Onone";
				SWIFT_VERSION = 3.0;
			};
			name = Debug;
		};
		485009F91E2FF23C009B6610 /* Release */ = {
			isa = XCBuildConfiguration;
			buildSettings = {
				CODE_SIGN_IDENTITY = "";
				DEFINES_MODULE = YES;
				DYLIB_COMPATIBILITY_VERSION = 1;
				DYLIB_CURRENT_VERSION = 1;
				DYLIB_INSTALL_NAME_BASE = "@rpath";
				ENABLE_BITCODE = NO;
				FRAMEWORK_SEARCH_PATHS = "";
				HEADER_SEARCH_PATHS = (
					"$(inherited)",
					"$(SRCROOT)/ElectrodeApiImpl/Libraries/ReactNative/**",
					"$(SRCROOT)/ElectrodeApiImpl/Libraries/CodePush/**",
				);
				INFOPLIST_FILE = ElectrodeApiImpl/Info.plist;
				INSTALL_PATH = "$(LOCAL_LIBRARY_DIR)/Frameworks";
				IPHONEOS_DEPLOYMENT_TARGET = 9.0;
				LD_RUNPATH_SEARCH_PATHS = "$(inherited) @executable_path/Frameworks @loader_path/Frameworks";
				LIBRARY_SEARCH_PATHS = (
					"$(inherited)",
					"$(SRCROOT)/ElectrodeApiImpl/Libraries/ReactNative/**",
					"$(SRCROOT)/ElectrodeApiImpl/Libraries/CodePush/**",
				);
				OTHER_LDFLAGS = (
					"-ObjC",
					"-lc++",
					"-lz",
				);
				PRODUCT_BUNDLE_IDENTIFIER = com.walmart.electronics.ElectrodeApiImpl;
				PRODUCT_NAME = "$(TARGET_NAME)";
				SKIP_INSTALL = YES;
				SWIFT_VERSION = 3.0;
			};
			name = Release;
		};
		485009FB1E2FF23C009B6610 /* Debug */ = {
			isa = XCBuildConfiguration;
			buildSettings = {
				INFOPLIST_FILE = ElectrodeApiImplTests/Info.plist;
				LD_RUNPATH_SEARCH_PATHS = "$(inherited) @executable_path/Frameworks @loader_path/Frameworks";
				LIBRARY_SEARCH_PATHS = (
					"$(inherited)",
					"$(SRCROOT)/ElectrodeApiImpl/Libraries/ReactNative/**",
					"$(SRCROOT)/ElectrodeApiImpl/Libraries/CodePush/**",
				);
				PRODUCT_BUNDLE_IDENTIFIER = com.walmart.electronics.ElectrodeApiImplTests;
				PRODUCT_NAME = "$(TARGET_NAME)";
				TEST_HOST = "";
			};
			name = Debug;
		};
		485009FC1E2FF23C009B6610 /* Release */ = {
			isa = XCBuildConfiguration;
			buildSettings = {
				DEVELOPMENT_TEAM = DXZ5VF8836;
				HEADER_SEARCH_PATHS = (
					"$(inherited)",
					"\"$(SRCROOT)/ElectrodeApiImpl/Libraries/CodePush\"",
				);
				INFOPLIST_FILE = ElectrodeApiImplTests/Info.plist;
				LD_RUNPATH_SEARCH_PATHS = "$(inherited) @executable_path/Frameworks @loader_path/Frameworks";
				LIBRARY_SEARCH_PATHS = (
					"$(inherited)",
					"$(SRCROOT)/ElectrodeApiImpl/Libraries/ReactNative/**",
					"$(SRCROOT)/ElectrodeApiImpl/Libraries/CodePush/**",
				);
				PRODUCT_BUNDLE_IDENTIFIER = com.walmart.electronics.ElectrodeApiImplTests;
				PRODUCT_NAME = "$(TARGET_NAME)";
				TEST_HOST = "";
			};
			name = Release;
		};
/* End XCBuildConfiguration section */

/* Begin XCConfigurationList section */
		485009DD1E2FF23B009B6610 /* Build configuration list for PBXProject "ElectrodeApiImpl" */ = {
			isa = XCConfigurationList;
			buildConfigurations = (
				485009F51E2FF23C009B6610 /* Debug */,
				303268E41EA8139700A41A8F /* QADeployment */,
				485009F61E2FF23C009B6610 /* Release */,
			);
			defaultConfigurationIsVisible = 0;
			defaultConfigurationName = Release;
		};
		485009F71E2FF23C009B6610 /* Build configuration list for PBXNativeTarget "ElectrodeApiImpl" */ = {
			isa = XCConfigurationList;
			buildConfigurations = (
				485009F81E2FF23C009B6610 /* Debug */,
				303268E51EA8139700A41A8F /* QADeployment */,
				485009F91E2FF23C009B6610 /* Release */,
			);
			defaultConfigurationIsVisible = 0;
			defaultConfigurationName = Release;
		};
		485009FA1E2FF23C009B6610 /* Build configuration list for PBXNativeTarget "ElectrodeApiImplTests" */ = {
			isa = XCConfigurationList;
			buildConfigurations = (
				485009FB1E2FF23C009B6610 /* Debug */,
				303268E61EA8139700A41A8F /* QADeployment */,
				485009FC1E2FF23C009B6610 /* Release */,
			);
			defaultConfigurationIsVisible = 0;
			defaultConfigurationName = Release;
		};
/* End XCConfigurationList section */
	};
	rootObject = 485009DA1E2FF23B009B6610 /* Project object */;
}
