// !$*UTF8*$!
{
	archiveVersion = 1;
	classes = {
	};
	objectVersion = 46;
	objects = {
/* Begin PBXBuildFile section */
		30B77DD61E66518E00EF3A78 /* ElectrodeBridgeDelegateTests.m in Sources */ = {isa = PBXBuildFile; fileRef = 30B77DD51E66518E00EF3A78 /* ElectrodeBridgeDelegateTests.m */; };
		30F8CDE41E677D7C00413247 /* ElectrodeReactNativeTests.m in Sources */ = {isa = PBXBuildFile; fileRef = 30F8CDE31E677D7C00413247 /* ElectrodeReactNativeTests.m */; };
		30F8CDEE1E67946E00413247 /* ElectrodeReactNative_Internal.h in Headers */ = {isa = PBXBuildFile; fileRef = 30F8CDED1E67946E00413247 /* ElectrodeReactNative_Internal.h */; };
		485009ED1E2FF23C009B6610 /* ElectrodeApiImpl.framework in Frameworks */ = {isa = PBXBuildFile; fileRef = 485009E31E2FF23B009B6610 /* ElectrodeApiImpl.framework */; };
		485009F21E2FF23C009B6610 /* ElectrodeApiImplTests.m in Sources */ = {isa = PBXBuildFile; fileRef = 485009F11E2FF23C009B6610 /* ElectrodeApiImplTests.m */; };
		485009F41E2FF23C009B6610 /* ElectrodeApiImpl.h in Headers */ = {isa = PBXBuildFile; fileRef = 485009E61E2FF23B009B6610 /* ElectrodeApiImpl.h */; settings = {ATTRIBUTES = (Public, ); }; };
		48500A981E2FF55B009B6610 /* ElectrodeReactNative.h in Headers */ = {isa = PBXBuildFile; fileRef = 48500A961E2FF55B009B6610 /* ElectrodeReactNative.h */; settings = {ATTRIBUTES = (Public, ); }; };
		48500A991E2FF55B009B6610 /* ElectrodeReactNative.m in Sources */ = {isa = PBXBuildFile; fileRef = 48500A971E2FF55B009B6610 /* ElectrodeReactNative.m */; };
		968333D71E54E3470031C565 /* ElectrodeBridgeDelegate.h in Headers */ = {isa = PBXBuildFile; fileRef = 968333D51E54E3470031C565 /* ElectrodeBridgeDelegate.h */; settings = {ATTRIBUTES = (Public, ); }; };
		968333D81E54E3470031C565 /* ElectrodeBridgeDelegate.m in Sources */ = {isa = PBXBuildFile; fileRef = 968333D61E54E3470031C565 /* ElectrodeBridgeDelegate.m */; };
		223A89461E89CDC70092741E /* MiniApp.jsbundle in Resources */ = {isa = PBXBuildFile; fileRef = 223A89451E89CDC70092741E /* MiniApp.jsbundle */; };
		2265A4A21EB26943007D6C3D /* Info.plist in Resources */ = {isa = PBXBuildFile; fileRef = 2265A4A11EB26943007D6C3D /* Info.plist */; };
		22BF1FEB1E8DAAF800E7F500 /* assets in Resources */ = {isa = PBXBuildFile; fileRef = 22BF1FEA1E8DAAF800E7F500 /* assets */; };
		E8C2DD7A77E24C60A66C1B1C /* ElectrodeObject.swift in Sources */ = {isa = PBXBuildFile; fileRef = 88B67303F0654959A986353C /* ElectrodeObject.swift */; };
		179FACFA7CEF434B89B1A705 /* Bridgeable.swift in Sources */ = {isa = PBXBuildFile; fileRef = 944B05C564A646FDB6BA19E0 /* Bridgeable.swift */; };
		F5909E172CA547E288E16042 /* ElectrodeRequestHandlerProcessor.swift in Sources */ = {isa = PBXBuildFile; fileRef = C79A8B6FF82B437089D0FFE3 /* ElectrodeRequestHandlerProcessor.swift */; };
		CAD4035E964040459C1B1AC7 /* ElectrodeRequestProcessor.swift in Sources */ = {isa = PBXBuildFile; fileRef = 5EFCC920C3E14E5281BABBC2 /* ElectrodeRequestProcessor.swift */; };
		9518A3BDE14142B8BCA11E96 /* ElectrodeUtilities.swift in Sources */ = {isa = PBXBuildFile; fileRef = 35206011F3F54625A6B7D7A1 /* ElectrodeUtilities.swift */; };
		8EBE07B256124009AF83FA39 /* EventListenerProcessor.swift in Sources */ = {isa = PBXBuildFile; fileRef = 6A64F20357DF47549A8F8016 /* EventListenerProcessor.swift */; };
		2BBAFBC78D1442C8B6BEA479 /* EventProcessor.swift in Sources */ = {isa = PBXBuildFile; fileRef = F4C1CE9EBAC54007BB7801CC /* EventProcessor.swift */; };
		EC531B1B423D4A8194A05183 /* Processor.swift in Sources */ = {isa = PBXBuildFile; fileRef = 14BBEAAE50A04C33B238B0CC /* Processor.swift */; };
		734F710E12A24D61A198F927 /* None.swift in Sources */ = {isa = PBXBuildFile; fileRef = 7CB00A78EB29449C8251E4C7 /* None.swift */; };
		57B35CA726724CACA0513267 /* ElectrodeBridgeEvent.m in Sources */ = {isa = PBXBuildFile; fileRef = A7E0BDAF00E54C6CAE1F2032 /* ElectrodeBridgeEvent.m */; };
		C893B7C5659541158CDA9D73 /* ElectrodeBridgeFailureMessage.m in Sources */ = {isa = PBXBuildFile; fileRef = 5F81C781802548FD82704614 /* ElectrodeBridgeFailureMessage.m */; };
		4B788E120ABE400CAE05B485 /* ElectrodeBridgeHolder.m in Sources */ = {isa = PBXBuildFile; fileRef = 367DB8D8409645DA8BF8294E /* ElectrodeBridgeHolder.m */; };
		2F3D1E59EFD64CDF83EB7358 /* ElectrodeBridgeMessage.m in Sources */ = {isa = PBXBuildFile; fileRef = 2E45AE8EBE014050A4216209 /* ElectrodeBridgeMessage.m */; };
		73C93021059948DFA89ADFD4 /* ElectrodeBridgeProtocols.m in Sources */ = {isa = PBXBuildFile; fileRef = 09B1F9BCB9744724A1CF5FB6 /* ElectrodeBridgeProtocols.m */; };
		A04556976A974E02865BA27B /* ElectrodeBridgeRequest.m in Sources */ = {isa = PBXBuildFile; fileRef = DE1AC789047F467A884F472C /* ElectrodeBridgeRequest.m */; };
		C5E05D6AB0D44391A0C39EBD /* ElectrodeBridgeResponse.m in Sources */ = {isa = PBXBuildFile; fileRef = 25BE7211EA9C45EC85A5D771 /* ElectrodeBridgeResponse.m */; };
		E82D921A3A124CA892D78954 /* ElectrodeBridgeTransaction.m in Sources */ = {isa = PBXBuildFile; fileRef = 36047A251C5A46BCA1175225 /* ElectrodeBridgeTransaction.m */; };
		4086E5BBFB15400B838C623F /* ElectrodeBridgeTransceiver.m in Sources */ = {isa = PBXBuildFile; fileRef = 5F4F5142B682470F932852FA /* ElectrodeBridgeTransceiver.m */; };
		C930F00F757046BAA6E14A00 /* ElectrodeEventDispatcher.m in Sources */ = {isa = PBXBuildFile; fileRef = 234F46DE76C6420BBDD5EE84 /* ElectrodeEventDispatcher.m */; };
		A9171D41B75B4794978904A7 /* ElectrodeEventRegistrar.m in Sources */ = {isa = PBXBuildFile; fileRef = 8DEC292899F844F598F359B5 /* ElectrodeEventRegistrar.m */; };
		A15D66AD84AE42B68AF6DE49 /* ElectrodeRequestDispatcher.m in Sources */ = {isa = PBXBuildFile; fileRef = D4BD130BDE7F49CB9ED9E388 /* ElectrodeRequestDispatcher.m */; };
		A65DE57F58F74015A1158F3F /* ElectrodeRequestRegistrar.m in Sources */ = {isa = PBXBuildFile; fileRef = 168E562A095A4CDFB6AF722E /* ElectrodeRequestRegistrar.m */; };
		A0482453065A40F5BA15E05C /* ElectrodeLogger.m in Sources */ = {isa = PBXBuildFile; fileRef = D3B73B5FFAFE437BAEB61449 /* ElectrodeLogger.m */; };
		3F33EE1B41804C2389EABE4C /* ElectrodeBridgeEvent.h in Headers */ = {isa = PBXBuildFile; fileRef = AB115170AB9046B993344EA2 /* ElectrodeBridgeEvent.h */; settings = {ATTRIBUTES = (Public, ); }; };
		0608D3D6F78A47C5A4B6FB33 /* ElectrodeBridgeFailureMessage.h in Headers */ = {isa = PBXBuildFile; fileRef = 51FCB60953264CABA2A205D7 /* ElectrodeBridgeFailureMessage.h */; settings = {ATTRIBUTES = (Public, ); }; };
		D8BDEF9FD0174170BA958DDD /* ElectrodeBridgeHolder.h in Headers */ = {isa = PBXBuildFile; fileRef = 6CC5F26B7484425798DCE267 /* ElectrodeBridgeHolder.h */; settings = {ATTRIBUTES = (Public, ); }; };
		845858B4CD7C4D98B3244AF1 /* ElectrodeBridgeMessage.h in Headers */ = {isa = PBXBuildFile; fileRef = F068795732874EF686B5A135 /* ElectrodeBridgeMessage.h */; settings = {ATTRIBUTES = (Public, ); }; };
		D3CB6E3516AD4F56A5D594C8 /* ElectrodeBridgeProtocols.h in Headers */ = {isa = PBXBuildFile; fileRef = 3449BD18D7BB45E58DA52186 /* ElectrodeBridgeProtocols.h */; settings = {ATTRIBUTES = (Public, ); }; };
		A9FF450F7C714D8FA601009E /* ElectrodeBridgeRequest.h in Headers */ = {isa = PBXBuildFile; fileRef = 8E4165395193404896F75D85 /* ElectrodeBridgeRequest.h */; settings = {ATTRIBUTES = (Public, ); }; };
		1BD3D62FA5D34AE499021226 /* ElectrodeBridgeTransaction.h in Headers */ = {isa = PBXBuildFile; fileRef = F78BEC7DE1DA48D18134E0B0 /* ElectrodeBridgeTransaction.h */; };
		FADA8A505CCD4098B897FA95 /* ElectrodeBridgeTransceiver.h in Headers */ = {isa = PBXBuildFile; fileRef = 856EA15288E64CB5AA971750 /* ElectrodeBridgeTransceiver.h */; };
		08868C1AE6484E3190A7FD04 /* ElectrodeBridgeTransceiver_Internal.h in Headers */ = {isa = PBXBuildFile; fileRef = B1064D569CA9497584F992CF /* ElectrodeBridgeTransceiver_Internal.h */; };
		C884E9BC18FC4FD0AE05B7A0 /* ElectrodeEventDispatcher.h in Headers */ = {isa = PBXBuildFile; fileRef = 262FCA09851047ADB9C91BED /* ElectrodeEventDispatcher.h */; };
		D1FE5786A4C5497580BAD854 /* ElectrodeEventRegistrar.h in Headers */ = {isa = PBXBuildFile; fileRef = 0CC339F0CF8D45149DF8C3A8 /* ElectrodeEventRegistrar.h */; };
		182F3089AA0449E9B734D24A /* ElectrodeRequestDispatcher.h in Headers */ = {isa = PBXBuildFile; fileRef = 026AEF28073E469E901D9012 /* ElectrodeRequestDispatcher.h */; };
		B8BD60703B394FB4ABB7E969 /* ElectrodeRequestRegistrar.h in Headers */ = {isa = PBXBuildFile; fileRef = 67EF6C6A2EF24670A9A96304 /* ElectrodeRequestRegistrar.h */; };
		D4C3FF0DE93A4C1E82B02013 /* ElectrodeReactNativeBridge.h in Headers */ = {isa = PBXBuildFile; fileRef = F1F9D4FE828F4CFDA8F9B466 /* ElectrodeReactNativeBridge.h */; };
		BD72D01A10434B4B9EE62216 /* ElectrodeBridgeResponse.h in Headers */ = {isa = PBXBuildFile; fileRef = FD630FDB642F448FAEEF0557 /* ElectrodeBridgeResponse.h */; };
		F021262186B1492BA5B74718 /* ElectrodeLogger.h in Headers */ = {isa = PBXBuildFile; fileRef = 5662DC7C8DF246CAA9845AEC /* ElectrodeLogger.h */; settings = {ATTRIBUTES = (Public, ); }; };
		159FCBEC59424B0E86E4F49A /* Category.swift in Sources */ = {isa = PBXBuildFile; fileRef = 8B5B538F70C74247919FD785 /* Category.swift */; };
		E42D837983BD4EC896C135F5 /* CreateUsersWithArrayInputData.swift in Sources */ = {isa = PBXBuildFile; fileRef = 4E477D1E29CE4F0B8CD6204B /* CreateUsersWithArrayInputData.swift */; };
		C6C1272539914C3E920DDE88 /* DeletePetData.swift in Sources */ = {isa = PBXBuildFile; fileRef = 82129336192B4DE382072023 /* DeletePetData.swift */; };
		89E49039CF0B4E00841B6BF9 /* LoginUserData.swift in Sources */ = {isa = PBXBuildFile; fileRef = C50128081CCA4C64A3051BAA /* LoginUserData.swift */; };
		E5F409F25502495FBC099B0D /* Order.swift in Sources */ = {isa = PBXBuildFile; fileRef = AC1DEAA570954FE384542FBC /* Order.swift */; };
		924C8BA279824F7F865A5F4B /* Pet.swift in Sources */ = {isa = PBXBuildFile; fileRef = 3ECB3CEBEC904420822540DC /* Pet.swift */; };
		1ED1FB98FEB745688F26499B /* PetAPI.swift in Sources */ = {isa = PBXBuildFile; fileRef = D38E6205EDDA47D78CA533C6 /* PetAPI.swift */; };
		0D802C5A74EC427D9DC60B5F /* PetEvents.swift in Sources */ = {isa = PBXBuildFile; fileRef = CFE91ABEB8164C9783154272 /* PetEvents.swift */; };
		52FE33C89F8C466BB18D767C /* PetRequests.swift in Sources */ = {isa = PBXBuildFile; fileRef = F3DF04ECF3724C4B9C5BEF87 /* PetRequests.swift */; };
		199E128DDC4A4A2FA6678332 /* StoreAPI.swift in Sources */ = {isa = PBXBuildFile; fileRef = 94F9D650CAE94871A8D07037 /* StoreAPI.swift */; };
		DC883AEFF8BB45A2A9A721E2 /* StoreRequests.swift in Sources */ = {isa = PBXBuildFile; fileRef = 491C913D560249E7A4871A1E /* StoreRequests.swift */; };
		701C9DB483EF405AA6ED9000 /* Tag.swift in Sources */ = {isa = PBXBuildFile; fileRef = 25BDEF57F66B458ABC0C7B63 /* Tag.swift */; };
		222FB4C3F1EE4F2289C8871D /* UpdatePetWithFormData.swift in Sources */ = {isa = PBXBuildFile; fileRef = 9CA06E8D588B49C288C6FE16 /* UpdatePetWithFormData.swift */; };
		5CD79E6A8F28447A93445DD0 /* UpdateUserData.swift in Sources */ = {isa = PBXBuildFile; fileRef = 8B8650429A7848FDAFDFD8F8 /* UpdateUserData.swift */; };
		4D60AABA229F4BCA8D298B29 /* UploadFileData.swift in Sources */ = {isa = PBXBuildFile; fileRef = 1E0981A3B6094C2982CB1AD5 /* UploadFileData.swift */; };
		D67E8FEF7043419481EE35BC /* User.swift in Sources */ = {isa = PBXBuildFile; fileRef = 8B30349B672B492C93ED30CF /* User.swift */; };
		478A33316CC749FC8AAB83B4 /* UserAPI.swift in Sources */ = {isa = PBXBuildFile; fileRef = 8BC3260E54EB466D9FB56073 /* UserAPI.swift */; };
		99A52454F3B2407C8BEB4A7B /* UserRequests.swift in Sources */ = {isa = PBXBuildFile; fileRef = B60829CC8D1049A59CDB73AF /* UserRequests.swift */; };
		4A88D5317E1547739D66F222 /* libReact.a in Frameworks */ = {isa = PBXBuildFile; fileRef = 41E1B9ABB581461C9B74CEEA /* libReact.a */; };
		047F9F6EEFDE4FBEBFACFFC0 /* libRCTActionSheet.a in Frameworks */ = {isa = PBXBuildFile; fileRef = 4E52AF320F994F6EB49326AC /* libRCTActionSheet.a */; };
		C95D62504E8640EE90037BB0 /* libRCTImage.a in Frameworks */ = {isa = PBXBuildFile; fileRef = 7CBDF46C84664668B07AB5B7 /* libRCTImage.a */; };
		2FCDF3D0754F4B40B7E00BEC /* libRCTAnimation.a in Frameworks */ = {isa = PBXBuildFile; fileRef = 5F3643575F5F47439EB1B24B /* libRCTAnimation.a */; };
		DF1F2C82829B429E82EFCEB4 /* libRCTText.a in Frameworks */ = {isa = PBXBuildFile; fileRef = 494FC1D442364F8192E0B3BC /* libRCTText.a */; };
		6F74F35E661E442DA4B193DD /* libRCTWebSocket.a in Frameworks */ = {isa = PBXBuildFile; fileRef = 415202F1716E404C85646B13 /* libRCTWebSocket.a */; };
		8700492A32214F20976A8003 /* libRCTGeolocation.a in Frameworks */ = {isa = PBXBuildFile; fileRef = 2E1CB285EB1B43BC879D846A /* libRCTGeolocation.a */; };
		F55EA1D6604D47EFBD3C1F9E /* libRCTLinking.a in Frameworks */ = {isa = PBXBuildFile; fileRef = 1F0539E75A8F4F0F9A1335D3 /* libRCTLinking.a */; };
		3CFE9D6667AB49838411047D /* libRCTNetwork.a in Frameworks */ = {isa = PBXBuildFile; fileRef = 36CDC216983E49E9BD544E6D /* libRCTNetwork.a */; };
		BCCFA9E85DB344618570C86D /* libRCTSettings.a in Frameworks */ = {isa = PBXBuildFile; fileRef = 6A71791517364E57AC98A887 /* libRCTSettings.a */; };
		903854847C7E4CB1B1EC3249 /* libRCTVibration.a in Frameworks */ = {isa = PBXBuildFile; fileRef = 58D1E89C51464DC09CE8EA0E /* libRCTVibration.a */; };
		998EE05FDF9C460F8060C401 /* libRCTCameraRoll.a in Frameworks */ = {isa = PBXBuildFile; fileRef = 9EF68FCEBCFC497687128432 /* libRCTCameraRoll.a */; };
/* End PBXBuildFile section */

/* Begin PBXContainerItemProxy section */
		485009EE1E2FF23C009B6610 /* PBXContainerItemProxy */ = {
			isa = PBXContainerItemProxy;
			containerPortal = 485009DA1E2FF23B009B6610 /* Project object */;
			proxyType = 1;
			remoteGlobalIDString = 485009E21E2FF23B009B6610;
			remoteInfo = ElectrodeApiImpl;
		};
		D7F930C16D664320A690B2CA /* PBXContainerItemProxy */ = {
			isa = PBXContainerItemProxy;
			containerPortal = 40E9EDC9C67142D5A60AB58A /* React.xcodeproj */;
			proxyType = 1;
			remoteGlobalIDString = F93801AD1F554AE3ACECB848;
			remoteInfo = React;
		};
		693A89569DA6494685AEFF8B /* PBXContainerItemProxy */ = {
			isa = PBXContainerItemProxy;
			containerPortal = 40E9EDC9C67142D5A60AB58A /* React.xcodeproj */;
			proxyType = 2;
			remoteGlobalIDString = 83CBBA2E1A601D0E00E9B192;
			remoteInfo = React;
		};
		02750A81F914489790CA98E0 /* PBXContainerItemProxy */ = {
			isa = PBXContainerItemProxy;
			containerPortal = A63E6AB80C7A49419C20112F /* RCTActionSheet.xcodeproj */;
			proxyType = 1;
			remoteGlobalIDString = F8525124086444EA9EFC6736;
			remoteInfo = RCTActionSheet;
		};
		13889E62B8B0411ABB4C8856 /* PBXContainerItemProxy */ = {
			isa = PBXContainerItemProxy;
			containerPortal = A63E6AB80C7A49419C20112F /* RCTActionSheet.xcodeproj */;
			proxyType = 2;
			remoteGlobalIDString = 134814201AA4EA6300B7C361;
			remoteInfo = RCTActionSheet;
		};
		B71AB70002B540078FD59E20 /* PBXContainerItemProxy */ = {
			isa = PBXContainerItemProxy;
			containerPortal = 2A4F0EF61CA94F1C87D3577B /* RCTImage.xcodeproj */;
			proxyType = 1;
			remoteGlobalIDString = 458358EE700142A796B5A056;
			remoteInfo = RCTImage;
		};
		E0CE847635474D5980DFC2E2 /* PBXContainerItemProxy */ = {
			isa = PBXContainerItemProxy;
			containerPortal = 2A4F0EF61CA94F1C87D3577B /* RCTImage.xcodeproj */;
			proxyType = 2;
			remoteGlobalIDString = 58B5115D1A9E6B3D00147676;
			remoteInfo = RCTImage;
		};
		9B6E4DF7896C4F71BBC00B12 /* PBXContainerItemProxy */ = {
			isa = PBXContainerItemProxy;
			containerPortal = 52C99D2F7775491BA50F49E5 /* RCTAnimation.xcodeproj */;
			proxyType = 1;
			remoteGlobalIDString = 848A3AF242F8457BAB5F8986;
			remoteInfo = RCTAnimation;
		};
		58133355DA004AC9B5DD9A49 /* PBXContainerItemProxy */ = {
			isa = PBXContainerItemProxy;
			containerPortal = 52C99D2F7775491BA50F49E5 /* RCTAnimation.xcodeproj */;
			proxyType = 2;
			remoteGlobalIDString = 134814201AA4EA6300B7C361;
			remoteInfo = RCTAnimation;
		};
		F3F367DB2B4345049B779A53 /* PBXContainerItemProxy */ = {
			isa = PBXContainerItemProxy;
			containerPortal = C6CA9BA725DF4255A7FA8C24 /* RCTText.xcodeproj */;
			proxyType = 1;
			remoteGlobalIDString = 44D0819DE744426F8E67F8BE;
			remoteInfo = RCTText;
		};
		15455A40FA3A4FCABF92116F /* PBXContainerItemProxy */ = {
			isa = PBXContainerItemProxy;
			containerPortal = C6CA9BA725DF4255A7FA8C24 /* RCTText.xcodeproj */;
			proxyType = 2;
			remoteGlobalIDString = 58B5119B1A9E6C1200147676;
			remoteInfo = RCTText;
		};
		70DF0714E5E1413280017C4C /* PBXContainerItemProxy */ = {
			isa = PBXContainerItemProxy;
			containerPortal = 1F4B1B1F57B54FBDA2A619CF /* RCTWebSocket.xcodeproj */;
			proxyType = 1;
			remoteGlobalIDString = 951848A788694DA69A69C692;
			remoteInfo = RCTWebSocket;
		};
		721D3315FC3E4C1EA4DF4280 /* PBXContainerItemProxy */ = {
			isa = PBXContainerItemProxy;
			containerPortal = 1F4B1B1F57B54FBDA2A619CF /* RCTWebSocket.xcodeproj */;
			proxyType = 2;
			remoteGlobalIDString = 3C86DF461ADF2C930047B81A;
			remoteInfo = RCTWebSocket;
		};
		5BCEF3381E2A41789345A87E /* PBXContainerItemProxy */ = {
			isa = PBXContainerItemProxy;
			containerPortal = CD62092881904CD198467050 /* RCTGeolocation.xcodeproj */;
			proxyType = 1;
			remoteGlobalIDString = 2DDD4E11FBFE47D8B9FE7FED;
			remoteInfo = RCTGeolocation;
		};
		45B25C39B1F542D182CE50E9 /* PBXContainerItemProxy */ = {
			isa = PBXContainerItemProxy;
			containerPortal = CD62092881904CD198467050 /* RCTGeolocation.xcodeproj */;
			proxyType = 2;
			remoteGlobalIDString = 134814201AA4EA6300B7C361;
			remoteInfo = RCTGeolocation;
		};
		1B71C42D35C84077A11E636D /* PBXContainerItemProxy */ = {
			isa = PBXContainerItemProxy;
			containerPortal = 895FC77359464B7DBFF778F3 /* RCTLinking.xcodeproj */;
			proxyType = 1;
			remoteGlobalIDString = 6B948E176F8B408BB470E64D;
			remoteInfo = RCTLinking;
		};
		852E8648CA5445C4AD895179 /* PBXContainerItemProxy */ = {
			isa = PBXContainerItemProxy;
			containerPortal = 895FC77359464B7DBFF778F3 /* RCTLinking.xcodeproj */;
			proxyType = 2;
			remoteGlobalIDString = 134814201AA4EA6300B7C361;
			remoteInfo = RCTLinking;
		};
		DDFB59D84E89414BBCF85305 /* PBXContainerItemProxy */ = {
			isa = PBXContainerItemProxy;
			containerPortal = 9E37F9129D9F43D1BE792530 /* RCTNetwork.xcodeproj */;
			proxyType = 1;
			remoteGlobalIDString = 818B27AAAEA043E6B10592FB;
			remoteInfo = RCTNetwork;
		};
		2C632FEB28674B1EB9964A9F /* PBXContainerItemProxy */ = {
			isa = PBXContainerItemProxy;
			containerPortal = 9E37F9129D9F43D1BE792530 /* RCTNetwork.xcodeproj */;
			proxyType = 2;
			remoteGlobalIDString = 58B511DB1A9E6C8500147676;
			remoteInfo = RCTNetwork;
		};
		96FE8684BDE241B6AF8B9227 /* PBXContainerItemProxy */ = {
			isa = PBXContainerItemProxy;
			containerPortal = 66C5E09F5E84461B858ED9D4 /* RCTSettings.xcodeproj */;
			proxyType = 1;
			remoteGlobalIDString = DBBE31E43319414880349EAB;
			remoteInfo = RCTSettings;
		};
		D1FDECC8FC0341B5A07128B3 /* PBXContainerItemProxy */ = {
			isa = PBXContainerItemProxy;
			containerPortal = 66C5E09F5E84461B858ED9D4 /* RCTSettings.xcodeproj */;
			proxyType = 2;
			remoteGlobalIDString = 134814201AA4EA6300B7C361;
			remoteInfo = RCTSettings;
		};
		2366D3C6BB334CD58E3AF26D /* PBXContainerItemProxy */ = {
			isa = PBXContainerItemProxy;
			containerPortal = 07609586714342439990EBE6 /* RCTVibration.xcodeproj */;
			proxyType = 1;
			remoteGlobalIDString = 48D35BFDD6F44C99B10F86AE;
			remoteInfo = RCTVibration;
		};
		FCED72AD2D0C4C1CA79EA111 /* PBXContainerItemProxy */ = {
			isa = PBXContainerItemProxy;
			containerPortal = 07609586714342439990EBE6 /* RCTVibration.xcodeproj */;
			proxyType = 2;
			remoteGlobalIDString = 832C81801AAF6DEF007FA2F7;
			remoteInfo = RCTVibration;
		};
		63AC6BCB9FEB472ABC239FE3 /* PBXContainerItemProxy */ = {
			isa = PBXContainerItemProxy;
			containerPortal = D263C6DE8B864A819B66D79F /* RCTCameraRoll.xcodeproj */;
			proxyType = 1;
			remoteGlobalIDString = EE555F8DD9394DA58188298E;
			remoteInfo = RCTCameraRoll;
		};
		151869B9197344849C8F0447 /* PBXContainerItemProxy */ = {
			isa = PBXContainerItemProxy;
			containerPortal = D263C6DE8B864A819B66D79F /* RCTCameraRoll.xcodeproj */;
			proxyType = 2;
			remoteGlobalIDString = 58B5115D1A9E6B3D00147676;
			remoteInfo = RCTCameraRoll;
		};
/* End PBXContainerItemProxy section */

/* Begin PBXFileReference section */
		30B77DD51E66518E00EF3A78 /* ElectrodeBridgeDelegateTests.m */ = {isa = PBXFileReference; fileEncoding = 4; lastKnownFileType = sourcecode.c.objc; path = ElectrodeBridgeDelegateTests.m; sourceTree = "<group>"; };
		30F8CDE31E677D7C00413247 /* ElectrodeReactNativeTests.m */ = {isa = PBXFileReference; fileEncoding = 4; lastKnownFileType = sourcecode.c.objc; path = ElectrodeReactNativeTests.m; sourceTree = "<group>"; };
		30F8CDED1E67946E00413247 /* ElectrodeReactNative_Internal.h */ = {isa = PBXFileReference; fileEncoding = 4; lastKnownFileType = sourcecode.c.h; path = ElectrodeReactNative_Internal.h; sourceTree = "<group>"; };
		485009E31E2FF23B009B6610 /* ElectrodeApiImpl.framework */ = {isa = PBXFileReference; explicitFileType = wrapper.framework; includeInIndex = 0; path = ElectrodeApiImpl.framework; sourceTree = BUILT_PRODUCTS_DIR; };
		485009E61E2FF23B009B6610 /* ElectrodeApiImpl.h */ = {isa = PBXFileReference; lastKnownFileType = sourcecode.c.h; path = ElectrodeApiImpl.h; sourceTree = "<group>"; };
		485009EC1E2FF23C009B6610 /* ElectrodeApiImplTests.xctest */ = {isa = PBXFileReference; explicitFileType = wrapper.cfbundle; includeInIndex = 0; path = ElectrodeApiImplTests.xctest; sourceTree = BUILT_PRODUCTS_DIR; };
		485009F11E2FF23C009B6610 /* ElectrodeApiImplTests.m */ = {isa = PBXFileReference; lastKnownFileType = sourcecode.c.objc; path = ElectrodeApiImplTests.m; sourceTree = "<group>"; };
		485009F31E2FF23C009B6610 /* Info.plist */ = {isa = PBXFileReference; lastKnownFileType = text.plist.xml; path = Info.plist; sourceTree = "<group>"; };
		48500A961E2FF55B009B6610 /* ElectrodeReactNative.h */ = {isa = PBXFileReference; fileEncoding = 4; lastKnownFileType = sourcecode.c.h; path = ElectrodeReactNative.h; sourceTree = "<group>"; };
		48500A971E2FF55B009B6610 /* ElectrodeReactNative.m */ = {isa = PBXFileReference; fileEncoding = 4; lastKnownFileType = sourcecode.c.objc; path = ElectrodeReactNative.m; sourceTree = "<group>"; };
		968333D51E54E3470031C565 /* ElectrodeBridgeDelegate.h */ = {isa = PBXFileReference; fileEncoding = 4; lastKnownFileType = sourcecode.c.h; path = ElectrodeBridgeDelegate.h; sourceTree = "<group>"; };
		968333D61E54E3470031C565 /* ElectrodeBridgeDelegate.m */ = {isa = PBXFileReference; fileEncoding = 4; lastKnownFileType = sourcecode.c.objc; path = ElectrodeBridgeDelegate.m; sourceTree = "<group>"; };
		223A89451E89CDC70092741E /* MiniApp.jsbundle */ = {isa = PBXFileReference; fileEncoding = 4; lastKnownFileType = text; path = MiniApp.jsbundle; sourceTree = "<group>"; };
		2265A4A11EB26943007D6C3D /* Info.plist */ = {isa = PBXFileReference; fileEncoding = 4; lastKnownFileType = text.plist.xml; path = Info.plist; sourceTree = "<group>"; };
		22BF1FEA1E8DAAF800E7F500 /* assets */ = {isa = PBXFileReference; lastKnownFileType = folder; path = assets; sourceTree = "<group>"; };
		88B67303F0654959A986353C /* ElectrodeObject.swift */ = {isa = PBXFileReference; name = "ElectrodeObject.swift"; path = "ElectrodeReactNativeBridge/ElectrodeObject.swift"; sourceTree = "<group>"; fileEncoding = 4; lastKnownFileType = sourcecode.swift; explicitFileType = undefined; includeInIndex = 0; };
		944B05C564A646FDB6BA19E0 /* Bridgeable.swift */ = {isa = PBXFileReference; name = "Bridgeable.swift"; path = "ElectrodeReactNativeBridge/Bridgeable.swift"; sourceTree = "<group>"; fileEncoding = 4; lastKnownFileType = sourcecode.swift; explicitFileType = undefined; includeInIndex = 0; };
		C79A8B6FF82B437089D0FFE3 /* ElectrodeRequestHandlerProcessor.swift */ = {isa = PBXFileReference; name = "ElectrodeRequestHandlerProcessor.swift"; path = "ElectrodeReactNativeBridge/ElectrodeRequestHandlerProcessor.swift"; sourceTree = "<group>"; fileEncoding = 4; lastKnownFileType = sourcecode.swift; explicitFileType = undefined; includeInIndex = 0; };
		5EFCC920C3E14E5281BABBC2 /* ElectrodeRequestProcessor.swift */ = {isa = PBXFileReference; name = "ElectrodeRequestProcessor.swift"; path = "ElectrodeReactNativeBridge/ElectrodeRequestProcessor.swift"; sourceTree = "<group>"; fileEncoding = 4; lastKnownFileType = sourcecode.swift; explicitFileType = undefined; includeInIndex = 0; };
		35206011F3F54625A6B7D7A1 /* ElectrodeUtilities.swift */ = {isa = PBXFileReference; name = "ElectrodeUtilities.swift"; path = "ElectrodeReactNativeBridge/ElectrodeUtilities.swift"; sourceTree = "<group>"; fileEncoding = 4; lastKnownFileType = sourcecode.swift; explicitFileType = undefined; includeInIndex = 0; };
		6A64F20357DF47549A8F8016 /* EventListenerProcessor.swift */ = {isa = PBXFileReference; name = "EventListenerProcessor.swift"; path = "ElectrodeReactNativeBridge/EventListenerProcessor.swift"; sourceTree = "<group>"; fileEncoding = 4; lastKnownFileType = sourcecode.swift; explicitFileType = undefined; includeInIndex = 0; };
		F4C1CE9EBAC54007BB7801CC /* EventProcessor.swift */ = {isa = PBXFileReference; name = "EventProcessor.swift"; path = "ElectrodeReactNativeBridge/EventProcessor.swift"; sourceTree = "<group>"; fileEncoding = 4; lastKnownFileType = sourcecode.swift; explicitFileType = undefined; includeInIndex = 0; };
		14BBEAAE50A04C33B238B0CC /* Processor.swift */ = {isa = PBXFileReference; name = "Processor.swift"; path = "ElectrodeReactNativeBridge/Processor.swift"; sourceTree = "<group>"; fileEncoding = 4; lastKnownFileType = sourcecode.swift; explicitFileType = undefined; includeInIndex = 0; };
		7CB00A78EB29449C8251E4C7 /* None.swift */ = {isa = PBXFileReference; name = "None.swift"; path = "ElectrodeReactNativeBridge/None.swift"; sourceTree = "<group>"; fileEncoding = 4; lastKnownFileType = sourcecode.swift; explicitFileType = undefined; includeInIndex = 0; };
		A7E0BDAF00E54C6CAE1F2032 /* ElectrodeBridgeEvent.m */ = {isa = PBXFileReference; name = "ElectrodeBridgeEvent.m"; path = "ElectrodeReactNativeBridge/ElectrodeBridgeEvent.m"; sourceTree = "<group>"; fileEncoding = 4; lastKnownFileType = sourcecode.c.objc; explicitFileType = undefined; includeInIndex = 0; };
		5F81C781802548FD82704614 /* ElectrodeBridgeFailureMessage.m */ = {isa = PBXFileReference; name = "ElectrodeBridgeFailureMessage.m"; path = "ElectrodeReactNativeBridge/ElectrodeBridgeFailureMessage.m"; sourceTree = "<group>"; fileEncoding = 4; lastKnownFileType = sourcecode.c.objc; explicitFileType = undefined; includeInIndex = 0; };
		367DB8D8409645DA8BF8294E /* ElectrodeBridgeHolder.m */ = {isa = PBXFileReference; name = "ElectrodeBridgeHolder.m"; path = "ElectrodeReactNativeBridge/ElectrodeBridgeHolder.m"; sourceTree = "<group>"; fileEncoding = 4; lastKnownFileType = sourcecode.c.objc; explicitFileType = undefined; includeInIndex = 0; };
		2E45AE8EBE014050A4216209 /* ElectrodeBridgeMessage.m */ = {isa = PBXFileReference; name = "ElectrodeBridgeMessage.m"; path = "ElectrodeReactNativeBridge/ElectrodeBridgeMessage.m"; sourceTree = "<group>"; fileEncoding = 4; lastKnownFileType = sourcecode.c.objc; explicitFileType = undefined; includeInIndex = 0; };
		09B1F9BCB9744724A1CF5FB6 /* ElectrodeBridgeProtocols.m */ = {isa = PBXFileReference; name = "ElectrodeBridgeProtocols.m"; path = "ElectrodeReactNativeBridge/ElectrodeBridgeProtocols.m"; sourceTree = "<group>"; fileEncoding = 4; lastKnownFileType = sourcecode.c.objc; explicitFileType = undefined; includeInIndex = 0; };
		DE1AC789047F467A884F472C /* ElectrodeBridgeRequest.m */ = {isa = PBXFileReference; name = "ElectrodeBridgeRequest.m"; path = "ElectrodeReactNativeBridge/ElectrodeBridgeRequest.m"; sourceTree = "<group>"; fileEncoding = 4; lastKnownFileType = sourcecode.c.objc; explicitFileType = undefined; includeInIndex = 0; };
		25BE7211EA9C45EC85A5D771 /* ElectrodeBridgeResponse.m */ = {isa = PBXFileReference; name = "ElectrodeBridgeResponse.m"; path = "ElectrodeReactNativeBridge/ElectrodeBridgeResponse.m"; sourceTree = "<group>"; fileEncoding = 4; lastKnownFileType = sourcecode.c.objc; explicitFileType = undefined; includeInIndex = 0; };
		36047A251C5A46BCA1175225 /* ElectrodeBridgeTransaction.m */ = {isa = PBXFileReference; name = "ElectrodeBridgeTransaction.m"; path = "ElectrodeReactNativeBridge/ElectrodeBridgeTransaction.m"; sourceTree = "<group>"; fileEncoding = 4; lastKnownFileType = sourcecode.c.objc; explicitFileType = undefined; includeInIndex = 0; };
		5F4F5142B682470F932852FA /* ElectrodeBridgeTransceiver.m */ = {isa = PBXFileReference; name = "ElectrodeBridgeTransceiver.m"; path = "ElectrodeReactNativeBridge/ElectrodeBridgeTransceiver.m"; sourceTree = "<group>"; fileEncoding = 4; lastKnownFileType = sourcecode.c.objc; explicitFileType = undefined; includeInIndex = 0; };
		234F46DE76C6420BBDD5EE84 /* ElectrodeEventDispatcher.m */ = {isa = PBXFileReference; name = "ElectrodeEventDispatcher.m"; path = "ElectrodeReactNativeBridge/ElectrodeEventDispatcher.m"; sourceTree = "<group>"; fileEncoding = 4; lastKnownFileType = sourcecode.c.objc; explicitFileType = undefined; includeInIndex = 0; };
		8DEC292899F844F598F359B5 /* ElectrodeEventRegistrar.m */ = {isa = PBXFileReference; name = "ElectrodeEventRegistrar.m"; path = "ElectrodeReactNativeBridge/ElectrodeEventRegistrar.m"; sourceTree = "<group>"; fileEncoding = 4; lastKnownFileType = sourcecode.c.objc; explicitFileType = undefined; includeInIndex = 0; };
		D4BD130BDE7F49CB9ED9E388 /* ElectrodeRequestDispatcher.m */ = {isa = PBXFileReference; name = "ElectrodeRequestDispatcher.m"; path = "ElectrodeReactNativeBridge/ElectrodeRequestDispatcher.m"; sourceTree = "<group>"; fileEncoding = 4; lastKnownFileType = sourcecode.c.objc; explicitFileType = undefined; includeInIndex = 0; };
		168E562A095A4CDFB6AF722E /* ElectrodeRequestRegistrar.m */ = {isa = PBXFileReference; name = "ElectrodeRequestRegistrar.m"; path = "ElectrodeReactNativeBridge/ElectrodeRequestRegistrar.m"; sourceTree = "<group>"; fileEncoding = 4; lastKnownFileType = sourcecode.c.objc; explicitFileType = undefined; includeInIndex = 0; };
		D3B73B5FFAFE437BAEB61449 /* ElectrodeLogger.m */ = {isa = PBXFileReference; name = "ElectrodeLogger.m"; path = "ElectrodeReactNativeBridge/ElectrodeLogger.m"; sourceTree = "<group>"; fileEncoding = 4; lastKnownFileType = sourcecode.c.objc; explicitFileType = undefined; includeInIndex = 0; };
		AB115170AB9046B993344EA2 /* ElectrodeBridgeEvent.h */ = {isa = PBXFileReference; name = "ElectrodeBridgeEvent.h"; path = "ElectrodeReactNativeBridge/ElectrodeBridgeEvent.h"; sourceTree = "<group>"; fileEncoding = 4; lastKnownFileType = sourcecode.c.h; explicitFileType = undefined; includeInIndex = 0; };
		51FCB60953264CABA2A205D7 /* ElectrodeBridgeFailureMessage.h */ = {isa = PBXFileReference; name = "ElectrodeBridgeFailureMessage.h"; path = "ElectrodeReactNativeBridge/ElectrodeBridgeFailureMessage.h"; sourceTree = "<group>"; fileEncoding = 4; lastKnownFileType = sourcecode.c.h; explicitFileType = undefined; includeInIndex = 0; };
		6CC5F26B7484425798DCE267 /* ElectrodeBridgeHolder.h */ = {isa = PBXFileReference; name = "ElectrodeBridgeHolder.h"; path = "ElectrodeReactNativeBridge/ElectrodeBridgeHolder.h"; sourceTree = "<group>"; fileEncoding = 4; lastKnownFileType = sourcecode.c.h; explicitFileType = undefined; includeInIndex = 0; };
		F068795732874EF686B5A135 /* ElectrodeBridgeMessage.h */ = {isa = PBXFileReference; name = "ElectrodeBridgeMessage.h"; path = "ElectrodeReactNativeBridge/ElectrodeBridgeMessage.h"; sourceTree = "<group>"; fileEncoding = 4; lastKnownFileType = sourcecode.c.h; explicitFileType = undefined; includeInIndex = 0; };
		3449BD18D7BB45E58DA52186 /* ElectrodeBridgeProtocols.h */ = {isa = PBXFileReference; name = "ElectrodeBridgeProtocols.h"; path = "ElectrodeReactNativeBridge/ElectrodeBridgeProtocols.h"; sourceTree = "<group>"; fileEncoding = 4; lastKnownFileType = sourcecode.c.h; explicitFileType = undefined; includeInIndex = 0; };
		8E4165395193404896F75D85 /* ElectrodeBridgeRequest.h */ = {isa = PBXFileReference; name = "ElectrodeBridgeRequest.h"; path = "ElectrodeReactNativeBridge/ElectrodeBridgeRequest.h"; sourceTree = "<group>"; fileEncoding = 4; lastKnownFileType = sourcecode.c.h; explicitFileType = undefined; includeInIndex = 0; };
		F78BEC7DE1DA48D18134E0B0 /* ElectrodeBridgeTransaction.h */ = {isa = PBXFileReference; name = "ElectrodeBridgeTransaction.h"; path = "ElectrodeReactNativeBridge/ElectrodeBridgeTransaction.h"; sourceTree = "<group>"; fileEncoding = 4; lastKnownFileType = sourcecode.c.h; explicitFileType = undefined; includeInIndex = 0; };
		856EA15288E64CB5AA971750 /* ElectrodeBridgeTransceiver.h */ = {isa = PBXFileReference; name = "ElectrodeBridgeTransceiver.h"; path = "ElectrodeReactNativeBridge/ElectrodeBridgeTransceiver.h"; sourceTree = "<group>"; fileEncoding = 4; lastKnownFileType = sourcecode.c.h; explicitFileType = undefined; includeInIndex = 0; };
		B1064D569CA9497584F992CF /* ElectrodeBridgeTransceiver_Internal.h */ = {isa = PBXFileReference; name = "ElectrodeBridgeTransceiver_Internal.h"; path = "ElectrodeReactNativeBridge/ElectrodeBridgeTransceiver_Internal.h"; sourceTree = "<group>"; fileEncoding = 4; lastKnownFileType = sourcecode.c.h; explicitFileType = undefined; includeInIndex = 0; };
		262FCA09851047ADB9C91BED /* ElectrodeEventDispatcher.h */ = {isa = PBXFileReference; name = "ElectrodeEventDispatcher.h"; path = "ElectrodeReactNativeBridge/ElectrodeEventDispatcher.h"; sourceTree = "<group>"; fileEncoding = 4; lastKnownFileType = sourcecode.c.h; explicitFileType = undefined; includeInIndex = 0; };
		0CC339F0CF8D45149DF8C3A8 /* ElectrodeEventRegistrar.h */ = {isa = PBXFileReference; name = "ElectrodeEventRegistrar.h"; path = "ElectrodeReactNativeBridge/ElectrodeEventRegistrar.h"; sourceTree = "<group>"; fileEncoding = 4; lastKnownFileType = sourcecode.c.h; explicitFileType = undefined; includeInIndex = 0; };
		026AEF28073E469E901D9012 /* ElectrodeRequestDispatcher.h */ = {isa = PBXFileReference; name = "ElectrodeRequestDispatcher.h"; path = "ElectrodeReactNativeBridge/ElectrodeRequestDispatcher.h"; sourceTree = "<group>"; fileEncoding = 4; lastKnownFileType = sourcecode.c.h; explicitFileType = undefined; includeInIndex = 0; };
		67EF6C6A2EF24670A9A96304 /* ElectrodeRequestRegistrar.h */ = {isa = PBXFileReference; name = "ElectrodeRequestRegistrar.h"; path = "ElectrodeReactNativeBridge/ElectrodeRequestRegistrar.h"; sourceTree = "<group>"; fileEncoding = 4; lastKnownFileType = sourcecode.c.h; explicitFileType = undefined; includeInIndex = 0; };
		F1F9D4FE828F4CFDA8F9B466 /* ElectrodeReactNativeBridge.h */ = {isa = PBXFileReference; name = "ElectrodeReactNativeBridge.h"; path = "ElectrodeReactNativeBridge/ElectrodeReactNativeBridge.h"; sourceTree = "<group>"; fileEncoding = 4; lastKnownFileType = sourcecode.c.h; explicitFileType = undefined; includeInIndex = 0; };
		FD630FDB642F448FAEEF0557 /* ElectrodeBridgeResponse.h */ = {isa = PBXFileReference; name = "ElectrodeBridgeResponse.h"; path = "ElectrodeReactNativeBridge/ElectrodeBridgeResponse.h"; sourceTree = "<group>"; fileEncoding = 4; lastKnownFileType = sourcecode.c.h; explicitFileType = undefined; includeInIndex = 0; };
		5662DC7C8DF246CAA9845AEC /* ElectrodeLogger.h */ = {isa = PBXFileReference; name = "ElectrodeLogger.h"; path = "ElectrodeReactNativeBridge/ElectrodeLogger.h"; sourceTree = "<group>"; fileEncoding = 4; lastKnownFileType = sourcecode.c.h; explicitFileType = undefined; includeInIndex = 0; };
		8B5B538F70C74247919FD785 /* Category.swift */ = {isa = PBXFileReference; name = "Category.swift"; path = "APIs/Category.swift"; sourceTree = "<group>"; fileEncoding = 4; lastKnownFileType = sourcecode.swift; explicitFileType = undefined; includeInIndex = 0; };
		4E477D1E29CE4F0B8CD6204B /* CreateUsersWithArrayInputData.swift */ = {isa = PBXFileReference; name = "CreateUsersWithArrayInputData.swift"; path = "APIs/CreateUsersWithArrayInputData.swift"; sourceTree = "<group>"; fileEncoding = 4; lastKnownFileType = sourcecode.swift; explicitFileType = undefined; includeInIndex = 0; };
		82129336192B4DE382072023 /* DeletePetData.swift */ = {isa = PBXFileReference; name = "DeletePetData.swift"; path = "APIs/DeletePetData.swift"; sourceTree = "<group>"; fileEncoding = 4; lastKnownFileType = sourcecode.swift; explicitFileType = undefined; includeInIndex = 0; };
		C50128081CCA4C64A3051BAA /* LoginUserData.swift */ = {isa = PBXFileReference; name = "LoginUserData.swift"; path = "APIs/LoginUserData.swift"; sourceTree = "<group>"; fileEncoding = 4; lastKnownFileType = sourcecode.swift; explicitFileType = undefined; includeInIndex = 0; };
		AC1DEAA570954FE384542FBC /* Order.swift */ = {isa = PBXFileReference; name = "Order.swift"; path = "APIs/Order.swift"; sourceTree = "<group>"; fileEncoding = 4; lastKnownFileType = sourcecode.swift; explicitFileType = undefined; includeInIndex = 0; };
		3ECB3CEBEC904420822540DC /* Pet.swift */ = {isa = PBXFileReference; name = "Pet.swift"; path = "APIs/Pet.swift"; sourceTree = "<group>"; fileEncoding = 4; lastKnownFileType = sourcecode.swift; explicitFileType = undefined; includeInIndex = 0; };
		D38E6205EDDA47D78CA533C6 /* PetAPI.swift */ = {isa = PBXFileReference; name = "PetAPI.swift"; path = "APIs/PetAPI.swift"; sourceTree = "<group>"; fileEncoding = 4; lastKnownFileType = sourcecode.swift; explicitFileType = undefined; includeInIndex = 0; };
		CFE91ABEB8164C9783154272 /* PetEvents.swift */ = {isa = PBXFileReference; name = "PetEvents.swift"; path = "APIs/PetEvents.swift"; sourceTree = "<group>"; fileEncoding = 4; lastKnownFileType = sourcecode.swift; explicitFileType = undefined; includeInIndex = 0; };
		F3DF04ECF3724C4B9C5BEF87 /* PetRequests.swift */ = {isa = PBXFileReference; name = "PetRequests.swift"; path = "APIs/PetRequests.swift"; sourceTree = "<group>"; fileEncoding = 4; lastKnownFileType = sourcecode.swift; explicitFileType = undefined; includeInIndex = 0; };
		94F9D650CAE94871A8D07037 /* StoreAPI.swift */ = {isa = PBXFileReference; name = "StoreAPI.swift"; path = "APIs/StoreAPI.swift"; sourceTree = "<group>"; fileEncoding = 4; lastKnownFileType = sourcecode.swift; explicitFileType = undefined; includeInIndex = 0; };
		491C913D560249E7A4871A1E /* StoreRequests.swift */ = {isa = PBXFileReference; name = "StoreRequests.swift"; path = "APIs/StoreRequests.swift"; sourceTree = "<group>"; fileEncoding = 4; lastKnownFileType = sourcecode.swift; explicitFileType = undefined; includeInIndex = 0; };
		25BDEF57F66B458ABC0C7B63 /* Tag.swift */ = {isa = PBXFileReference; name = "Tag.swift"; path = "APIs/Tag.swift"; sourceTree = "<group>"; fileEncoding = 4; lastKnownFileType = sourcecode.swift; explicitFileType = undefined; includeInIndex = 0; };
		9CA06E8D588B49C288C6FE16 /* UpdatePetWithFormData.swift */ = {isa = PBXFileReference; name = "UpdatePetWithFormData.swift"; path = "APIs/UpdatePetWithFormData.swift"; sourceTree = "<group>"; fileEncoding = 4; lastKnownFileType = sourcecode.swift; explicitFileType = undefined; includeInIndex = 0; };
		8B8650429A7848FDAFDFD8F8 /* UpdateUserData.swift */ = {isa = PBXFileReference; name = "UpdateUserData.swift"; path = "APIs/UpdateUserData.swift"; sourceTree = "<group>"; fileEncoding = 4; lastKnownFileType = sourcecode.swift; explicitFileType = undefined; includeInIndex = 0; };
		1E0981A3B6094C2982CB1AD5 /* UploadFileData.swift */ = {isa = PBXFileReference; name = "UploadFileData.swift"; path = "APIs/UploadFileData.swift"; sourceTree = "<group>"; fileEncoding = 4; lastKnownFileType = sourcecode.swift; explicitFileType = undefined; includeInIndex = 0; };
		8B30349B672B492C93ED30CF /* User.swift */ = {isa = PBXFileReference; name = "User.swift"; path = "APIs/User.swift"; sourceTree = "<group>"; fileEncoding = 4; lastKnownFileType = sourcecode.swift; explicitFileType = undefined; includeInIndex = 0; };
		8BC3260E54EB466D9FB56073 /* UserAPI.swift */ = {isa = PBXFileReference; name = "UserAPI.swift"; path = "APIs/UserAPI.swift"; sourceTree = "<group>"; fileEncoding = 4; lastKnownFileType = sourcecode.swift; explicitFileType = undefined; includeInIndex = 0; };
		B60829CC8D1049A59CDB73AF /* UserRequests.swift */ = {isa = PBXFileReference; name = "UserRequests.swift"; path = "APIs/UserRequests.swift"; sourceTree = "<group>"; fileEncoding = 4; lastKnownFileType = sourcecode.swift; explicitFileType = undefined; includeInIndex = 0; };
		40E9EDC9C67142D5A60AB58A /* React.xcodeproj */ = {isa = PBXFileReference; name = "React.xcodeproj"; path = "ReactNative/React/React.xcodeproj"; sourceTree = "<group>"; fileEncoding = undefined; lastKnownFileType = wrapper.pb-project; explicitFileType = undefined; includeInIndex = 0; };
		41E1B9ABB581461C9B74CEEA /* libReact.a */ = {isa = PBXFileReference; name = "libReact.a"; path = "libReact.a"; sourceTree = "<group>"; fileEncoding = undefined; lastKnownFileType = archive.ar; explicitFileType = undefined; includeInIndex = 0; };
		A63E6AB80C7A49419C20112F /* RCTActionSheet.xcodeproj */ = {isa = PBXFileReference; name = "RCTActionSheet.xcodeproj"; path = "ReactNative/ActionSheetIOS/RCTActionSheet.xcodeproj"; sourceTree = "<group>"; fileEncoding = undefined; lastKnownFileType = wrapper.pb-project; explicitFileType = undefined; includeInIndex = 0; };
		4E52AF320F994F6EB49326AC /* libRCTActionSheet.a */ = {isa = PBXFileReference; name = "libRCTActionSheet.a"; path = "libRCTActionSheet.a"; sourceTree = "<group>"; fileEncoding = undefined; lastKnownFileType = archive.ar; explicitFileType = undefined; includeInIndex = 0; };
		2A4F0EF61CA94F1C87D3577B /* RCTImage.xcodeproj */ = {isa = PBXFileReference; name = "RCTImage.xcodeproj"; path = "ReactNative/Image/RCTImage.xcodeproj"; sourceTree = "<group>"; fileEncoding = undefined; lastKnownFileType = wrapper.pb-project; explicitFileType = undefined; includeInIndex = 0; };
		7CBDF46C84664668B07AB5B7 /* libRCTImage.a */ = {isa = PBXFileReference; name = "libRCTImage.a"; path = "libRCTImage.a"; sourceTree = "<group>"; fileEncoding = undefined; lastKnownFileType = archive.ar; explicitFileType = undefined; includeInIndex = 0; };
		52C99D2F7775491BA50F49E5 /* RCTAnimation.xcodeproj */ = {isa = PBXFileReference; name = "RCTAnimation.xcodeproj"; path = "ReactNative/NativeAnimation/RCTAnimation.xcodeproj"; sourceTree = "<group>"; fileEncoding = undefined; lastKnownFileType = wrapper.pb-project; explicitFileType = undefined; includeInIndex = 0; };
		5F3643575F5F47439EB1B24B /* libRCTAnimation.a */ = {isa = PBXFileReference; name = "libRCTAnimation.a"; path = "libRCTAnimation.a"; sourceTree = "<group>"; fileEncoding = undefined; lastKnownFileType = archive.ar; explicitFileType = undefined; includeInIndex = 0; };
		C6CA9BA725DF4255A7FA8C24 /* RCTText.xcodeproj */ = {isa = PBXFileReference; name = "RCTText.xcodeproj"; path = "ReactNative/Text/RCTText.xcodeproj"; sourceTree = "<group>"; fileEncoding = undefined; lastKnownFileType = wrapper.pb-project; explicitFileType = undefined; includeInIndex = 0; };
		494FC1D442364F8192E0B3BC /* libRCTText.a */ = {isa = PBXFileReference; name = "libRCTText.a"; path = "libRCTText.a"; sourceTree = "<group>"; fileEncoding = undefined; lastKnownFileType = archive.ar; explicitFileType = undefined; includeInIndex = 0; };
		1F4B1B1F57B54FBDA2A619CF /* RCTWebSocket.xcodeproj */ = {isa = PBXFileReference; name = "RCTWebSocket.xcodeproj"; path = "ReactNative/WebSocket/RCTWebSocket.xcodeproj"; sourceTree = "<group>"; fileEncoding = undefined; lastKnownFileType = wrapper.pb-project; explicitFileType = undefined; includeInIndex = 0; };
		415202F1716E404C85646B13 /* libRCTWebSocket.a */ = {isa = PBXFileReference; name = "libRCTWebSocket.a"; path = "libRCTWebSocket.a"; sourceTree = "<group>"; fileEncoding = undefined; lastKnownFileType = archive.ar; explicitFileType = undefined; includeInIndex = 0; };
		CD62092881904CD198467050 /* RCTGeolocation.xcodeproj */ = {isa = PBXFileReference; name = "RCTGeolocation.xcodeproj"; path = "ReactNative/Geolocation/RCTGeolocation.xcodeproj"; sourceTree = "<group>"; fileEncoding = undefined; lastKnownFileType = wrapper.pb-project; explicitFileType = undefined; includeInIndex = 0; };
		2E1CB285EB1B43BC879D846A /* libRCTGeolocation.a */ = {isa = PBXFileReference; name = "libRCTGeolocation.a"; path = "libRCTGeolocation.a"; sourceTree = "<group>"; fileEncoding = undefined; lastKnownFileType = archive.ar; explicitFileType = undefined; includeInIndex = 0; };
		895FC77359464B7DBFF778F3 /* RCTLinking.xcodeproj */ = {isa = PBXFileReference; name = "RCTLinking.xcodeproj"; path = "ReactNative/LinkingIOS/RCTLinking.xcodeproj"; sourceTree = "<group>"; fileEncoding = undefined; lastKnownFileType = wrapper.pb-project; explicitFileType = undefined; includeInIndex = 0; };
		1F0539E75A8F4F0F9A1335D3 /* libRCTLinking.a */ = {isa = PBXFileReference; name = "libRCTLinking.a"; path = "libRCTLinking.a"; sourceTree = "<group>"; fileEncoding = undefined; lastKnownFileType = archive.ar; explicitFileType = undefined; includeInIndex = 0; };
		9E37F9129D9F43D1BE792530 /* RCTNetwork.xcodeproj */ = {isa = PBXFileReference; name = "RCTNetwork.xcodeproj"; path = "ReactNative/Network/RCTNetwork.xcodeproj"; sourceTree = "<group>"; fileEncoding = undefined; lastKnownFileType = wrapper.pb-project; explicitFileType = undefined; includeInIndex = 0; };
		36CDC216983E49E9BD544E6D /* libRCTNetwork.a */ = {isa = PBXFileReference; name = "libRCTNetwork.a"; path = "libRCTNetwork.a"; sourceTree = "<group>"; fileEncoding = undefined; lastKnownFileType = archive.ar; explicitFileType = undefined; includeInIndex = 0; };
		66C5E09F5E84461B858ED9D4 /* RCTSettings.xcodeproj */ = {isa = PBXFileReference; name = "RCTSettings.xcodeproj"; path = "ReactNative/Settings/RCTSettings.xcodeproj"; sourceTree = "<group>"; fileEncoding = undefined; lastKnownFileType = wrapper.pb-project; explicitFileType = undefined; includeInIndex = 0; };
		6A71791517364E57AC98A887 /* libRCTSettings.a */ = {isa = PBXFileReference; name = "libRCTSettings.a"; path = "libRCTSettings.a"; sourceTree = "<group>"; fileEncoding = undefined; lastKnownFileType = archive.ar; explicitFileType = undefined; includeInIndex = 0; };
		07609586714342439990EBE6 /* RCTVibration.xcodeproj */ = {isa = PBXFileReference; name = "RCTVibration.xcodeproj"; path = "ReactNative/Vibration/RCTVibration.xcodeproj"; sourceTree = "<group>"; fileEncoding = undefined; lastKnownFileType = wrapper.pb-project; explicitFileType = undefined; includeInIndex = 0; };
		58D1E89C51464DC09CE8EA0E /* libRCTVibration.a */ = {isa = PBXFileReference; name = "libRCTVibration.a"; path = "libRCTVibration.a"; sourceTree = "<group>"; fileEncoding = undefined; lastKnownFileType = archive.ar; explicitFileType = undefined; includeInIndex = 0; };
		D263C6DE8B864A819B66D79F /* RCTCameraRoll.xcodeproj */ = {isa = PBXFileReference; name = "RCTCameraRoll.xcodeproj"; path = "ReactNative/CameraRoll/RCTCameraRoll.xcodeproj"; sourceTree = "<group>"; fileEncoding = undefined; lastKnownFileType = wrapper.pb-project; explicitFileType = undefined; includeInIndex = 0; };
		9EF68FCEBCFC497687128432 /* libRCTCameraRoll.a */ = {isa = PBXFileReference; name = "libRCTCameraRoll.a"; path = "libRCTCameraRoll.a"; sourceTree = "<group>"; fileEncoding = undefined; lastKnownFileType = archive.ar; explicitFileType = undefined; includeInIndex = 0; };
/* End PBXFileReference section */

/* Begin PBXFrameworksBuildPhase section */
		485009DF1E2FF23B009B6610 /* Frameworks */ = {
			isa = PBXFrameworksBuildPhase;
			buildActionMask = 2147483647;
			files = (
				4A88D5317E1547739D66F222 /* libReact.a in Frameworks */,
				047F9F6EEFDE4FBEBFACFFC0 /* libRCTActionSheet.a in Frameworks */,
				C95D62504E8640EE90037BB0 /* libRCTImage.a in Frameworks */,
				2FCDF3D0754F4B40B7E00BEC /* libRCTAnimation.a in Frameworks */,
				DF1F2C82829B429E82EFCEB4 /* libRCTText.a in Frameworks */,
				6F74F35E661E442DA4B193DD /* libRCTWebSocket.a in Frameworks */,
				8700492A32214F20976A8003 /* libRCTGeolocation.a in Frameworks */,
				F55EA1D6604D47EFBD3C1F9E /* libRCTLinking.a in Frameworks */,
				3CFE9D6667AB49838411047D /* libRCTNetwork.a in Frameworks */,
				BCCFA9E85DB344618570C86D /* libRCTSettings.a in Frameworks */,
				903854847C7E4CB1B1EC3249 /* libRCTVibration.a in Frameworks */,
				998EE05FDF9C460F8060C401 /* libRCTCameraRoll.a in Frameworks */,
			);
			runOnlyForDeploymentPostprocessing = 0;
		};
		485009E91E2FF23C009B6610 /* Frameworks */ = {
			isa = PBXFrameworksBuildPhase;
			buildActionMask = 2147483647;
			files = (
				485009ED1E2FF23C009B6610 /* ElectrodeApiImpl.framework in Frameworks */,
			);
			runOnlyForDeploymentPostprocessing = 0;
		};
/* End PBXFrameworksBuildPhase section */

/* Begin PBXGroup section */
		22C096A91EA0893F00E1486A /* APIs */ = {
			isa = PBXGroup;
			children = (
				8B5B538F70C74247919FD785 /* Category.swift */,
				4E477D1E29CE4F0B8CD6204B /* CreateUsersWithArrayInputData.swift */,
				82129336192B4DE382072023 /* DeletePetData.swift */,
				C50128081CCA4C64A3051BAA /* LoginUserData.swift */,
				AC1DEAA570954FE384542FBC /* Order.swift */,
				3ECB3CEBEC904420822540DC /* Pet.swift */,
				D38E6205EDDA47D78CA533C6 /* PetAPI.swift */,
				CFE91ABEB8164C9783154272 /* PetEvents.swift */,
				F3DF04ECF3724C4B9C5BEF87 /* PetRequests.swift */,
				94F9D650CAE94871A8D07037 /* StoreAPI.swift */,
				491C913D560249E7A4871A1E /* StoreRequests.swift */,
				25BDEF57F66B458ABC0C7B63 /* Tag.swift */,
				9CA06E8D588B49C288C6FE16 /* UpdatePetWithFormData.swift */,
				8B8650429A7848FDAFDFD8F8 /* UpdateUserData.swift */,
				1E0981A3B6094C2982CB1AD5 /* UploadFileData.swift */,
				8B30349B672B492C93ED30CF /* User.swift */,
				8BC3260E54EB466D9FB56073 /* UserAPI.swift */,
				B60829CC8D1049A59CDB73AF /* UserRequests.swift */,
			);
			name = APIs;
			sourceTree = "<group>";
		};
		22FD4D1E1E96ECBB00FC81DB /* ElectrodeReactNativeBridge */ = {
			isa = PBXGroup;
			children = (
				88B67303F0654959A986353C /* ElectrodeObject.swift */,
				944B05C564A646FDB6BA19E0 /* Bridgeable.swift */,
				C79A8B6FF82B437089D0FFE3 /* ElectrodeRequestHandlerProcessor.swift */,
				5EFCC920C3E14E5281BABBC2 /* ElectrodeRequestProcessor.swift */,
				35206011F3F54625A6B7D7A1 /* ElectrodeUtilities.swift */,
				6A64F20357DF47549A8F8016 /* EventListenerProcessor.swift */,
				F4C1CE9EBAC54007BB7801CC /* EventProcessor.swift */,
				14BBEAAE50A04C33B238B0CC /* Processor.swift */,
				7CB00A78EB29449C8251E4C7 /* None.swift */,
				A7E0BDAF00E54C6CAE1F2032 /* ElectrodeBridgeEvent.m */,
				5F81C781802548FD82704614 /* ElectrodeBridgeFailureMessage.m */,
				367DB8D8409645DA8BF8294E /* ElectrodeBridgeHolder.m */,
				2E45AE8EBE014050A4216209 /* ElectrodeBridgeMessage.m */,
				09B1F9BCB9744724A1CF5FB6 /* ElectrodeBridgeProtocols.m */,
				DE1AC789047F467A884F472C /* ElectrodeBridgeRequest.m */,
				25BE7211EA9C45EC85A5D771 /* ElectrodeBridgeResponse.m */,
				36047A251C5A46BCA1175225 /* ElectrodeBridgeTransaction.m */,
				5F4F5142B682470F932852FA /* ElectrodeBridgeTransceiver.m */,
				234F46DE76C6420BBDD5EE84 /* ElectrodeEventDispatcher.m */,
				8DEC292899F844F598F359B5 /* ElectrodeEventRegistrar.m */,
				D4BD130BDE7F49CB9ED9E388 /* ElectrodeRequestDispatcher.m */,
				168E562A095A4CDFB6AF722E /* ElectrodeRequestRegistrar.m */,
				D3B73B5FFAFE437BAEB61449 /* ElectrodeLogger.m */,
				AB115170AB9046B993344EA2 /* ElectrodeBridgeEvent.h */,
				51FCB60953264CABA2A205D7 /* ElectrodeBridgeFailureMessage.h */,
				6CC5F26B7484425798DCE267 /* ElectrodeBridgeHolder.h */,
				F068795732874EF686B5A135 /* ElectrodeBridgeMessage.h */,
				3449BD18D7BB45E58DA52186 /* ElectrodeBridgeProtocols.h */,
				8E4165395193404896F75D85 /* ElectrodeBridgeRequest.h */,
				F78BEC7DE1DA48D18134E0B0 /* ElectrodeBridgeTransaction.h */,
				856EA15288E64CB5AA971750 /* ElectrodeBridgeTransceiver.h */,
				B1064D569CA9497584F992CF /* ElectrodeBridgeTransceiver_Internal.h */,
				262FCA09851047ADB9C91BED /* ElectrodeEventDispatcher.h */,
				0CC339F0CF8D45149DF8C3A8 /* ElectrodeEventRegistrar.h */,
				026AEF28073E469E901D9012 /* ElectrodeRequestDispatcher.h */,
				67EF6C6A2EF24670A9A96304 /* ElectrodeRequestRegistrar.h */,
				F1F9D4FE828F4CFDA8F9B466 /* ElectrodeReactNativeBridge.h */,
				FD630FDB642F448FAEEF0557 /* ElectrodeBridgeResponse.h */,
				5662DC7C8DF246CAA9845AEC /* ElectrodeLogger.h */,
			);
			name = ElectrodeReactNativeBridge;
			sourceTree = "<group>";
		};
		226325CE1E80594F00CD0B10 /* ReactNative */ = {
			isa = PBXGroup;
			children = (
				40E9EDC9C67142D5A60AB58A /* React.xcodeproj */,
				A63E6AB80C7A49419C20112F /* RCTActionSheet.xcodeproj */,
				2A4F0EF61CA94F1C87D3577B /* RCTImage.xcodeproj */,
				52C99D2F7775491BA50F49E5 /* RCTAnimation.xcodeproj */,
				C6CA9BA725DF4255A7FA8C24 /* RCTText.xcodeproj */,
				1F4B1B1F57B54FBDA2A619CF /* RCTWebSocket.xcodeproj */,
				CD62092881904CD198467050 /* RCTGeolocation.xcodeproj */,
				895FC77359464B7DBFF778F3 /* RCTLinking.xcodeproj */,
				9E37F9129D9F43D1BE792530 /* RCTNetwork.xcodeproj */,
				66C5E09F5E84461B858ED9D4 /* RCTSettings.xcodeproj */,
				07609586714342439990EBE6 /* RCTVibration.xcodeproj */,
				D263C6DE8B864A819B66D79F /* RCTCameraRoll.xcodeproj */,
			);
			name = ReactNative;
			sourceTree = "<group>";
		};
		485009D91E2FF23B009B6610 = {
			isa = PBXGroup;
			children = (
				485009E51E2FF23B009B6610 /* ElectrodeApiImpl */,
				485009F01E2FF23C009B6610 /* ElectrodeApiImplTests */,
				485009E41E2FF23B009B6610 /* Products */,
				485009FD1E2FF25D009B6610 /* Libraries */,
				48500AA71E2FFA14009B6610 /* Frameworks */,
			);
			sourceTree = "<group>";
		};
		485009E41E2FF23B009B6610 /* Products */ = {
			isa = PBXGroup;
			children = (
				485009E31E2FF23B009B6610 /* ElectrodeApiImpl.framework */,
				485009EC1E2FF23C009B6610 /* ElectrodeApiImplTests.xctest */,
			);
			name = Products;
			sourceTree = "<group>";
		};
		485009E51E2FF23B009B6610 /* ElectrodeApiImpl */ = {
			isa = PBXGroup;
			children = (
				2265A4A11EB26943007D6C3D /* Info.plist */,
				22C096A91EA0893F00E1486A /* APIs */,
				22FD4D1E1E96ECBB00FC81DB /* ElectrodeReactNativeBridge */,
				968333D51E54E3470031C565 /* ElectrodeBridgeDelegate.h */,
				968333D61E54E3470031C565 /* ElectrodeBridgeDelegate.m */,
				485009E61E2FF23B009B6610 /* ElectrodeApiImpl.h */,
				48500A961E2FF55B009B6610 /* ElectrodeReactNative.h */,
				30F8CDED1E67946E00413247 /* ElectrodeReactNative_Internal.h */,
				48500A971E2FF55B009B6610 /* ElectrodeReactNative.m */,
			);
			path = ElectrodeApiImpl;
			sourceTree = "<group>";
		};
		485009F01E2FF23C009B6610 /* ElectrodeApiImplTests */ = {
			isa = PBXGroup;
			children = (
				485009F11E2FF23C009B6610 /* ElectrodeApiImplTests.m */,
				485009F31E2FF23C009B6610 /* Info.plist */,
				30B77DD51E66518E00EF3A78 /* ElectrodeBridgeDelegateTests.m */,
				30F8CDE31E677D7C00413247 /* ElectrodeReactNativeTests.m */,
			);
			path = ElectrodeApiImplTests;
			sourceTree = "<group>";
		};
		485009FD1E2FF25D009B6610 /* Libraries */ = {
			isa = PBXGroup;
			children = (
				226325CE1E80594F00CD0B10 /* ReactNative */,
				9654B8921E5CCA1D00AFF607 /* MiniApp */,
			);
			name = Libraries;
			path = ElectrodeApiImpl/Libraries;
			sourceTree = "<group>";
		};
		48500AA71E2FFA14009B6610 /* Frameworks */ = {
			isa = PBXGroup;
			children = (
			);
			name = Frameworks;
			sourceTree = "<group>";
		};
		9654B8921E5CCA1D00AFF607 /* MiniApp */ = {
			isa = PBXGroup;
			children = (
				22BF1FEA1E8DAAF800E7F500 /* assets */,
				223A89451E89CDC70092741E /* MiniApp.jsbundle */,
			);
			path = MiniApp;
			sourceTree = "<group>";
		};
		D3EB22E5E2FC4D6EB849AB14 /* Products */ = {
			isa = PBXGroup;
			children = (
				41E1B9ABB581461C9B74CEEA /* libReact.a */,
			);
			name = Products;
			path = undefined;
			sourceTree = "<group>";
		};
		A6E79DB806174C54B1142A57 /* Products */ = {
			isa = PBXGroup;
			children = (
				4E52AF320F994F6EB49326AC /* libRCTActionSheet.a */,
			);
			name = Products;
			path = undefined;
			sourceTree = "<group>";
		};
		0A06EFF88E2846A8BAEFC620 /* Products */ = {
			isa = PBXGroup;
			children = (
				7CBDF46C84664668B07AB5B7 /* libRCTImage.a */,
			);
			name = Products;
			path = undefined;
			sourceTree = "<group>";
		};
		864C7BEE301543E088EB38CB /* Products */ = {
			isa = PBXGroup;
			children = (
				5F3643575F5F47439EB1B24B /* libRCTAnimation.a */,
			);
			name = Products;
			path = undefined;
			sourceTree = "<group>";
		};
		4FEFF96E6D5D4D3D9E0CF7BF /* Products */ = {
			isa = PBXGroup;
			children = (
				494FC1D442364F8192E0B3BC /* libRCTText.a */,
			);
			name = Products;
			path = undefined;
			sourceTree = "<group>";
		};
		F2914271AB91410FA7886CF1 /* Products */ = {
			isa = PBXGroup;
			children = (
				415202F1716E404C85646B13 /* libRCTWebSocket.a */,
			);
			name = Products;
			path = undefined;
			sourceTree = "<group>";
		};
		8AC8099C8B7540FC907D6C11 /* Products */ = {
			isa = PBXGroup;
			children = (
				2E1CB285EB1B43BC879D846A /* libRCTGeolocation.a */,
			);
			name = Products;
			path = undefined;
			sourceTree = "<group>";
		};
		F476C0EE0A3C4F09B5134EC3 /* Products */ = {
			isa = PBXGroup;
			children = (
				1F0539E75A8F4F0F9A1335D3 /* libRCTLinking.a */,
			);
			name = Products;
			path = undefined;
			sourceTree = "<group>";
		};
		4A101FBD846948CB9E38505F /* Products */ = {
			isa = PBXGroup;
			children = (
				36CDC216983E49E9BD544E6D /* libRCTNetwork.a */,
			);
			name = Products;
			path = undefined;
			sourceTree = "<group>";
		};
		EE5FEA4128C045C4B1DCC0D2 /* Products */ = {
			isa = PBXGroup;
			children = (
				6A71791517364E57AC98A887 /* libRCTSettings.a */,
			);
			name = Products;
			path = undefined;
			sourceTree = "<group>";
		};
		905E18B3B940489DA2904F28 /* Products */ = {
			isa = PBXGroup;
			children = (
				58D1E89C51464DC09CE8EA0E /* libRCTVibration.a */,
			);
			name = Products;
			path = undefined;
			sourceTree = "<group>";
		};
		D6A07310CC654A56BB67FB9D /* Products */ = {
			isa = PBXGroup;
			children = (
				9EF68FCEBCFC497687128432 /* libRCTCameraRoll.a */,
			);
			name = Products;
			path = undefined;
			sourceTree = "<group>";
		};
/* End PBXGroup section */

/* Begin PBXHeadersBuildPhase section */
		485009E01E2FF23B009B6610 /* Headers */ = {
			isa = PBXHeadersBuildPhase;
			buildActionMask = 2147483647;
			files = (
				485009F41E2FF23C009B6610 /* ElectrodeApiImpl.h in Headers */,
				968333D71E54E3470031C565 /* ElectrodeBridgeDelegate.h in Headers */,
				30F8CDEE1E67946E00413247 /* ElectrodeReactNative_Internal.h in Headers */,
				48500A981E2FF55B009B6610 /* ElectrodeReactNative.h in Headers */,
				3F33EE1B41804C2389EABE4C /* ElectrodeBridgeEvent.h in Headers */,
				0608D3D6F78A47C5A4B6FB33 /* ElectrodeBridgeFailureMessage.h in Headers */,
				D8BDEF9FD0174170BA958DDD /* ElectrodeBridgeHolder.h in Headers */,
				845858B4CD7C4D98B3244AF1 /* ElectrodeBridgeMessage.h in Headers */,
				D3CB6E3516AD4F56A5D594C8 /* ElectrodeBridgeProtocols.h in Headers */,
				A9FF450F7C714D8FA601009E /* ElectrodeBridgeRequest.h in Headers */,
				1BD3D62FA5D34AE499021226 /* ElectrodeBridgeTransaction.h in Headers */,
				FADA8A505CCD4098B897FA95 /* ElectrodeBridgeTransceiver.h in Headers */,
				08868C1AE6484E3190A7FD04 /* ElectrodeBridgeTransceiver_Internal.h in Headers */,
				C884E9BC18FC4FD0AE05B7A0 /* ElectrodeEventDispatcher.h in Headers */,
				D1FE5786A4C5497580BAD854 /* ElectrodeEventRegistrar.h in Headers */,
				182F3089AA0449E9B734D24A /* ElectrodeRequestDispatcher.h in Headers */,
				B8BD60703B394FB4ABB7E969 /* ElectrodeRequestRegistrar.h in Headers */,
				D4C3FF0DE93A4C1E82B02013 /* ElectrodeReactNativeBridge.h in Headers */,
				BD72D01A10434B4B9EE62216 /* ElectrodeBridgeResponse.h in Headers */,
				F021262186B1492BA5B74718 /* ElectrodeLogger.h in Headers */,
			);
			runOnlyForDeploymentPostprocessing = 0;
		};
/* End PBXHeadersBuildPhase section */

/* Begin PBXNativeTarget section */
		485009E21E2FF23B009B6610 /* ElectrodeApiImpl */ = {
			isa = PBXNativeTarget;
			buildConfigurationList = 485009F71E2FF23C009B6610 /* Build configuration list for PBXNativeTarget "ElectrodeApiImpl" */;
			buildPhases = (
				485009DE1E2FF23B009B6610 /* Sources */,
				485009DF1E2FF23B009B6610 /* Frameworks */,
				485009E01E2FF23B009B6610 /* Headers */,
				485009E11E2FF23B009B6610 /* Resources */,
				22C03E991E89BDBF009048EA /* CopyFiles */,
			);
			buildRules = (
			);
			dependencies = (
				2484A13AD7DA4ABD847C0A8C /* PBXTargetDependency */,
				CAFA61D4723F48889E21D6A9 /* PBXTargetDependency */,
				C083CC1A4160401398743A22 /* PBXTargetDependency */,
				608F319B3EA94AACB0CA39B2 /* PBXTargetDependency */,
				C2D3A29A360746BCA7190C6E /* PBXTargetDependency */,
				2557DBD354CA4EDCB5653D21 /* PBXTargetDependency */,
				6FE708A3DE0B4C139B131FC9 /* PBXTargetDependency */,
				74A5DDD076B54C8FAA7ABE0F /* PBXTargetDependency */,
				EF7E2C3E61CC49AA8FD9DE31 /* PBXTargetDependency */,
				1F5CCD469CF546DA9127BDE6 /* PBXTargetDependency */,
				509598DF2B7A4172AE3398A4 /* PBXTargetDependency */,
				BC8914830C9E466393EF1B3F /* PBXTargetDependency */,
			);
			name = ElectrodeApiImpl;
			productName = ElectrodeApiImpl;
			productReference = 485009E31E2FF23B009B6610 /* ElectrodeApiImpl.framework */;
			productType = "com.apple.product-type.framework";
		};
		485009EB1E2FF23C009B6610 /* ElectrodeApiImplTests */ = {
			isa = PBXNativeTarget;
			buildConfigurationList = 485009FA1E2FF23C009B6610 /* Build configuration list for PBXNativeTarget "ElectrodeApiImplTests" */;
			buildPhases = (
				485009E81E2FF23C009B6610 /* Sources */,
				485009E91E2FF23C009B6610 /* Frameworks */,
				485009EA1E2FF23C009B6610 /* Resources */,
			);
			buildRules = (
			);
			dependencies = (
				485009EF1E2FF23C009B6610 /* PBXTargetDependency */,
			);
			name = ElectrodeApiImplTests;
			productName = ElectrodeApiImplTests;
			productReference = 485009EC1E2FF23C009B6610 /* ElectrodeApiImplTests.xctest */;
			productType = "com.apple.product-type.bundle.unit-test";
		};
/* End PBXNativeTarget section */

/* Begin PBXProject section */
		485009DA1E2FF23B009B6610 /* Project object */ = {
			isa = PBXProject;
			attributes = {
				LastUpgradeCheck = 820;
				ORGANIZATIONNAME = Walmart;
				TargetAttributes = {
					485009E21E2FF23B009B6610 = {
						CreatedOnToolsVersion = 8.2.1;
						ProvisioningStyle = Automatic;
					};
					485009EB1E2FF23C009B6610 = {
						CreatedOnToolsVersion = 8.2.1;
						DevelopmentTeam = DXZ5VF8836;
						ProvisioningStyle = Automatic;
					};
				};
			};
			buildConfigurationList = 485009DD1E2FF23B009B6610 /* Build configuration list for PBXProject "ElectrodeApiImpl" */;
			compatibilityVersion = "Xcode 3.2";
			developmentRegion = English;
			hasScannedForEncodings = 0;
			knownRegions = (
				en,
			);
			mainGroup = 485009D91E2FF23B009B6610;
			productRefGroup = 485009E41E2FF23B009B6610 /* Products */;
			projectDirPath = "";
			projectReferences = (
				{
					ProjectRef = 40E9EDC9C67142D5A60AB58A /* React.xcodeproj */;
					ProductGroup = D3EB22E5E2FC4D6EB849AB14 /* Products */;
				},
				{
					ProjectRef = A63E6AB80C7A49419C20112F /* RCTActionSheet.xcodeproj */;
					ProductGroup = A6E79DB806174C54B1142A57 /* Products */;
				},
				{
					ProjectRef = 2A4F0EF61CA94F1C87D3577B /* RCTImage.xcodeproj */;
					ProductGroup = 0A06EFF88E2846A8BAEFC620 /* Products */;
				},
				{
					ProjectRef = 52C99D2F7775491BA50F49E5 /* RCTAnimation.xcodeproj */;
					ProductGroup = 864C7BEE301543E088EB38CB /* Products */;
				},
				{
					ProjectRef = C6CA9BA725DF4255A7FA8C24 /* RCTText.xcodeproj */;
					ProductGroup = 4FEFF96E6D5D4D3D9E0CF7BF /* Products */;
				},
				{
					ProjectRef = 1F4B1B1F57B54FBDA2A619CF /* RCTWebSocket.xcodeproj */;
					ProductGroup = F2914271AB91410FA7886CF1 /* Products */;
				},
				{
					ProjectRef = CD62092881904CD198467050 /* RCTGeolocation.xcodeproj */;
					ProductGroup = 8AC8099C8B7540FC907D6C11 /* Products */;
				},
				{
					ProjectRef = 895FC77359464B7DBFF778F3 /* RCTLinking.xcodeproj */;
					ProductGroup = F476C0EE0A3C4F09B5134EC3 /* Products */;
				},
				{
					ProjectRef = 9E37F9129D9F43D1BE792530 /* RCTNetwork.xcodeproj */;
					ProductGroup = 4A101FBD846948CB9E38505F /* Products */;
				},
				{
					ProjectRef = 66C5E09F5E84461B858ED9D4 /* RCTSettings.xcodeproj */;
					ProductGroup = EE5FEA4128C045C4B1DCC0D2 /* Products */;
				},
				{
					ProjectRef = 07609586714342439990EBE6 /* RCTVibration.xcodeproj */;
					ProductGroup = 905E18B3B940489DA2904F28 /* Products */;
				},
				{
					ProjectRef = D263C6DE8B864A819B66D79F /* RCTCameraRoll.xcodeproj */;
					ProductGroup = D6A07310CC654A56BB67FB9D /* Products */;
				},
			);
			projectRoot = "";
			targets = (
				485009E21E2FF23B009B6610 /* ElectrodeApiImpl */,
				485009EB1E2FF23C009B6610 /* ElectrodeApiImplTests */,
			);
		};
/* End PBXProject section */

/* Begin PBXReferenceProxy section */
		41E1B9ABB581461C9B74CEEA /* libReact.a */ = {
			isa = PBXReferenceProxy;
			fileType = archive.ar;
			path = libReact.a;
			remoteRef = 693A89569DA6494685AEFF8B /* PBXContainerItemProxy */;
			sourceTree = BUILT_PRODUCTS_DIR;
		};
		4E52AF320F994F6EB49326AC /* libRCTActionSheet.a */ = {
			isa = PBXReferenceProxy;
			fileType = archive.ar;
			path = libRCTActionSheet.a;
			remoteRef = 13889E62B8B0411ABB4C8856 /* PBXContainerItemProxy */;
			sourceTree = BUILT_PRODUCTS_DIR;
		};
		7CBDF46C84664668B07AB5B7 /* libRCTImage.a */ = {
			isa = PBXReferenceProxy;
			fileType = archive.ar;
			path = libRCTImage.a;
			remoteRef = E0CE847635474D5980DFC2E2 /* PBXContainerItemProxy */;
			sourceTree = BUILT_PRODUCTS_DIR;
		};
		5F3643575F5F47439EB1B24B /* libRCTAnimation.a */ = {
			isa = PBXReferenceProxy;
			fileType = archive.ar;
			path = libRCTAnimation.a;
			remoteRef = 58133355DA004AC9B5DD9A49 /* PBXContainerItemProxy */;
			sourceTree = BUILT_PRODUCTS_DIR;
		};
		494FC1D442364F8192E0B3BC /* libRCTText.a */ = {
			isa = PBXReferenceProxy;
			fileType = archive.ar;
			path = libRCTText.a;
			remoteRef = 15455A40FA3A4FCABF92116F /* PBXContainerItemProxy */;
			sourceTree = BUILT_PRODUCTS_DIR;
		};
		415202F1716E404C85646B13 /* libRCTWebSocket.a */ = {
			isa = PBXReferenceProxy;
			fileType = archive.ar;
			path = libRCTWebSocket.a;
			remoteRef = 721D3315FC3E4C1EA4DF4280 /* PBXContainerItemProxy */;
			sourceTree = BUILT_PRODUCTS_DIR;
		};
		2E1CB285EB1B43BC879D846A /* libRCTGeolocation.a */ = {
			isa = PBXReferenceProxy;
			fileType = archive.ar;
			path = libRCTGeolocation.a;
			remoteRef = 45B25C39B1F542D182CE50E9 /* PBXContainerItemProxy */;
			sourceTree = BUILT_PRODUCTS_DIR;
		};
		1F0539E75A8F4F0F9A1335D3 /* libRCTLinking.a */ = {
			isa = PBXReferenceProxy;
			fileType = archive.ar;
			path = libRCTLinking.a;
			remoteRef = 852E8648CA5445C4AD895179 /* PBXContainerItemProxy */;
			sourceTree = BUILT_PRODUCTS_DIR;
		};
		36CDC216983E49E9BD544E6D /* libRCTNetwork.a */ = {
			isa = PBXReferenceProxy;
			fileType = archive.ar;
			path = libRCTNetwork.a;
			remoteRef = 2C632FEB28674B1EB9964A9F /* PBXContainerItemProxy */;
			sourceTree = BUILT_PRODUCTS_DIR;
		};
		6A71791517364E57AC98A887 /* libRCTSettings.a */ = {
			isa = PBXReferenceProxy;
			fileType = archive.ar;
			path = libRCTSettings.a;
			remoteRef = D1FDECC8FC0341B5A07128B3 /* PBXContainerItemProxy */;
			sourceTree = BUILT_PRODUCTS_DIR;
		};
		58D1E89C51464DC09CE8EA0E /* libRCTVibration.a */ = {
			isa = PBXReferenceProxy;
			fileType = archive.ar;
			path = libRCTVibration.a;
			remoteRef = FCED72AD2D0C4C1CA79EA111 /* PBXContainerItemProxy */;
			sourceTree = BUILT_PRODUCTS_DIR;
		};
		9EF68FCEBCFC497687128432 /* libRCTCameraRoll.a */ = {
			isa = PBXReferenceProxy;
			fileType = archive.ar;
			path = libRCTCameraRoll.a;
			remoteRef = 151869B9197344849C8F0447 /* PBXContainerItemProxy */;
			sourceTree = BUILT_PRODUCTS_DIR;
		};
/* End PBXReferenceProxy section */

/* Begin PBXResourcesBuildPhase section */
		485009E11E2FF23B009B6610 /* Resources */ = {
			isa = PBXResourcesBuildPhase;
			buildActionMask = 2147483647;
			files = (
				22BF1FEB1E8DAAF800E7F500 /* assets in Resources */,
				223A89461E89CDC70092741E /* MiniApp.jsbundle in Resources */,
				2265A4A21EB26943007D6C3D /* Info.plist in Resources */,
			);
			runOnlyForDeploymentPostprocessing = 0;
		};
		485009EA1E2FF23C009B6610 /* Resources */ = {
			isa = PBXResourcesBuildPhase;
			buildActionMask = 2147483647;
			files = (
			);
			runOnlyForDeploymentPostprocessing = 0;
		};
/* End PBXResourcesBuildPhase section */

/* Begin PBXSourcesBuildPhase section */
		485009DE1E2FF23B009B6610 /* Sources */ = {
			isa = PBXSourcesBuildPhase;
			buildActionMask = 2147483647;
			files = (
				48500A991E2FF55B009B6610 /* ElectrodeReactNative.m in Sources */,
				968333D81E54E3470031C565 /* ElectrodeBridgeDelegate.m in Sources */,
				E8C2DD7A77E24C60A66C1B1C /* ElectrodeObject.swift in Sources */,
				179FACFA7CEF434B89B1A705 /* Bridgeable.swift in Sources */,
				F5909E172CA547E288E16042 /* ElectrodeRequestHandlerProcessor.swift in Sources */,
				CAD4035E964040459C1B1AC7 /* ElectrodeRequestProcessor.swift in Sources */,
				9518A3BDE14142B8BCA11E96 /* ElectrodeUtilities.swift in Sources */,
				8EBE07B256124009AF83FA39 /* EventListenerProcessor.swift in Sources */,
				2BBAFBC78D1442C8B6BEA479 /* EventProcessor.swift in Sources */,
				EC531B1B423D4A8194A05183 /* Processor.swift in Sources */,
				734F710E12A24D61A198F927 /* None.swift in Sources */,
				57B35CA726724CACA0513267 /* ElectrodeBridgeEvent.m in Sources */,
				C893B7C5659541158CDA9D73 /* ElectrodeBridgeFailureMessage.m in Sources */,
				4B788E120ABE400CAE05B485 /* ElectrodeBridgeHolder.m in Sources */,
				2F3D1E59EFD64CDF83EB7358 /* ElectrodeBridgeMessage.m in Sources */,
				73C93021059948DFA89ADFD4 /* ElectrodeBridgeProtocols.m in Sources */,
				A04556976A974E02865BA27B /* ElectrodeBridgeRequest.m in Sources */,
				C5E05D6AB0D44391A0C39EBD /* ElectrodeBridgeResponse.m in Sources */,
				E82D921A3A124CA892D78954 /* ElectrodeBridgeTransaction.m in Sources */,
				4086E5BBFB15400B838C623F /* ElectrodeBridgeTransceiver.m in Sources */,
				C930F00F757046BAA6E14A00 /* ElectrodeEventDispatcher.m in Sources */,
				A9171D41B75B4794978904A7 /* ElectrodeEventRegistrar.m in Sources */,
				A15D66AD84AE42B68AF6DE49 /* ElectrodeRequestDispatcher.m in Sources */,
				A65DE57F58F74015A1158F3F /* ElectrodeRequestRegistrar.m in Sources */,
				A0482453065A40F5BA15E05C /* ElectrodeLogger.m in Sources */,
				159FCBEC59424B0E86E4F49A /* Category.swift in Sources */,
				E42D837983BD4EC896C135F5 /* CreateUsersWithArrayInputData.swift in Sources */,
				C6C1272539914C3E920DDE88 /* DeletePetData.swift in Sources */,
				89E49039CF0B4E00841B6BF9 /* LoginUserData.swift in Sources */,
				E5F409F25502495FBC099B0D /* Order.swift in Sources */,
				924C8BA279824F7F865A5F4B /* Pet.swift in Sources */,
				1ED1FB98FEB745688F26499B /* PetAPI.swift in Sources */,
				0D802C5A74EC427D9DC60B5F /* PetEvents.swift in Sources */,
				52FE33C89F8C466BB18D767C /* PetRequests.swift in Sources */,
				199E128DDC4A4A2FA6678332 /* StoreAPI.swift in Sources */,
				DC883AEFF8BB45A2A9A721E2 /* StoreRequests.swift in Sources */,
				701C9DB483EF405AA6ED9000 /* Tag.swift in Sources */,
				222FB4C3F1EE4F2289C8871D /* UpdatePetWithFormData.swift in Sources */,
				5CD79E6A8F28447A93445DD0 /* UpdateUserData.swift in Sources */,
				4D60AABA229F4BCA8D298B29 /* UploadFileData.swift in Sources */,
				D67E8FEF7043419481EE35BC /* User.swift in Sources */,
				478A33316CC749FC8AAB83B4 /* UserAPI.swift in Sources */,
				99A52454F3B2407C8BEB4A7B /* UserRequests.swift in Sources */,
			);
			runOnlyForDeploymentPostprocessing = 0;
		};
		485009E81E2FF23C009B6610 /* Sources */ = {
			isa = PBXSourcesBuildPhase;
			buildActionMask = 2147483647;
			files = (
				485009F21E2FF23C009B6610 /* ElectrodeApiImplTests.m in Sources */,
				30B77DD61E66518E00EF3A78 /* ElectrodeBridgeDelegateTests.m in Sources */,
				30F8CDE41E677D7C00413247 /* ElectrodeReactNativeTests.m in Sources */,
			);
			runOnlyForDeploymentPostprocessing = 0;
		};
/* End PBXSourcesBuildPhase section */

/* Begin PBXTargetDependency section */
		485009EF1E2FF23C009B6610 /* PBXTargetDependency */ = {
			isa = PBXTargetDependency;
			target = 485009E21E2FF23B009B6610 /* ElectrodeApiImpl */;
			targetProxy = 485009EE1E2FF23C009B6610 /* PBXContainerItemProxy */;
		};
		2484A13AD7DA4ABD847C0A8C /* PBXTargetDependency */ = {
			isa = PBXTargetDependency;
			name = React;
			targetProxy = D7F930C16D664320A690B2CA /* PBXContainerItemProxy */;
		};
		CAFA61D4723F48889E21D6A9 /* PBXTargetDependency */ = {
			isa = PBXTargetDependency;
			name = RCTActionSheet;
			targetProxy = 02750A81F914489790CA98E0 /* PBXContainerItemProxy */;
		};
		C083CC1A4160401398743A22 /* PBXTargetDependency */ = {
			isa = PBXTargetDependency;
			name = RCTImage;
			targetProxy = B71AB70002B540078FD59E20 /* PBXContainerItemProxy */;
		};
		608F319B3EA94AACB0CA39B2 /* PBXTargetDependency */ = {
			isa = PBXTargetDependency;
			name = RCTAnimation;
			targetProxy = 9B6E4DF7896C4F71BBC00B12 /* PBXContainerItemProxy */;
		};
		C2D3A29A360746BCA7190C6E /* PBXTargetDependency */ = {
			isa = PBXTargetDependency;
			name = RCTText;
			targetProxy = F3F367DB2B4345049B779A53 /* PBXContainerItemProxy */;
		};
		2557DBD354CA4EDCB5653D21 /* PBXTargetDependency */ = {
			isa = PBXTargetDependency;
			name = RCTWebSocket;
			targetProxy = 70DF0714E5E1413280017C4C /* PBXContainerItemProxy */;
		};
		6FE708A3DE0B4C139B131FC9 /* PBXTargetDependency */ = {
			isa = PBXTargetDependency;
			name = RCTGeolocation;
			targetProxy = 5BCEF3381E2A41789345A87E /* PBXContainerItemProxy */;
		};
		74A5DDD076B54C8FAA7ABE0F /* PBXTargetDependency */ = {
			isa = PBXTargetDependency;
			name = RCTLinking;
			targetProxy = 1B71C42D35C84077A11E636D /* PBXContainerItemProxy */;
		};
		EF7E2C3E61CC49AA8FD9DE31 /* PBXTargetDependency */ = {
			isa = PBXTargetDependency;
			name = RCTNetwork;
			targetProxy = DDFB59D84E89414BBCF85305 /* PBXContainerItemProxy */;
		};
		1F5CCD469CF546DA9127BDE6 /* PBXTargetDependency */ = {
			isa = PBXTargetDependency;
			name = RCTSettings;
			targetProxy = 96FE8684BDE241B6AF8B9227 /* PBXContainerItemProxy */;
		};
		509598DF2B7A4172AE3398A4 /* PBXTargetDependency */ = {
			isa = PBXTargetDependency;
			name = RCTVibration;
			targetProxy = 2366D3C6BB334CD58E3AF26D /* PBXContainerItemProxy */;
		};
		BC8914830C9E466393EF1B3F /* PBXTargetDependency */ = {
			isa = PBXTargetDependency;
			name = RCTCameraRoll;
			targetProxy = 63AC6BCB9FEB472ABC239FE3 /* PBXContainerItemProxy */;
		};
/* End PBXTargetDependency section */

/* Begin XCBuildConfiguration section */
		303268E41EA8139700A41A8F /* QADeployment */ = {
			isa = XCBuildConfiguration;
			buildSettings = {
				ALWAYS_SEARCH_USER_PATHS = NO;
				CLANG_ANALYZER_NONNULL = YES;
				CLANG_CXX_LANGUAGE_STANDARD = "gnu++0x";
				CLANG_CXX_LIBRARY = "libc++";
				CLANG_ENABLE_MODULES = YES;
				CLANG_ENABLE_OBJC_ARC = YES;
				CLANG_WARN_BOOL_CONVERSION = YES;
				CLANG_WARN_CONSTANT_CONVERSION = YES;
				CLANG_WARN_DIRECT_OBJC_ISA_USAGE = YES_ERROR;
				CLANG_WARN_DOCUMENTATION_COMMENTS = YES;
				CLANG_WARN_EMPTY_BODY = YES;
				CLANG_WARN_ENUM_CONVERSION = YES;
				CLANG_WARN_INFINITE_RECURSION = YES;
				CLANG_WARN_INT_CONVERSION = YES;
				CLANG_WARN_OBJC_ROOT_CLASS = YES_ERROR;
				CLANG_WARN_SUSPICIOUS_MOVE = YES;
				CLANG_WARN_UNREACHABLE_CODE = YES;
				CLANG_WARN__DUPLICATE_METHOD_MATCH = YES;
				"CODE_SIGN_IDENTITY[sdk=iphoneos*]" = "iPhone Developer";
				COPY_PHASE_STRIP = NO;
				CURRENT_PROJECT_VERSION = 1;
				DEBUG_INFORMATION_FORMAT = "dwarf-with-dsym";
				ENABLE_STRICT_OBJC_MSGSEND = YES;
				ENABLE_TESTABILITY = YES;
				GCC_C_LANGUAGE_STANDARD = gnu99;
				GCC_DYNAMIC_NO_PIC = NO;
				GCC_NO_COMMON_BLOCKS = YES;
				GCC_OPTIMIZATION_LEVEL = 0;
				GCC_PREPROCESSOR_DEFINITIONS = (
					"DEBUG=1",
					"$(inherited)",
				);
				GCC_WARN_64_TO_32_BIT_CONVERSION = YES;
				GCC_WARN_ABOUT_RETURN_TYPE = YES_ERROR;
				GCC_WARN_UNDECLARED_SELECTOR = YES;
				GCC_WARN_UNINITIALIZED_AUTOS = YES_AGGRESSIVE;
				GCC_WARN_UNUSED_FUNCTION = YES;
				GCC_WARN_UNUSED_VARIABLE = YES;
				IPHONEOS_DEPLOYMENT_TARGET = 9.0;
				MTL_ENABLE_DEBUG_INFO = YES;
				ONLY_ACTIVE_ARCH = YES;
				SDKROOT = iphoneos;
				TARGETED_DEVICE_FAMILY = "1,2";
				VERSIONING_SYSTEM = "apple-generic";
				VERSION_INFO_PREFIX = "";
			};
			name = QADeployment;
		};
		303268E51EA8139700A41A8F /* QADeployment */ = {
			isa = XCBuildConfiguration;
			buildSettings = {
				ALWAYS_EMBED_SWIFT_STANDARD_LIBRARIES = YES;
				CLANG_ENABLE_MODULES = YES;
				CLANG_WARN_DOCUMENTATION_COMMENTS = NO;
				CODE_SIGN_IDENTITY = "";
				DEFINES_MODULE = YES;
				DYLIB_COMPATIBILITY_VERSION = 1;
				DYLIB_CURRENT_VERSION = 1;
				DYLIB_INSTALL_NAME_BASE = "@rpath";
				ENABLE_BITCODE = NO;
				ENABLE_ON_DEMAND_RESOURCES = NO;
				ENABLE_TESTABILITY = YES;
				FRAMEWORK_SEARCH_PATHS = "";
				HEADER_SEARCH_PATHS = (
					"$(inherited)/**",
					"$(SRCROOT)/ElectrodeApiImpl/Libraries/ReactNative/**",
					"$(SRCROOT)/ElectrodeApiImpl/Libraries/CodePush/**",
				);
				INFOPLIST_FILE = ElectrodeApiImpl/Info.plist;
				INSTALL_PATH = "$(LOCAL_LIBRARY_DIR)/Frameworks";
				LD_RUNPATH_SEARCH_PATHS = "$(inherited) @executable_path/Frameworks @loader_path/Frameworks";
				LIBRARY_SEARCH_PATHS = (
					"$(inherited)",
					"$(SRCROOT)/ElectrodeApiImpl/Libraries/ReactNative/**",
					"$(SRCROOT)/ElectrodeApiImpl/Libraries/CodePush/**",
				);
				ONLY_ACTIVE_ARCH = NO;
				OTHER_LDFLAGS = (
					"-ObjC",
					"-lc++",
					"-lz",
				);
				PRODUCT_BUNDLE_IDENTIFIER = com.walmart.electronics.ElectrodeApiImpl;
				PRODUCT_NAME = "$(TARGET_NAME)";
				SKIP_INSTALL = YES;
				STRIP_STYLE = debugging;
				SWIFT_ACTIVE_COMPILATION_CONDITIONS = DEBUG;
				SWIFT_OPTIMIZATION_LEVEL = "-Owholemodule";
				SWIFT_VERSION = 3.0;
			};
			name = QADeployment;
		};
		303268E61EA8139700A41A8F /* QADeployment */ = {
			isa = XCBuildConfiguration;
			buildSettings = {
				HEADER_SEARCH_PATHS = (
					"$(inherited)",
					"$(SRCROOT)/ElectrodeApiImpl/Libraries/CodePush/**",
				);
				INFOPLIST_FILE = ElectrodeApiImplTests/Info.plist;
				LD_RUNPATH_SEARCH_PATHS = "$(inherited) @executable_path/Frameworks @loader_path/Frameworks";
				LIBRARY_SEARCH_PATHS = (
					"$(inherited)",
					"$(SRCROOT)/ElectrodeApiImpl/Libraries/ReactNative/**",
					"$(SRCROOT)/ElectrodeApiImpl/Libraries/CodePush/**",
				);
				PRODUCT_BUNDLE_IDENTIFIER = com.walmart.electronics.ElectrodeApiImplTests;
				PRODUCT_NAME = "$(TARGET_NAME)";
				TEST_HOST = "";
			};
			name = QADeployment;
		};
		485009F51E2FF23C009B6610 /* Debug */ = {
			isa = XCBuildConfiguration;
			buildSettings = {
				ALWAYS_SEARCH_USER_PATHS = NO;
				CLANG_ANALYZER_NONNULL = YES;
				CLANG_CXX_LANGUAGE_STANDARD = "gnu++0x";
				CLANG_CXX_LIBRARY = "libc++";
				CLANG_ENABLE_MODULES = YES;
				CLANG_ENABLE_OBJC_ARC = YES;
				CLANG_WARN_BOOL_CONVERSION = YES;
				CLANG_WARN_CONSTANT_CONVERSION = YES;
				CLANG_WARN_DIRECT_OBJC_ISA_USAGE = YES_ERROR;
				CLANG_WARN_DOCUMENTATION_COMMENTS = YES;
				CLANG_WARN_EMPTY_BODY = YES;
				CLANG_WARN_ENUM_CONVERSION = YES;
				CLANG_WARN_INFINITE_RECURSION = YES;
				CLANG_WARN_INT_CONVERSION = YES;
				CLANG_WARN_OBJC_ROOT_CLASS = YES_ERROR;
				CLANG_WARN_SUSPICIOUS_MOVE = YES;
				CLANG_WARN_UNREACHABLE_CODE = YES;
				CLANG_WARN__DUPLICATE_METHOD_MATCH = YES;
				"CODE_SIGN_IDENTITY[sdk=iphoneos*]" = "iPhone Developer";
				COPY_PHASE_STRIP = NO;
				CURRENT_PROJECT_VERSION = 1;
				DEBUG_INFORMATION_FORMAT = dwarf;
				ENABLE_STRICT_OBJC_MSGSEND = YES;
				ENABLE_TESTABILITY = YES;
				GCC_C_LANGUAGE_STANDARD = gnu99;
				GCC_DYNAMIC_NO_PIC = NO;
				GCC_NO_COMMON_BLOCKS = YES;
				GCC_OPTIMIZATION_LEVEL = 0;
				GCC_PREPROCESSOR_DEFINITIONS = (
					"DEBUG=1",
					"$(inherited)",
				);
				GCC_WARN_64_TO_32_BIT_CONVERSION = YES;
				GCC_WARN_ABOUT_RETURN_TYPE = YES_ERROR;
				GCC_WARN_UNDECLARED_SELECTOR = YES;
				GCC_WARN_UNINITIALIZED_AUTOS = YES_AGGRESSIVE;
				GCC_WARN_UNUSED_FUNCTION = YES;
				GCC_WARN_UNUSED_VARIABLE = YES;
				IPHONEOS_DEPLOYMENT_TARGET = 9.0;
				MTL_ENABLE_DEBUG_INFO = YES;
				ONLY_ACTIVE_ARCH = YES;
				SDKROOT = iphoneos;
				TARGETED_DEVICE_FAMILY = "1,2";
				VERSIONING_SYSTEM = "apple-generic";
				VERSION_INFO_PREFIX = "";
			};
			name = Debug;
		};
		485009F61E2FF23C009B6610 /* Release */ = {
			isa = XCBuildConfiguration;
			buildSettings = {
				ALWAYS_SEARCH_USER_PATHS = NO;
				CLANG_ANALYZER_NONNULL = YES;
				CLANG_CXX_LANGUAGE_STANDARD = "gnu++0x";
				CLANG_CXX_LIBRARY = "libc++";
				CLANG_ENABLE_MODULES = YES;
				CLANG_ENABLE_OBJC_ARC = YES;
				CLANG_WARN_BOOL_CONVERSION = YES;
				CLANG_WARN_CONSTANT_CONVERSION = YES;
				CLANG_WARN_DIRECT_OBJC_ISA_USAGE = YES_ERROR;
				CLANG_WARN_DOCUMENTATION_COMMENTS = YES;
				CLANG_WARN_EMPTY_BODY = YES;
				CLANG_WARN_ENUM_CONVERSION = YES;
				CLANG_WARN_INFINITE_RECURSION = YES;
				CLANG_WARN_INT_CONVERSION = YES;
				CLANG_WARN_OBJC_ROOT_CLASS = YES_ERROR;
				CLANG_WARN_SUSPICIOUS_MOVE = YES;
				CLANG_WARN_UNREACHABLE_CODE = YES;
				CLANG_WARN__DUPLICATE_METHOD_MATCH = YES;
				"CODE_SIGN_IDENTITY[sdk=iphoneos*]" = "iPhone Developer";
				COPY_PHASE_STRIP = NO;
				CURRENT_PROJECT_VERSION = 1;
				DEBUG_INFORMATION_FORMAT = "dwarf-with-dsym";
				ENABLE_NS_ASSERTIONS = NO;
				ENABLE_STRICT_OBJC_MSGSEND = YES;
				GCC_C_LANGUAGE_STANDARD = gnu99;
				GCC_NO_COMMON_BLOCKS = YES;
				GCC_WARN_64_TO_32_BIT_CONVERSION = YES;
				GCC_WARN_ABOUT_RETURN_TYPE = YES_ERROR;
				GCC_WARN_UNDECLARED_SELECTOR = YES;
				GCC_WARN_UNINITIALIZED_AUTOS = YES_AGGRESSIVE;
				GCC_WARN_UNUSED_FUNCTION = YES;
				GCC_WARN_UNUSED_VARIABLE = YES;
				IPHONEOS_DEPLOYMENT_TARGET = 9.0;
				MTL_ENABLE_DEBUG_INFO = NO;
				SDKROOT = iphoneos;
				TARGETED_DEVICE_FAMILY = "1,2";
				VALIDATE_PRODUCT = YES;
				VERSIONING_SYSTEM = "apple-generic";
				VERSION_INFO_PREFIX = "";
			};
			name = Release;
		};
		485009F81E2FF23C009B6610 /* Debug */ = {
			isa = XCBuildConfiguration;
			buildSettings = {
				ALWAYS_EMBED_SWIFT_STANDARD_LIBRARIES = YES;
				CLANG_ENABLE_MODULES = YES;
				CLANG_WARN_DOCUMENTATION_COMMENTS = NO;
				CODE_SIGN_IDENTITY = "";
				DEFINES_MODULE = YES;
				DYLIB_COMPATIBILITY_VERSION = 1;
				DYLIB_CURRENT_VERSION = 1;
				DYLIB_INSTALL_NAME_BASE = "@rpath";
				ENABLE_BITCODE = NO;
				FRAMEWORK_SEARCH_PATHS = "";
				HEADER_SEARCH_PATHS = (
					"$(inherited)",
					"$(SRCROOT)/ElectrodeApiImpl/Libraries/ReactNative/**",
				);
				INFOPLIST_FILE = ElectrodeApiImpl/Info.plist;
				INSTALL_PATH = "$(LOCAL_LIBRARY_DIR)/Frameworks";
				IPHONEOS_DEPLOYMENT_TARGET = 9.0;
				LIBRARY_SEARCH_PATHS = (
					"$(inherited)",
					"$(SRCROOT)/ElectrodeApiImpl/Libraries/ReactNative/**",
					"$(SRCROOT)/ElectrodeApiImpl/Libraries/CodePush/**",
				);
				LD_RUNPATH_SEARCH_PATHS = "$(inherited) @executable_path/Frameworks @loader_path/Frameworks";
				OTHER_LDFLAGS = (
					"-ObjC",
					"-lc++",
					"-lz",
				);
				PRODUCT_BUNDLE_IDENTIFIER = com.walmart.electronics.ElectrodeApiImpl;
				PRODUCT_NAME = "$(TARGET_NAME)";
				SKIP_INSTALL = YES;
				SWIFT_ACTIVE_COMPILATION_CONDITIONS = DEBUG;
				SWIFT_OPTIMIZATION_LEVEL = "-Onone";
				SWIFT_VERSION = 3.0;
			};
			name = Debug;
		};
		485009F91E2FF23C009B6610 /* Release */ = {
			ALWAYS_EMBED_SWIFT_STANDARD_LIBRARIES = YES;
			CLANG_ENABLE_MODULES = YES;
			CLANG_WARN_DOCUMENTATION_COMMENTS = NO;
			isa = XCBuildConfiguration;
			buildSettings = {
				CODE_SIGN_IDENTITY = "";
				DEFINES_MODULE = YES;
				DYLIB_COMPATIBILITY_VERSION = 1;
				DYLIB_CURRENT_VERSION = 1;
				DYLIB_INSTALL_NAME_BASE = "@rpath";
				ENABLE_BITCODE = NO;
				FRAMEWORK_SEARCH_PATHS = "";
				HEADER_SEARCH_PATHS = (
					"$(inherited)",
					"$(SRCROOT)/ElectrodeApiImpl/Libraries/ReactNative/**",
					"$(SRCROOT)/ElectrodeApiImpl/Libraries/CodePush/**",
				);
				INFOPLIST_FILE = ElectrodeApiImpl/Info.plist;
				INSTALL_PATH = "$(LOCAL_LIBRARY_DIR)/Frameworks";
				IPHONEOS_DEPLOYMENT_TARGET = 9.0;
				LIBRARY_SEARCH_PATHS = (
					"$(inherited)",
					"$(SRCROOT)/ElectrodeApiImpl/Libraries/ReactNative/**",
					"$(SRCROOT)/ElectrodeApiImpl/Libraries/CodePush/**",
				);
				LD_RUNPATH_SEARCH_PATHS = "$(inherited) @executable_path/Frameworks @loader_path/Frameworks";
				OTHER_LDFLAGS = (
					"-ObjC",
					"-lc++",
					"-lz",
				);
				PRODUCT_BUNDLE_IDENTIFIER = com.walmart.electronics.ElectrodeApiImpl;
				PRODUCT_NAME = "$(TARGET_NAME)";
				SKIP_INSTALL = YES;
				SWIFT_VERSION = 3.0;
			};
			name = Release;
		};
		485009FB1E2FF23C009B6610 /* Debug */ = {
			isa = XCBuildConfiguration;
			buildSettings = {
				INFOPLIST_FILE = ElectrodeApiImplTests/Info.plist;
				LIBRARY_SEARCH_PATHS = (
					"$(inherited)",
					"$(SRCROOT)/ElectrodeApiImpl/Libraries/ReactNative/**",
					"$(SRCROOT)/ElectrodeApiImpl/Libraries/CodePush/**",
				);
				LD_RUNPATH_SEARCH_PATHS = "$(inherited) @executable_path/Frameworks @loader_path/Frameworks";
				PRODUCT_BUNDLE_IDENTIFIER = com.walmart.electronics.ElectrodeApiImplTests;
				PRODUCT_NAME = "$(TARGET_NAME)";
				TEST_HOST = "";
			};
			name = Debug;
		};
		485009FC1E2FF23C009B6610 /* Release */ = {
			isa = XCBuildConfiguration;
			buildSettings = {
				DEVELOPMENT_TEAM = DXZ5VF8836;
				HEADER_SEARCH_PATHS = (
					"$(inherited)",
					"\"$(SRCROOT)/ElectrodeApiImpl/Libraries/CodePush\"",
				);
				INFOPLIST_FILE = ElectrodeApiImplTests/Info.plist;
				LIBRARY_SEARCH_PATHS = (
					"$(inherited)",
					"$(SRCROOT)/ElectrodeApiImpl/Libraries/ReactNative/**",
					"$(SRCROOT)/ElectrodeApiImpl/Libraries/CodePush/**",
				);
				LD_RUNPATH_SEARCH_PATHS = "$(inherited) @executable_path/Frameworks @loader_path/Frameworks";
				PRODUCT_BUNDLE_IDENTIFIER = com.walmart.electronics.ElectrodeApiImplTests;
				PRODUCT_NAME = "$(TARGET_NAME)";
				TEST_HOST = "";
			};
			name = Release;
		};
/* End XCBuildConfiguration section */

/* Begin XCConfigurationList section */
		485009DD1E2FF23B009B6610 /* Build configuration list for PBXProject "ElectrodeApiImpl" */ = {
			isa = XCConfigurationList;
			buildConfigurations = (
				485009F51E2FF23C009B6610 /* Debug */,
				303268E41EA8139700A41A8F /* QADeployment */,
				485009F61E2FF23C009B6610 /* Release */,
			);
			defaultConfigurationIsVisible = 0;
			defaultConfigurationName = Release;
		};
		485009F71E2FF23C009B6610 /* Build configuration list for PBXNativeTarget "ElectrodeApiImpl" */ = {
			isa = XCConfigurationList;
			buildConfigurations = (
				485009F81E2FF23C009B6610 /* Debug */,
				303268E51EA8139700A41A8F /* QADeployment */,
				485009F91E2FF23C009B6610 /* Release */,
			);
			defaultConfigurationIsVisible = 0;
			defaultConfigurationName = Release;
		};
		485009FA1E2FF23C009B6610 /* Build configuration list for PBXNativeTarget "ElectrodeApiImplTests" */ = {
			isa = XCConfigurationList;
			buildConfigurations = (
				485009FB1E2FF23C009B6610 /* Debug */,
				303268E61EA8139700A41A8F /* QADeployment */,
				485009FC1E2FF23C009B6610 /* Release */,
			);
			defaultConfigurationIsVisible = 0;
			defaultConfigurationName = Release;
		};
/* End XCConfigurationList section */
	};
	rootObject = 485009DA1E2FF23B009B6610 /* Project object */;
}
